Microsoft Visual Studio Solution File, Format Version 12.00
# Visual Studio 15
Project("{8BC9CEB8-8B4A-11D0-8D11-00A0C91BC942}") = "ALL_BUILD", "ALL_BUILD.vcxproj", "{9E6C4A7E-49E5-3EBE-B4AB-29BA6BF4D302}"
	ProjectSection(ProjectDependencies) = postProject
		{FA46FD46-B8C1-3978-8E4D-F70172690197} = {FA46FD46-B8C1-3978-8E4D-F70172690197}
		{ECB5B7CE-50A2-35FE-9E76-B3828A526747} = {ECB5B7CE-50A2-35FE-9E76-B3828A526747}
		{EB6F18A4-E62B-3310-8C42-D2438596B41D} = {EB6F18A4-E62B-3310-8C42-D2438596B41D}
		{8037AEDE-6724-31A9-A8EB-73AD6929D801} = {8037AEDE-6724-31A9-A8EB-73AD6929D801}
		{6C0C7CF8-F565-3AC0-94DB-BEE3B279512A} = {6C0C7CF8-F565-3AC0-94DB-BEE3B279512A}
	EndProjectSection
EndProject
Project("{8BC9CEB8-8B4A-11D0-8D11-00A0C91BC942}") = "INSTALL", "INSTALL.vcxproj", "{AE40D7AF-E06E-3575-9865-BAA41C927B33}"
	ProjectSection(ProjectDependencies) = postProject
		{9E6C4A7E-49E5-3EBE-B4AB-29BA6BF4D302} = {9E6C4A7E-49E5-3EBE-B4AB-29BA6BF4D302}
		{FA46FD46-B8C1-3978-8E4D-F70172690197} = {FA46FD46-B8C1-3978-8E4D-F70172690197}
	EndProjectSection
EndProject
Project("{8BC9CEB8-8B4A-11D0-8D11-00A0C91BC942}") = "RUN_TESTS", "RUN_TESTS.vcxproj", "{BFA76D8E-3352-3540-8A21-B5E07698CE84}"
	ProjectSection(ProjectDependencies) = postProject
		{FA46FD46-B8C1-3978-8E4D-F70172690197} = {FA46FD46-B8C1-3978-8E4D-F70172690197}
	EndProjectSection
EndProject
Project("{8BC9CEB8-8B4A-11D0-8D11-00A0C91BC942}") = "ZERO_CHECK", "ZERO_CHECK.vcxproj", "{FA46FD46-B8C1-3978-8E4D-F70172690197}"
	ProjectSection(ProjectDependencies) = postProject
	EndProjectSection
EndProject
Project("{8BC9CEB8-8B4A-11D0-8D11-00A0C91BC942}") = "example", "example.vcxproj", "{ECB5B7CE-50A2-35FE-9E76-B3828A526747}"
	ProjectSection(ProjectDependencies) = postProject
		{FA46FD46-B8C1-3978-8E4D-F70172690197} = {FA46FD46-B8C1-3978-8E4D-F70172690197}
		{8037AEDE-6724-31A9-A8EB-73AD6929D801} = {8037AEDE-6724-31A9-A8EB-73AD6929D801}
	EndProjectSection
EndProject
Project("{8BC9CEB8-8B4A-11D0-8D11-00A0C91BC942}") = "minigzip", "minigzip.vcxproj", "{EB6F18A4-E62B-3310-8C42-D2438596B41D}"
	ProjectSection(ProjectDependencies) = postProject
		{FA46FD46-B8C1-3978-8E4D-F70172690197} = {FA46FD46-B8C1-3978-8E4D-F70172690197}
		{8037AEDE-6724-31A9-A8EB-73AD6929D801} = {8037AEDE-6724-31A9-A8EB-73AD6929D801}
	EndProjectSection
EndProject
Project("{8BC9CEB8-8B4A-11D0-8D11-00A0C91BC942}") = "zlib", "zlib.vcxproj", "{8037AEDE-6724-31A9-A8EB-73AD6929D801}"
	ProjectSection(ProjectDependencies) = postProject
		{FA46FD46-B8C1-3978-8E4D-F70172690197} = {FA46FD46-B8C1-3978-8E4D-F70172690197}
	EndProjectSection
EndProject
Project("{8BC9CEB8-8B4A-11D0-8D11-00A0C91BC942}") = "zlibstatic", "zlibstatic.vcxproj", "{6C0C7CF8-F565-3AC0-94DB-BEE3B279512A}"
	ProjectSection(ProjectDependencies) = postProject
		{FA46FD46-B8C1-3978-8E4D-F70172690197} = {FA46FD46-B8C1-3978-8E4D-F70172690197}
	EndProjectSection
EndProject
Global
	GlobalSection(SolutionConfigurationPlatforms) = preSolution
		Debug|Win32 = Debug|Win32
		Release|Win32 = Release|Win32
		MinSizeRel|Win32 = MinSizeRel|Win32
		RelWithDebInfo|Win32 = RelWithDebInfo|Win32
	EndGlobalSection
	GlobalSection(ProjectConfigurationPlatforms) = postSolution
		{9E6C4A7E-49E5-3EBE-B4AB-29BA6BF4D302}.Debug|Win32.ActiveCfg = Debug|Win32
		{9E6C4A7E-49E5-3EBE-B4AB-29BA6BF4D302}.Debug|Win32.Build.0 = Debug|Win32
		{9E6C4A7E-49E5-3EBE-B4AB-29BA6BF4D302}.Release|Win32.ActiveCfg = Release|Win32
		{9E6C4A7E-49E5-3EBE-B4AB-29BA6BF4D302}.Release|Win32.Build.0 = Release|Win32
		{9E6C4A7E-49E5-3EBE-B4AB-29BA6BF4D302}.MinSizeRel|Win32.ActiveCfg = MinSizeRel|Win32
		{9E6C4A7E-49E5-3EBE-B4AB-29BA6BF4D302}.MinSizeRel|Win32.Build.0 = MinSizeRel|Win32
		{9E6C4A7E-49E5-3EBE-B4AB-29BA6BF4D302}.RelWithDebInfo|Win32.ActiveCfg = RelWithDebInfo|Win32
		{9E6C4A7E-49E5-3EBE-B4AB-29BA6BF4D302}.RelWithDebInfo|Win32.Build.0 = RelWithDebInfo|Win32
		{AE40D7AF-E06E-3575-9865-BAA41C927B33}.Debug|Win32.ActiveCfg = Debug|Win32
		{AE40D7AF-E06E-3575-9865-BAA41C927B33}.Release|Win32.ActiveCfg = Release|Win32
		{AE40D7AF-E06E-3575-9865-BAA41C927B33}.MinSizeRel|Win32.ActiveCfg = MinSizeRel|Win32
		{AE40D7AF-E06E-3575-9865-BAA41C927B33}.RelWithDebInfo|Win32.ActiveCfg = RelWithDebInfo|Win32
		{BFA76D8E-3352-3540-8A21-B5E07698CE84}.Debug|Win32.ActiveCfg = Debug|Win32
		{BFA76D8E-3352-3540-8A21-B5E07698CE84}.Release|Win32.ActiveCfg = Release|Win32
		{BFA76D8E-3352-3540-8A21-B5E07698CE84}.MinSizeRel|Win32.ActiveCfg = MinSizeRel|Win32
		{BFA76D8E-3352-3540-8A21-B5E07698CE84}.RelWithDebInfo|Win32.ActiveCfg = RelWithDebInfo|Win32
		{FA46FD46-B8C1-3978-8E4D-F70172690197}.Debug|Win32.ActiveCfg = Debug|Win32
		{FA46FD46-B8C1-3978-8E4D-F70172690197}.Debug|Win32.Build.0 = Debug|Win32
		{FA46FD46-B8C1-3978-8E4D-F70172690197}.Release|Win32.ActiveCfg = Release|Win32
		{FA46FD46-B8C1-3978-8E4D-F70172690197}.Release|Win32.Build.0 = Release|Win32
		{FA46FD46-B8C1-3978-8E4D-F70172690197}.MinSizeRel|Win32.ActiveCfg = MinSizeRel|Win32
		{FA46FD46-B8C1-3978-8E4D-F70172690197}.MinSizeRel|Win32.Build.0 = MinSizeRel|Win32
		{FA46FD46-B8C1-3978-8E4D-F70172690197}.RelWithDebInfo|Win32.ActiveCfg = RelWithDebInfo|Win32
		{FA46FD46-B8C1-3978-8E4D-F70172690197}.RelWithDebInfo|Win32.Build.0 = RelWithDebInfo|Win32
		{ECB5B7CE-50A2-35FE-9E76-B3828A526747}.Debug|Win32.ActiveCfg = Debug|Win32
		{ECB5B7CE-50A2-35FE-9E76-B3828A526747}.Debug|Win32.Build.0 = Debug|Win32
		{ECB5B7CE-50A2-35FE-9E76-B3828A526747}.Release|Win32.ActiveCfg = Release|Win32
		{ECB5B7CE-50A2-35FE-9E76-B3828A526747}.Release|Win32.Build.0 = Release|Win32
		{ECB5B7CE-50A2-35FE-9E76-B3828A526747}.MinSizeRel|Win32.ActiveCfg = MinSizeRel|Win32
		{ECB5B7CE-50A2-35FE-9E76-B3828A526747}.MinSizeRel|Win32.Build.0 = MinSizeRel|Win32
		{ECB5B7CE-50A2-35FE-9E76-B3828A526747}.RelWithDebInfo|Win32.ActiveCfg = RelWithDebInfo|Win32
		{ECB5B7CE-50A2-35FE-9E76-B3828A526747}.RelWithDebInfo|Win32.Build.0 = RelWithDebInfo|Win32
		{EB6F18A4-E62B-3310-8C42-D2438596B41D}.Debug|Win32.ActiveCfg = Debug|Win32
		{EB6F18A4-E62B-3310-8C42-D2438596B41D}.Debug|Win32.Build.0 = Debug|Win32
		{EB6F18A4-E62B-3310-8C42-D2438596B41D}.Release|Win32.ActiveCfg = Release|Win32
		{EB6F18A4-E62B-3310-8C42-D2438596B41D}.Release|Win32.Build.0 = Release|Win32
		{EB6F18A4-E62B-3310-8C42-D2438596B41D}.MinSizeRel|Win32.ActiveCfg = MinSizeRel|Win32
		{EB6F18A4-E62B-3310-8C42-D2438596B41D}.MinSizeRel|Win32.Build.0 = MinSizeRel|Win32
		{EB6F18A4-E62B-3310-8C42-D2438596B41D}.RelWithDebInfo|Win32.ActiveCfg = RelWithDebInfo|Win32
		{EB6F18A4-E62B-3310-8C42-D2438596B41D}.RelWithDebInfo|Win32.Build.0 = RelWithDebInfo|Win32
		{8037AEDE-6724-31A9-A8EB-73AD6929D801}.Debug|Win32.ActiveCfg = Debug|Win32
		{8037AEDE-6724-31A9-A8EB-73AD6929D801}.Debug|Win32.Build.0 = Debug|Win32
		{8037AEDE-6724-31A9-A8EB-73AD6929D801}.Release|Win32.ActiveCfg = Release|Win32
		{8037AEDE-6724-31A9-A8EB-73AD6929D801}.Release|Win32.Build.0 = Release|Win32
		{8037AEDE-6724-31A9-A8EB-73AD6929D801}.MinSizeRel|Win32.ActiveCfg = MinSizeRel|Win32
		{8037AEDE-6724-31A9-A8EB-73AD6929D801}.MinSizeRel|Win32.Build.0 = MinSizeRel|Win32
		{8037AEDE-6724-31A9-A8EB-73AD6929D801}.RelWithDebInfo|Win32.ActiveCfg = RelWithDebInfo|Win32
		{8037AEDE-6724-31A9-A8EB-73AD6929D801}.RelWithDebInfo|Win32.Build.0 = RelWithDebInfo|Win32
		{6C0C7CF8-F565-3AC0-94DB-BEE3B279512A}.Debug|Win32.ActiveCfg = Debug|Win32
		{6C0C7CF8-F565-3AC0-94DB-BEE3B279512A}.Debug|Win32.Build.0 = Debug|Win32
		{6C0C7CF8-F565-3AC0-94DB-BEE3B279512A}.Release|Win32.ActiveCfg = Release|Win32
		{6C0C7CF8-F565-3AC0-94DB-BEE3B279512A}.Release|Win32.Build.0 = Release|Win32
		{6C0C7CF8-F565-3AC0-94DB-BEE3B279512A}.MinSizeRel|Win32.ActiveCfg = MinSizeRel|Win32
		{6C0C7CF8-F565-3AC0-94DB-BEE3B279512A}.MinSizeRel|Win32.Build.0 = MinSizeRel|Win32
		{6C0C7CF8-F565-3AC0-94DB-BEE3B279512A}.RelWithDebInfo|Win32.ActiveCfg = RelWithDebInfo|Win32
		{6C0C7CF8-F565-3AC0-94DB-BEE3B279512A}.RelWithDebInfo|Win32.Build.0 = RelWithDebInfo|Win32
	EndGlobalSection
	GlobalSection(ExtensibilityGlobals) = postSolution
		SolutionGuid = {DA5A8F0B-0DEF-3A4F-8836-59AFF879D173}
	EndGlobalSection
	GlobalSection(ExtensibilityAddIns) = postSolution
	EndGlobalSection
EndGlobal
