<?xml version="1.0" encoding="UTF-8"?>
<Project ToolsVersion="15.0" xmlns="http://schemas.microsoft.com/developer/msbuild/2003">
  <ItemGroup>
    <CustomBuild Include="C:\Libraries\3rdPartyLibs\freetype-2.9\vc17\CMakeFiles\113531a2ac2a609b8e2b5af6d7a9cf6b\PACKAGE_force.rule">
      <Filter>CMake Rules</Filter>
    </CustomBuild>
  </ItemGroup>
  <ItemGroup>
    <Filter Include="CMake Rules">
      <UniqueIdentifier>{CBC29B25-5E01-399E-BE73-65356F496F87}</UniqueIdentifier>
    </Filter>
  </ItemGroup>
</Project>
