Microsoft Visual Studio Solution File, Format Version 12.00
# Visual Studio 15
Project("{8BC9CEB8-8B4A-11D0-8D11-00A0C91BC942}") = "ALL_BUILD", "ALL_BUILD.vcxproj", "{F1460AF3-8F36-3E65-8426-EDE77AA31AB6}"
	ProjectSection(ProjectDependencies) = postProject
		{806B4D40-6CB6-3D9D-8CE4-C5F2BBF0E06A} = {806B4D40-6CB6-3D9D-8CE4-C5F2BBF0E06A}
		{C1A30059-65FD-3BA5-A0BA-324A0C42B35F} = {C1A30059-65FD-3BA5-A0BA-324A0C42B35F}
		{1468C193-F64D-328D-BEDB-64D5103E97F7} = {1468C193-F64D-328D-BEDB-64D5103E97F7}
		{E5C1F9D0-BE7A-3072-A136-4EF77953F659} = {E5C1F9D0-BE7A-3072-A136-4EF77953F659}
		{AFA0E724-293D-3768-93CB-3084E1928F17} = {AFA0E724-293D-3768-93CB-3084E1928F17}
	EndProjectSection
EndProject
Project("{8BC9CEB8-8B4A-11D0-8D11-00A0C91BC942}") = "INSTALL", "INSTALL.vcxproj", "{108F8A0F-F160-37D5-827D-3FFAB7A4EAF0}"
	ProjectSection(ProjectDependencies) = postProject
		{F1460AF3-8F36-3E65-8426-EDE77AA31AB6} = {F1460AF3-8F36-3E65-8426-EDE77AA31AB6}
		{806B4D40-6CB6-3D9D-8CE4-C5F2BBF0E06A} = {806B4D40-6CB6-3D9D-8CE4-C5F2BBF0E06A}
	EndProjectSection
EndProject
Project("{8BC9CEB8-8B4A-11D0-8D11-00A0C91BC942}") = "RUN_TESTS", "RUN_TESTS.vcxproj", "{9D188297-B3B2-3D0D-B1A5-0041641556E6}"
	ProjectSection(ProjectDependencies) = postProject
		{806B4D40-6CB6-3D9D-8CE4-C5F2BBF0E06A} = {806B4D40-6CB6-3D9D-8CE4-C5F2BBF0E06A}
	EndProjectSection
EndProject
Project("{8BC9CEB8-8B4A-11D0-8D11-00A0C91BC942}") = "ZERO_CHECK", "ZERO_CHECK.vcxproj", "{806B4D40-6CB6-3D9D-8CE4-C5F2BBF0E06A}"
	ProjectSection(ProjectDependencies) = postProject
	EndProjectSection
EndProject
Project("{8BC9CEB8-8B4A-11D0-8D11-00A0C91BC942}") = "example", "example.vcxproj", "{C1A30059-65FD-3BA5-A0BA-324A0C42B35F}"
	ProjectSection(ProjectDependencies) = postProject
		{806B4D40-6CB6-3D9D-8CE4-C5F2BBF0E06A} = {806B4D40-6CB6-3D9D-8CE4-C5F2BBF0E06A}
		{E5C1F9D0-BE7A-3072-A136-4EF77953F659} = {E5C1F9D0-BE7A-3072-A136-4EF77953F659}
	EndProjectSection
EndProject
Project("{8BC9CEB8-8B4A-11D0-8D11-00A0C91BC942}") = "minigzip", "minigzip.vcxproj", "{1468C193-F64D-328D-BEDB-64D5103E97F7}"
	ProjectSection(ProjectDependencies) = postProject
		{806B4D40-6CB6-3D9D-8CE4-C5F2BBF0E06A} = {806B4D40-6CB6-3D9D-8CE4-C5F2BBF0E06A}
		{E5C1F9D0-BE7A-3072-A136-4EF77953F659} = {E5C1F9D0-BE7A-3072-A136-4EF77953F659}
	EndProjectSection
EndProject
Project("{8BC9CEB8-8B4A-11D0-8D11-00A0C91BC942}") = "zlib", "zlib.vcxproj", "{E5C1F9D0-BE7A-3072-A136-4EF77953F659}"
	ProjectSection(ProjectDependencies) = postProject
		{806B4D40-6CB6-3D9D-8CE4-C5F2BBF0E06A} = {806B4D40-6CB6-3D9D-8CE4-C5F2BBF0E06A}
	EndProjectSection
EndProject
Project("{8BC9CEB8-8B4A-11D0-8D11-00A0C91BC942}") = "zlibstatic", "zlibstatic.vcxproj", "{AFA0E724-293D-3768-93CB-3084E1928F17}"
	ProjectSection(ProjectDependencies) = postProject
		{806B4D40-6CB6-3D9D-8CE4-C5F2BBF0E06A} = {806B4D40-6CB6-3D9D-8CE4-C5F2BBF0E06A}
	EndProjectSection
EndProject
Global
	GlobalSection(SolutionConfigurationPlatforms) = preSolution
		Debug|x64 = Debug|x64
		Release|x64 = Release|x64
		MinSizeRel|x64 = MinSizeRel|x64
		RelWithDebInfo|x64 = RelWithDebInfo|x64
	EndGlobalSection
	GlobalSection(ProjectConfigurationPlatforms) = postSolution
		{F1460AF3-8F36-3E65-8426-EDE77AA31AB6}.Debug|x64.ActiveCfg = Debug|x64
		{F1460AF3-8F36-3E65-8426-EDE77AA31AB6}.Debug|x64.Build.0 = Debug|x64
		{F1460AF3-8F36-3E65-8426-EDE77AA31AB6}.Release|x64.ActiveCfg = Release|x64
		{F1460AF3-8F36-3E65-8426-EDE77AA31AB6}.Release|x64.Build.0 = Release|x64
		{F1460AF3-8F36-3E65-8426-EDE77AA31AB6}.MinSizeRel|x64.ActiveCfg = MinSizeRel|x64
		{F1460AF3-8F36-3E65-8426-EDE77AA31AB6}.MinSizeRel|x64.Build.0 = MinSizeRel|x64
		{F1460AF3-8F36-3E65-8426-EDE77AA31AB6}.RelWithDebInfo|x64.ActiveCfg = RelWithDebInfo|x64
		{F1460AF3-8F36-3E65-8426-EDE77AA31AB6}.RelWithDebInfo|x64.Build.0 = RelWithDebInfo|x64
		{108F8A0F-F160-37D5-827D-3FFAB7A4EAF0}.Debug|x64.ActiveCfg = Debug|x64
		{108F8A0F-F160-37D5-827D-3FFAB7A4EAF0}.Release|x64.ActiveCfg = Release|x64
		{108F8A0F-F160-37D5-827D-3FFAB7A4EAF0}.MinSizeRel|x64.ActiveCfg = MinSizeRel|x64
		{108F8A0F-F160-37D5-827D-3FFAB7A4EAF0}.RelWithDebInfo|x64.ActiveCfg = RelWithDebInfo|x64
		{9D188297-B3B2-3D0D-B1A5-0041641556E6}.Debug|x64.ActiveCfg = Debug|x64
		{9D188297-B3B2-3D0D-B1A5-0041641556E6}.Release|x64.ActiveCfg = Release|x64
		{9D188297-B3B2-3D0D-B1A5-0041641556E6}.MinSizeRel|x64.ActiveCfg = MinSizeRel|x64
		{9D188297-B3B2-3D0D-B1A5-0041641556E6}.RelWithDebInfo|x64.ActiveCfg = RelWithDebInfo|x64
		{806B4D40-6CB6-3D9D-8CE4-C5F2BBF0E06A}.Debug|x64.ActiveCfg = Debug|x64
		{806B4D40-6CB6-3D9D-8CE4-C5F2BBF0E06A}.Debug|x64.Build.0 = Debug|x64
		{806B4D40-6CB6-3D9D-8CE4-C5F2BBF0E06A}.Release|x64.ActiveCfg = Release|x64
		{806B4D40-6CB6-3D9D-8CE4-C5F2BBF0E06A}.Release|x64.Build.0 = Release|x64
		{806B4D40-6CB6-3D9D-8CE4-C5F2BBF0E06A}.MinSizeRel|x64.ActiveCfg = MinSizeRel|x64
		{806B4D40-6CB6-3D9D-8CE4-C5F2BBF0E06A}.MinSizeRel|x64.Build.0 = MinSizeRel|x64
		{806B4D40-6CB6-3D9D-8CE4-C5F2BBF0E06A}.RelWithDebInfo|x64.ActiveCfg = RelWithDebInfo|x64
		{806B4D40-6CB6-3D9D-8CE4-C5F2BBF0E06A}.RelWithDebInfo|x64.Build.0 = RelWithDebInfo|x64
		{C1A30059-65FD-3BA5-A0BA-324A0C42B35F}.Debug|x64.ActiveCfg = Debug|x64
		{C1A30059-65FD-3BA5-A0BA-324A0C42B35F}.Debug|x64.Build.0 = Debug|x64
		{C1A30059-65FD-3BA5-A0BA-324A0C42B35F}.Release|x64.ActiveCfg = Release|x64
		{C1A30059-65FD-3BA5-A0BA-324A0C42B35F}.Release|x64.Build.0 = Release|x64
		{C1A30059-65FD-3BA5-A0BA-324A0C42B35F}.MinSizeRel|x64.ActiveCfg = MinSizeRel|x64
		{C1A30059-65FD-3BA5-A0BA-324A0C42B35F}.MinSizeRel|x64.Build.0 = MinSizeRel|x64
		{C1A30059-65FD-3BA5-A0BA-324A0C42B35F}.RelWithDebInfo|x64.ActiveCfg = RelWithDebInfo|x64
		{C1A30059-65FD-3BA5-A0BA-324A0C42B35F}.RelWithDebInfo|x64.Build.0 = RelWithDebInfo|x64
		{1468C193-F64D-328D-BEDB-64D5103E97F7}.Debug|x64.ActiveCfg = Debug|x64
		{1468C193-F64D-328D-BEDB-64D5103E97F7}.Debug|x64.Build.0 = Debug|x64
		{1468C193-F64D-328D-BEDB-64D5103E97F7}.Release|x64.ActiveCfg = Release|x64
		{1468C193-F64D-328D-BEDB-64D5103E97F7}.Release|x64.Build.0 = Release|x64
		{1468C193-F64D-328D-BEDB-64D5103E97F7}.MinSizeRel|x64.ActiveCfg = MinSizeRel|x64
		{1468C193-F64D-328D-BEDB-64D5103E97F7}.MinSizeRel|x64.Build.0 = MinSizeRel|x64
		{1468C193-F64D-328D-BEDB-64D5103E97F7}.RelWithDebInfo|x64.ActiveCfg = RelWithDebInfo|x64
		{1468C193-F64D-328D-BEDB-64D5103E97F7}.RelWithDebInfo|x64.Build.0 = RelWithDebInfo|x64
		{E5C1F9D0-BE7A-3072-A136-4EF77953F659}.Debug|x64.ActiveCfg = Debug|x64
		{E5C1F9D0-BE7A-3072-A136-4EF77953F659}.Debug|x64.Build.0 = Debug|x64
		{E5C1F9D0-BE7A-3072-A136-4EF77953F659}.Release|x64.ActiveCfg = Release|x64
		{E5C1F9D0-BE7A-3072-A136-4EF77953F659}.Release|x64.Build.0 = Release|x64
		{E5C1F9D0-BE7A-3072-A136-4EF77953F659}.MinSizeRel|x64.ActiveCfg = MinSizeRel|x64
		{E5C1F9D0-BE7A-3072-A136-4EF77953F659}.MinSizeRel|x64.Build.0 = MinSizeRel|x64
		{E5C1F9D0-BE7A-3072-A136-4EF77953F659}.RelWithDebInfo|x64.ActiveCfg = RelWithDebInfo|x64
		{E5C1F9D0-BE7A-3072-A136-4EF77953F659}.RelWithDebInfo|x64.Build.0 = RelWithDebInfo|x64
		{AFA0E724-293D-3768-93CB-3084E1928F17}.Debug|x64.ActiveCfg = Debug|x64
		{AFA0E724-293D-3768-93CB-3084E1928F17}.Debug|x64.Build.0 = Debug|x64
		{AFA0E724-293D-3768-93CB-3084E1928F17}.Release|x64.ActiveCfg = Release|x64
		{AFA0E724-293D-3768-93CB-3084E1928F17}.Release|x64.Build.0 = Release|x64
		{AFA0E724-293D-3768-93CB-3084E1928F17}.MinSizeRel|x64.ActiveCfg = MinSizeRel|x64
		{AFA0E724-293D-3768-93CB-3084E1928F17}.MinSizeRel|x64.Build.0 = MinSizeRel|x64
		{AFA0E724-293D-3768-93CB-3084E1928F17}.RelWithDebInfo|x64.ActiveCfg = RelWithDebInfo|x64
		{AFA0E724-293D-3768-93CB-3084E1928F17}.RelWithDebInfo|x64.Build.0 = RelWithDebInfo|x64
	EndGlobalSection
	GlobalSection(ExtensibilityGlobals) = postSolution
		SolutionGuid = {C68D6164-3794-3BBE-97EC-8F605DDAF5D1}
	EndGlobalSection
	GlobalSection(ExtensibilityAddIns) = postSolution
	EndGlobalSection
EndGlobal
