
Microsoft Visual Studio Solution File, Format Version 12.00
# Visual Studio 15
VisualStudioVersion = 15.0.27130.2020
MinimumVisualStudioVersion = 10.0.40219.1
Project("{8BC9CEB8-8B4A-11D0-8D11-00A0C91BC942}") = "adie", "adie\adie.vcxproj", "{BC84ABC0-C824-4F42-BBDC-E49F299073A0}"
EndProject
Project("{8BC9CEB8-8B4A-11D0-8D11-00A0C91BC942}") = "bitmapviewer", "bitmapviewer\bitmapviewer.vcxproj", "{ED3C08B0-ED21-40D4-B5F1-A28ECFFBBCE4}"
EndProject
Project("{8BC9CEB8-8B4A-11D0-8D11-00A0C91BC942}") = "button", "button\button.vcxproj", "{EF33691F-49A2-4048-802E-C78E4658FA64}"
EndProject
Project("{8BC9CEB8-8B4A-11D0-8D11-00A0C91BC942}") = "calculator", "calculator\calculator.vcxproj", "{4BD37ADB-3468-4927-8783-17E49F0BBD2F}"
EndProject
Project("{8BC9CEB8-8B4A-11D0-8D11-00A0C91BC942}") = "chart", "chart\chart.vcxproj", "{735E1C33-5C3F-4FBF-AD55-EB3017626EBF}"
EndProject
Project("{8BC9CEB8-8B4A-11D0-8D11-00A0C91BC942}") = "datatarget", "datatarget\datatarget.vcxproj", "{0B46E1B9-C08A-483F-8DB4-C11EC5C9B38D}"
EndProject
Project("{8BC9CEB8-8B4A-11D0-8D11-00A0C91BC942}") = "dctest", "dctest\dctest.vcxproj", "{FE7FDE22-3A9C-42FD-8CB9-EBE2D28AB4B8}"
EndProject
Project("{8BC9CEB8-8B4A-11D0-8D11-00A0C91BC942}") = "dialog", "dialog\dialog.vcxproj", "{43049912-F21B-4B45-B9C7-372A0371F2E0}"
EndProject
Project("{8BC9CEB8-8B4A-11D0-8D11-00A0C91BC942}") = "dirlist", "dirlist\dirlist.vcxproj", "{D7EEAB60-0836-45AB-B70A-52B496CAA6F2}"
EndProject
Project("{8BC9CEB8-8B4A-11D0-8D11-00A0C91BC942}") = "expression", "expression\expression.vcxproj", "{6950F032-4D3C-4591-8B65-AC5A958259DB}"
EndProject
Project("{8BC9CEB8-8B4A-11D0-8D11-00A0C91BC942}") = "foursplit", "foursplit\foursplit.vcxproj", "{8C342E47-B188-4900-A480-5D48ECFBA91B}"
EndProject
Project("{8BC9CEB8-8B4A-11D0-8D11-00A0C91BC942}") = "fox", "fox\fox.vcxproj", "{C3B9D064-87E9-46C4-B946-B266E6CAEEC3}"
EndProject
Project("{8BC9CEB8-8B4A-11D0-8D11-00A0C91BC942}") = "foxdll", "foxdll\foxdll.vcxproj", "{121073F7-F1A7-4255-8E62-7AE67DDE85EC}"
EndProject
Project("{8BC9CEB8-8B4A-11D0-8D11-00A0C91BC942}") = "gltest", "gltest\gltest.vcxproj", "{3CCD498C-DF4B-4855-9AE3-8CFB51A2A104}"
EndProject
Project("{8BC9CEB8-8B4A-11D0-8D11-00A0C91BC942}") = "glviewer", "glviewer\glviewer.vcxproj", "{1E3D321B-553B-46CF-A1F0-97CFA33D3175}"
EndProject
Project("{8BC9CEB8-8B4A-11D0-8D11-00A0C91BC942}") = "groupbox", "groupbox\groupbox.vcxproj", "{D57C65A7-831A-4ADF-9946-5520A6CE6DEE}"
EndProject
Project("{8BC9CEB8-8B4A-11D0-8D11-00A0C91BC942}") = "header", "header\header.vcxproj", "{D5183F01-7994-4BA6-AA42-0F06D7BB9F4A}"
EndProject
Project("{8BC9CEB8-8B4A-11D0-8D11-00A0C91BC942}") = "hello", "hello\hello.vcxproj", "{D9A54776-8B74-4A29-BD31-FD7C0C5D2553}"
EndProject
Project("{8BC9CEB8-8B4A-11D0-8D11-00A0C91BC942}") = "hello2", "hello2\hello2.vcxproj", "{E0BDA126-202F-4E86-9117-F85C09D72059}"
EndProject
Project("{8BC9CEB8-8B4A-11D0-8D11-00A0C91BC942}") = "iconlist", "iconlist\iconlist.vcxproj", "{5BD204BA-4469-4839-9722-2B3F0A77779C}"
EndProject
Project("{8BC9CEB8-8B4A-11D0-8D11-00A0C91BC942}") = "image", "image\image.vcxproj", "{16F7F81F-E0C8-4351-8D93-F2C4FA00E73A}"
EndProject
Project("{8BC9CEB8-8B4A-11D0-8D11-00A0C91BC942}") = "imageviewer", "imageviewer\imageviewer.vcxproj", "{D4ED77C5-98E2-46A1-972C-03ACF30C35DB}"
EndProject
Project("{8BC9CEB8-8B4A-11D0-8D11-00A0C91BC942}") = "layout", "layout\layout.vcxproj", "{BB4073C9-34DF-4C70-BD6D-EBD6AAD9B4F6}"
EndProject
Project("{8BC9CEB8-8B4A-11D0-8D11-00A0C91BC942}") = "mditest", "mditest\mditest.vcxproj", "{7A5EBC74-7B97-418D-9362-C506F1D42C32}"
EndProject
Project("{8BC9CEB8-8B4A-11D0-8D11-00A0C91BC942}") = "memmap", "memmap\memmap.vcxproj", "{96519BEA-8522-4D3E-BD82-29A5DD426344}"
EndProject
Project("{8BC9CEB8-8B4A-11D0-8D11-00A0C91BC942}") = "minheritance", "minheritance\minheritance.vcxproj", "{34F7C5A1-BE1B-4D1F-B28C-194229966EE6}"
EndProject
Project("{8BC9CEB8-8B4A-11D0-8D11-00A0C91BC942}") = "pathfinder", "pathfinder\pathfinder.vcxproj", "{91429AD1-87BC-4F81-A963-03ED6241DEBA}"
EndProject
Project("{8BC9CEB8-8B4A-11D0-8D11-00A0C91BC942}") = "ratio", "ratio\ratio.vcxproj", "{B206DEC9-5B65-4228-8EDF-567D86164596}"
EndProject
Project("{8BC9CEB8-8B4A-11D0-8D11-00A0C91BC942}") = "reswrap", "reswrap\reswrap.vcxproj", "{34D4F708-14FD-44E8-B466-967FF59F84C4}"
EndProject
Project("{8BC9CEB8-8B4A-11D0-8D11-00A0C91BC942}") = "scribble", "scribble\scribble.vcxproj", "{8FD8E944-C534-4FDA-9951-4BD535702145}"
EndProject
Project("{8BC9CEB8-8B4A-11D0-8D11-00A0C91BC942}") = "shutter", "shutter\shutter.vcxproj", "{3F653F2A-E06A-469C-8652-1D606C443DBF}"
EndProject
Project("{8BC9CEB8-8B4A-11D0-8D11-00A0C91BC942}") = "shutterbug", "shutterbug\shutterbug.vcxproj", "{DCB69C4C-941F-4D98-B18E-518FBED4390C}"
EndProject
Project("{8BC9CEB8-8B4A-11D0-8D11-00A0C91BC942}") = "splitter", "splitter\splitter.vcxproj", "{89EC76EF-F217-4DA2-8113-D30DA6E7D717}"
EndProject
Project("{8BC9CEB8-8B4A-11D0-8D11-00A0C91BC942}") = "switcher", "switcher\switcher.vcxproj", "{08918FC7-8BF6-4400-A2CF-82A75C0C5733}"
EndProject
Project("{8BC9CEB8-8B4A-11D0-8D11-00A0C91BC942}") = "tabbook", "tabbook\tabbook.vcxproj", "{7B7B6915-08F5-4981-9C0E-FDEED642DA08}"
EndProject
Project("{8BC9CEB8-8B4A-11D0-8D11-00A0C91BC942}") = "table", "table\table.vcxproj", "{3F8EECA4-7D0D-4A4E-929D-41438259BB85}"
EndProject
Project("{8BC9CEB8-8B4A-11D0-8D11-00A0C91BC942}") = "wizard", "wizard\wizard.vcxproj", "{89A61B76-1E9F-4C47-81C0-1E629C526475}"
EndProject
Global
	GlobalSection(SolutionConfigurationPlatforms) = preSolution
		Debug|x64 = Debug|x64
		Debug|x86 = Debug|x86
		Release|x64 = Release|x64
		Release|x86 = Release|x86
		Template|x64 = Template|x64
		Template|x86 = Template|x86
	EndGlobalSection
	GlobalSection(ProjectConfigurationPlatforms) = postSolution
		{BC84ABC0-C824-4F42-BBDC-E49F299073A0}.Debug|x64.ActiveCfg = Debug|x64
		{BC84ABC0-C824-4F42-BBDC-E49F299073A0}.Debug|x86.ActiveCfg = Debug|Win32
		{BC84ABC0-C824-4F42-BBDC-E49F299073A0}.Debug|x86.Build.0 = Debug|Win32
		{BC84ABC0-C824-4F42-BBDC-E49F299073A0}.Release|x64.ActiveCfg = Release|x64
		{BC84ABC0-C824-4F42-BBDC-E49F299073A0}.Release|x86.ActiveCfg = Release|Win32
		{BC84ABC0-C824-4F42-BBDC-E49F299073A0}.Release|x86.Build.0 = Release|Win32
		{BC84ABC0-C824-4F42-BBDC-E49F299073A0}.Template|x64.ActiveCfg = Release|x64
		{BC84ABC0-C824-4F42-BBDC-E49F299073A0}.Template|x64.Build.0 = Release|x64
		{BC84ABC0-C824-4F42-BBDC-E49F299073A0}.Template|x86.ActiveCfg = Release|Win32
		{BC84ABC0-C824-4F42-BBDC-E49F299073A0}.Template|x86.Build.0 = Release|Win32
		{ED3C08B0-ED21-40D4-B5F1-A28ECFFBBCE4}.Debug|x64.ActiveCfg = Debug|x64
		{ED3C08B0-ED21-40D4-B5F1-A28ECFFBBCE4}.Debug|x86.ActiveCfg = Debug|Win32
		{ED3C08B0-ED21-40D4-B5F1-A28ECFFBBCE4}.Debug|x86.Build.0 = Debug|Win32
		{ED3C08B0-ED21-40D4-B5F1-A28ECFFBBCE4}.Release|x64.ActiveCfg = Release|x64
		{ED3C08B0-ED21-40D4-B5F1-A28ECFFBBCE4}.Release|x86.ActiveCfg = Release|Win32
		{ED3C08B0-ED21-40D4-B5F1-A28ECFFBBCE4}.Release|x86.Build.0 = Release|Win32
		{ED3C08B0-ED21-40D4-B5F1-A28ECFFBBCE4}.Template|x64.ActiveCfg = Template|x64
		{ED3C08B0-ED21-40D4-B5F1-A28ECFFBBCE4}.Template|x64.Build.0 = Template|x64
		{ED3C08B0-ED21-40D4-B5F1-A28ECFFBBCE4}.Template|x86.ActiveCfg = Template|Win32
		{ED3C08B0-ED21-40D4-B5F1-A28ECFFBBCE4}.Template|x86.Build.0 = Template|Win32
		{EF33691F-49A2-4048-802E-C78E4658FA64}.Debug|x64.ActiveCfg = Debug|x64
		{EF33691F-49A2-4048-802E-C78E4658FA64}.Debug|x86.ActiveCfg = Debug|Win32
		{EF33691F-49A2-4048-802E-C78E4658FA64}.Debug|x86.Build.0 = Debug|Win32
		{EF33691F-49A2-4048-802E-C78E4658FA64}.Release|x64.ActiveCfg = Release|x64
		{EF33691F-49A2-4048-802E-C78E4658FA64}.Release|x86.ActiveCfg = Release|Win32
		{EF33691F-49A2-4048-802E-C78E4658FA64}.Release|x86.Build.0 = Release|Win32
		{EF33691F-49A2-4048-802E-C78E4658FA64}.Template|x64.ActiveCfg = Template|x64
		{EF33691F-49A2-4048-802E-C78E4658FA64}.Template|x64.Build.0 = Template|x64
		{EF33691F-49A2-4048-802E-C78E4658FA64}.Template|x86.ActiveCfg = Template|Win32
		{EF33691F-49A2-4048-802E-C78E4658FA64}.Template|x86.Build.0 = Template|Win32
		{4BD37ADB-3468-4927-8783-17E49F0BBD2F}.Debug|x64.ActiveCfg = Debug|x64
		{4BD37ADB-3468-4927-8783-17E49F0BBD2F}.Debug|x86.ActiveCfg = Debug|Win32
		{4BD37ADB-3468-4927-8783-17E49F0BBD2F}.Debug|x86.Build.0 = Debug|Win32
		{4BD37ADB-3468-4927-8783-17E49F0BBD2F}.Release|x64.ActiveCfg = Release|x64
		{4BD37ADB-3468-4927-8783-17E49F0BBD2F}.Release|x86.ActiveCfg = Release|Win32
		{4BD37ADB-3468-4927-8783-17E49F0BBD2F}.Release|x86.Build.0 = Release|Win32
		{4BD37ADB-3468-4927-8783-17E49F0BBD2F}.Template|x64.ActiveCfg = Template|x64
		{4BD37ADB-3468-4927-8783-17E49F0BBD2F}.Template|x64.Build.0 = Template|x64
		{4BD37ADB-3468-4927-8783-17E49F0BBD2F}.Template|x86.ActiveCfg = Template|Win32
		{4BD37ADB-3468-4927-8783-17E49F0BBD2F}.Template|x86.Build.0 = Template|Win32
		{735E1C33-5C3F-4FBF-AD55-EB3017626EBF}.Debug|x64.ActiveCfg = Debug|x64
		{735E1C33-5C3F-4FBF-AD55-EB3017626EBF}.Debug|x86.ActiveCfg = Debug|Win32
		{735E1C33-5C3F-4FBF-AD55-EB3017626EBF}.Debug|x86.Build.0 = Debug|Win32
		{735E1C33-5C3F-4FBF-AD55-EB3017626EBF}.Release|x64.ActiveCfg = Release|x64
		{735E1C33-5C3F-4FBF-AD55-EB3017626EBF}.Release|x86.ActiveCfg = Release|Win32
		{735E1C33-5C3F-4FBF-AD55-EB3017626EBF}.Release|x86.Build.0 = Release|Win32
		{735E1C33-5C3F-4FBF-AD55-EB3017626EBF}.Template|x64.ActiveCfg = Template|x64
		{735E1C33-5C3F-4FBF-AD55-EB3017626EBF}.Template|x64.Build.0 = Template|x64
		{735E1C33-5C3F-4FBF-AD55-EB3017626EBF}.Template|x86.ActiveCfg = Template|Win32
		{735E1C33-5C3F-4FBF-AD55-EB3017626EBF}.Template|x86.Build.0 = Template|Win32
		{0B46E1B9-C08A-483F-8DB4-C11EC5C9B38D}.Debug|x64.ActiveCfg = Debug|x64
		{0B46E1B9-C08A-483F-8DB4-C11EC5C9B38D}.Debug|x86.ActiveCfg = Debug|Win32
		{0B46E1B9-C08A-483F-8DB4-C11EC5C9B38D}.Debug|x86.Build.0 = Debug|Win32
		{0B46E1B9-C08A-483F-8DB4-C11EC5C9B38D}.Release|x64.ActiveCfg = Release|x64
		{0B46E1B9-C08A-483F-8DB4-C11EC5C9B38D}.Release|x86.ActiveCfg = Release|Win32
		{0B46E1B9-C08A-483F-8DB4-C11EC5C9B38D}.Release|x86.Build.0 = Release|Win32
		{0B46E1B9-C08A-483F-8DB4-C11EC5C9B38D}.Template|x64.ActiveCfg = Template|x64
		{0B46E1B9-C08A-483F-8DB4-C11EC5C9B38D}.Template|x64.Build.0 = Template|x64
		{0B46E1B9-C08A-483F-8DB4-C11EC5C9B38D}.Template|x86.ActiveCfg = Template|Win32
		{0B46E1B9-C08A-483F-8DB4-C11EC5C9B38D}.Template|x86.Build.0 = Template|Win32
		{FE7FDE22-3A9C-42FD-8CB9-EBE2D28AB4B8}.Debug|x64.ActiveCfg = Debug|x64
		{FE7FDE22-3A9C-42FD-8CB9-EBE2D28AB4B8}.Debug|x86.ActiveCfg = Debug|Win32
		{FE7FDE22-3A9C-42FD-8CB9-EBE2D28AB4B8}.Debug|x86.Build.0 = Debug|Win32
		{FE7FDE22-3A9C-42FD-8CB9-EBE2D28AB4B8}.Release|x64.ActiveCfg = Release|x64
		{FE7FDE22-3A9C-42FD-8CB9-EBE2D28AB4B8}.Release|x86.ActiveCfg = Release|Win32
		{FE7FDE22-3A9C-42FD-8CB9-EBE2D28AB4B8}.Release|x86.Build.0 = Release|Win32
		{FE7FDE22-3A9C-42FD-8CB9-EBE2D28AB4B8}.Template|x64.ActiveCfg = Template|x64
		{FE7FDE22-3A9C-42FD-8CB9-EBE2D28AB4B8}.Template|x64.Build.0 = Template|x64
		{FE7FDE22-3A9C-42FD-8CB9-EBE2D28AB4B8}.Template|x86.ActiveCfg = Template|Win32
		{FE7FDE22-3A9C-42FD-8CB9-EBE2D28AB4B8}.Template|x86.Build.0 = Template|Win32
		{43049912-F21B-4B45-B9C7-372A0371F2E0}.Debug|x64.ActiveCfg = Debug|x64
		{43049912-F21B-4B45-B9C7-372A0371F2E0}.Debug|x86.ActiveCfg = Debug|Win32
		{43049912-F21B-4B45-B9C7-372A0371F2E0}.Debug|x86.Build.0 = Debug|Win32
		{43049912-F21B-4B45-B9C7-372A0371F2E0}.Release|x64.ActiveCfg = Release|x64
		{43049912-F21B-4B45-B9C7-372A0371F2E0}.Release|x86.ActiveCfg = Release|Win32
		{43049912-F21B-4B45-B9C7-372A0371F2E0}.Release|x86.Build.0 = Release|Win32
		{43049912-F21B-4B45-B9C7-372A0371F2E0}.Template|x64.ActiveCfg = Template|x64
		{43049912-F21B-4B45-B9C7-372A0371F2E0}.Template|x64.Build.0 = Template|x64
		{43049912-F21B-4B45-B9C7-372A0371F2E0}.Template|x86.ActiveCfg = Template|Win32
		{43049912-F21B-4B45-B9C7-372A0371F2E0}.Template|x86.Build.0 = Template|Win32
		{D7EEAB60-0836-45AB-B70A-52B496CAA6F2}.Debug|x64.ActiveCfg = Debug|x64
		{D7EEAB60-0836-45AB-B70A-52B496CAA6F2}.Debug|x86.ActiveCfg = Debug|Win32
		{D7EEAB60-0836-45AB-B70A-52B496CAA6F2}.Debug|x86.Build.0 = Debug|Win32
		{D7EEAB60-0836-45AB-B70A-52B496CAA6F2}.Release|x64.ActiveCfg = Release|x64
		{D7EEAB60-0836-45AB-B70A-52B496CAA6F2}.Release|x86.ActiveCfg = Release|Win32
		{D7EEAB60-0836-45AB-B70A-52B496CAA6F2}.Release|x86.Build.0 = Release|Win32
		{D7EEAB60-0836-45AB-B70A-52B496CAA6F2}.Template|x64.ActiveCfg = Template|x64
		{D7EEAB60-0836-45AB-B70A-52B496CAA6F2}.Template|x64.Build.0 = Template|x64
		{D7EEAB60-0836-45AB-B70A-52B496CAA6F2}.Template|x86.ActiveCfg = Template|Win32
		{D7EEAB60-0836-45AB-B70A-52B496CAA6F2}.Template|x86.Build.0 = Template|Win32
		{6950F032-4D3C-4591-8B65-AC5A958259DB}.Debug|x64.ActiveCfg = Debug|x64
		{6950F032-4D3C-4591-8B65-AC5A958259DB}.Debug|x86.ActiveCfg = Debug|Win32
		{6950F032-4D3C-4591-8B65-AC5A958259DB}.Debug|x86.Build.0 = Debug|Win32
		{6950F032-4D3C-4591-8B65-AC5A958259DB}.Release|x64.ActiveCfg = Release|x64
		{6950F032-4D3C-4591-8B65-AC5A958259DB}.Release|x86.ActiveCfg = Release|Win32
		{6950F032-4D3C-4591-8B65-AC5A958259DB}.Release|x86.Build.0 = Release|Win32
		{6950F032-4D3C-4591-8B65-AC5A958259DB}.Template|x64.ActiveCfg = Template|x64
		{6950F032-4D3C-4591-8B65-AC5A958259DB}.Template|x64.Build.0 = Template|x64
		{6950F032-4D3C-4591-8B65-AC5A958259DB}.Template|x86.ActiveCfg = Template|Win32
		{6950F032-4D3C-4591-8B65-AC5A958259DB}.Template|x86.Build.0 = Template|Win32
		{8C342E47-B188-4900-A480-5D48ECFBA91B}.Debug|x64.ActiveCfg = Debug|x64
		{8C342E47-B188-4900-A480-5D48ECFBA91B}.Debug|x86.ActiveCfg = Debug|Win32
		{8C342E47-B188-4900-A480-5D48ECFBA91B}.Debug|x86.Build.0 = Debug|Win32
		{8C342E47-B188-4900-A480-5D48ECFBA91B}.Release|x64.ActiveCfg = Release|x64
		{8C342E47-B188-4900-A480-5D48ECFBA91B}.Release|x86.ActiveCfg = Release|Win32
		{8C342E47-B188-4900-A480-5D48ECFBA91B}.Release|x86.Build.0 = Release|Win32
		{8C342E47-B188-4900-A480-5D48ECFBA91B}.Template|x64.ActiveCfg = Template|x64
		{8C342E47-B188-4900-A480-5D48ECFBA91B}.Template|x64.Build.0 = Template|x64
		{8C342E47-B188-4900-A480-5D48ECFBA91B}.Template|x86.ActiveCfg = Template|Win32
		{8C342E47-B188-4900-A480-5D48ECFBA91B}.Template|x86.Build.0 = Template|Win32
		{C3B9D064-87E9-46C4-B946-B266E6CAEEC3}.Debug|x64.ActiveCfg = Debug|x64
		{C3B9D064-87E9-46C4-B946-B266E6CAEEC3}.Debug|x86.ActiveCfg = Debug|Win32
		{C3B9D064-87E9-46C4-B946-B266E6CAEEC3}.Debug|x86.Build.0 = Debug|Win32
		{C3B9D064-87E9-46C4-B946-B266E6CAEEC3}.Release|x64.ActiveCfg = Release|x64
		{C3B9D064-87E9-46C4-B946-B266E6CAEEC3}.Release|x86.ActiveCfg = Release|Win32
		{C3B9D064-87E9-46C4-B946-B266E6CAEEC3}.Release|x86.Build.0 = Release|Win32
		{C3B9D064-87E9-46C4-B946-B266E6CAEEC3}.Template|x64.ActiveCfg = Template|x64
		{C3B9D064-87E9-46C4-B946-B266E6CAEEC3}.Template|x64.Build.0 = Template|x64
		{C3B9D064-87E9-46C4-B946-B266E6CAEEC3}.Template|x86.ActiveCfg = Template|Win32
		{C3B9D064-87E9-46C4-B946-B266E6CAEEC3}.Template|x86.Build.0 = Template|Win32
		{121073F7-F1A7-4255-8E62-7AE67DDE85EC}.Debug|x64.ActiveCfg = Debug|x64
		{121073F7-F1A7-4255-8E62-7AE67DDE85EC}.Debug|x64.Build.0 = Debug|x64
		{121073F7-F1A7-4255-8E62-7AE67DDE85EC}.Debug|x86.ActiveCfg = Debug|Win32
		{121073F7-F1A7-4255-8E62-7AE67DDE85EC}.Debug|x86.Build.0 = Debug|Win32
		{121073F7-F1A7-4255-8E62-7AE67DDE85EC}.Release|x64.ActiveCfg = Release|x64
		{121073F7-F1A7-4255-8E62-7AE67DDE85EC}.Release|x64.Build.0 = Release|x64
		{121073F7-F1A7-4255-8E62-7AE67DDE85EC}.Release|x86.ActiveCfg = Release|Win32
		{121073F7-F1A7-4255-8E62-7AE67DDE85EC}.Release|x86.Build.0 = Release|Win32
		{121073F7-F1A7-4255-8E62-7AE67DDE85EC}.Template|x64.ActiveCfg = Template|x64
		{121073F7-F1A7-4255-8E62-7AE67DDE85EC}.Template|x64.Build.0 = Template|x64
		{121073F7-F1A7-4255-8E62-7AE67DDE85EC}.Template|x86.ActiveCfg = Template|Win32
		{121073F7-F1A7-4255-8E62-7AE67DDE85EC}.Template|x86.Build.0 = Template|Win32
		{3CCD498C-DF4B-4855-9AE3-8CFB51A2A104}.Debug|x64.ActiveCfg = Debug|x64
		{3CCD498C-DF4B-4855-9AE3-8CFB51A2A104}.Debug|x86.ActiveCfg = Debug|Win32
		{3CCD498C-DF4B-4855-9AE3-8CFB51A2A104}.Debug|x86.Build.0 = Debug|Win32
		{3CCD498C-DF4B-4855-9AE3-8CFB51A2A104}.Release|x64.ActiveCfg = Release|x64
		{3CCD498C-DF4B-4855-9AE3-8CFB51A2A104}.Release|x86.ActiveCfg = Release|Win32
		{3CCD498C-DF4B-4855-9AE3-8CFB51A2A104}.Release|x86.Build.0 = Release|Win32
		{3CCD498C-DF4B-4855-9AE3-8CFB51A2A104}.Template|x64.ActiveCfg = Template|x64
		{3CCD498C-DF4B-4855-9AE3-8CFB51A2A104}.Template|x64.Build.0 = Template|x64
		{3CCD498C-DF4B-4855-9AE3-8CFB51A2A104}.Template|x86.ActiveCfg = Template|Win32
		{3CCD498C-DF4B-4855-9AE3-8CFB51A2A104}.Template|x86.Build.0 = Template|Win32
		{1E3D321B-553B-46CF-A1F0-97CFA33D3175}.Debug|x64.ActiveCfg = Debug|x64
		{1E3D321B-553B-46CF-A1F0-97CFA33D3175}.Debug|x86.ActiveCfg = Debug|Win32
		{1E3D321B-553B-46CF-A1F0-97CFA33D3175}.Debug|x86.Build.0 = Debug|Win32
		{1E3D321B-553B-46CF-A1F0-97CFA33D3175}.Release|x64.ActiveCfg = Release|x64
		{1E3D321B-553B-46CF-A1F0-97CFA33D3175}.Release|x86.ActiveCfg = Release|Win32
		{1E3D321B-553B-46CF-A1F0-97CFA33D3175}.Release|x86.Build.0 = Release|Win32
		{1E3D321B-553B-46CF-A1F0-97CFA33D3175}.Template|x64.ActiveCfg = Template|x64
		{1E3D321B-553B-46CF-A1F0-97CFA33D3175}.Template|x64.Build.0 = Template|x64
		{1E3D321B-553B-46CF-A1F0-97CFA33D3175}.Template|x86.ActiveCfg = Template|Win32
		{1E3D321B-553B-46CF-A1F0-97CFA33D3175}.Template|x86.Build.0 = Template|Win32
		{D57C65A7-831A-4ADF-9946-5520A6CE6DEE}.Debug|x64.ActiveCfg = Debug|x64
		{D57C65A7-831A-4ADF-9946-5520A6CE6DEE}.Debug|x86.ActiveCfg = Debug|Win32
		{D57C65A7-831A-4ADF-9946-5520A6CE6DEE}.Debug|x86.Build.0 = Debug|Win32
		{D57C65A7-831A-4ADF-9946-5520A6CE6DEE}.Release|x64.ActiveCfg = Release|x64
		{D57C65A7-831A-4ADF-9946-5520A6CE6DEE}.Release|x86.ActiveCfg = Release|Win32
		{D57C65A7-831A-4ADF-9946-5520A6CE6DEE}.Release|x86.Build.0 = Release|Win32
		{D57C65A7-831A-4ADF-9946-5520A6CE6DEE}.Template|x64.ActiveCfg = Template|x64
		{D57C65A7-831A-4ADF-9946-5520A6CE6DEE}.Template|x64.Build.0 = Template|x64
		{D57C65A7-831A-4ADF-9946-5520A6CE6DEE}.Template|x86.ActiveCfg = Template|Win32
		{D57C65A7-831A-4ADF-9946-5520A6CE6DEE}.Template|x86.Build.0 = Template|Win32
		{D5183F01-7994-4BA6-AA42-0F06D7BB9F4A}.Debug|x64.ActiveCfg = Debug|x64
		{D5183F01-7994-4BA6-AA42-0F06D7BB9F4A}.Debug|x86.ActiveCfg = Debug|Win32
		{D5183F01-7994-4BA6-AA42-0F06D7BB9F4A}.Debug|x86.Build.0 = Debug|Win32
		{D5183F01-7994-4BA6-AA42-0F06D7BB9F4A}.Release|x64.ActiveCfg = Release|x64
		{D5183F01-7994-4BA6-AA42-0F06D7BB9F4A}.Release|x86.ActiveCfg = Release|Win32
		{D5183F01-7994-4BA6-AA42-0F06D7BB9F4A}.Release|x86.Build.0 = Release|Win32
		{D5183F01-7994-4BA6-AA42-0F06D7BB9F4A}.Template|x64.ActiveCfg = Template|x64
		{D5183F01-7994-4BA6-AA42-0F06D7BB9F4A}.Template|x64.Build.0 = Template|x64
		{D5183F01-7994-4BA6-AA42-0F06D7BB9F4A}.Template|x86.ActiveCfg = Template|Win32
		{D5183F01-7994-4BA6-AA42-0F06D7BB9F4A}.Template|x86.Build.0 = Template|Win32
		{D9A54776-8B74-4A29-BD31-FD7C0C5D2553}.Debug|x64.ActiveCfg = Debug|x64
		{D9A54776-8B74-4A29-BD31-FD7C0C5D2553}.Debug|x86.ActiveCfg = Debug|Win32
		{D9A54776-8B74-4A29-BD31-FD7C0C5D2553}.Debug|x86.Build.0 = Debug|Win32
		{D9A54776-8B74-4A29-BD31-FD7C0C5D2553}.Release|x64.ActiveCfg = Release|x64
		{D9A54776-8B74-4A29-BD31-FD7C0C5D2553}.Release|x86.ActiveCfg = Release|Win32
		{D9A54776-8B74-4A29-BD31-FD7C0C5D2553}.Release|x86.Build.0 = Release|Win32
		{D9A54776-8B74-4A29-BD31-FD7C0C5D2553}.Template|x64.ActiveCfg = Template|x64
		{D9A54776-8B74-4A29-BD31-FD7C0C5D2553}.Template|x64.Build.0 = Template|x64
		{D9A54776-8B74-4A29-BD31-FD7C0C5D2553}.Template|x86.ActiveCfg = Template|Win32
		{D9A54776-8B74-4A29-BD31-FD7C0C5D2553}.Template|x86.Build.0 = Template|Win32
		{E0BDA126-202F-4E86-9117-F85C09D72059}.Debug|x64.ActiveCfg = Debug|x64
		{E0BDA126-202F-4E86-9117-F85C09D72059}.Debug|x86.ActiveCfg = Debug|Win32
		{E0BDA126-202F-4E86-9117-F85C09D72059}.Debug|x86.Build.0 = Debug|Win32
		{E0BDA126-202F-4E86-9117-F85C09D72059}.Release|x64.ActiveCfg = Release|x64
		{E0BDA126-202F-4E86-9117-F85C09D72059}.Release|x86.ActiveCfg = Release|Win32
		{E0BDA126-202F-4E86-9117-F85C09D72059}.Release|x86.Build.0 = Release|Win32
		{E0BDA126-202F-4E86-9117-F85C09D72059}.Template|x64.ActiveCfg = Template|x64
		{E0BDA126-202F-4E86-9117-F85C09D72059}.Template|x64.Build.0 = Template|x64
		{E0BDA126-202F-4E86-9117-F85C09D72059}.Template|x86.ActiveCfg = Template|Win32
		{E0BDA126-202F-4E86-9117-F85C09D72059}.Template|x86.Build.0 = Template|Win32
		{5BD204BA-4469-4839-9722-2B3F0A77779C}.Debug|x64.ActiveCfg = Debug|x64
		{5BD204BA-4469-4839-9722-2B3F0A77779C}.Debug|x86.ActiveCfg = Debug|Win32
		{5BD204BA-4469-4839-9722-2B3F0A77779C}.Debug|x86.Build.0 = Debug|Win32
		{5BD204BA-4469-4839-9722-2B3F0A77779C}.Release|x64.ActiveCfg = Release|x64
		{5BD204BA-4469-4839-9722-2B3F0A77779C}.Release|x86.ActiveCfg = Release|Win32
		{5BD204BA-4469-4839-9722-2B3F0A77779C}.Release|x86.Build.0 = Release|Win32
		{5BD204BA-4469-4839-9722-2B3F0A77779C}.Template|x64.ActiveCfg = Template|x64
		{5BD204BA-4469-4839-9722-2B3F0A77779C}.Template|x64.Build.0 = Template|x64
		{5BD204BA-4469-4839-9722-2B3F0A77779C}.Template|x86.ActiveCfg = Template|Win32
		{5BD204BA-4469-4839-9722-2B3F0A77779C}.Template|x86.Build.0 = Template|Win32
		{16F7F81F-E0C8-4351-8D93-F2C4FA00E73A}.Debug|x64.ActiveCfg = Debug|x64
		{16F7F81F-E0C8-4351-8D93-F2C4FA00E73A}.Debug|x86.ActiveCfg = Debug|Win32
		{16F7F81F-E0C8-4351-8D93-F2C4FA00E73A}.Debug|x86.Build.0 = Debug|Win32
		{16F7F81F-E0C8-4351-8D93-F2C4FA00E73A}.Release|x64.ActiveCfg = Release|x64
		{16F7F81F-E0C8-4351-8D93-F2C4FA00E73A}.Release|x86.ActiveCfg = Release|Win32
		{16F7F81F-E0C8-4351-8D93-F2C4FA00E73A}.Release|x86.Build.0 = Release|Win32
		{16F7F81F-E0C8-4351-8D93-F2C4FA00E73A}.Template|x64.ActiveCfg = Template|x64
		{16F7F81F-E0C8-4351-8D93-F2C4FA00E73A}.Template|x64.Build.0 = Template|x64
		{16F7F81F-E0C8-4351-8D93-F2C4FA00E73A}.Template|x86.ActiveCfg = Template|Win32
		{16F7F81F-E0C8-4351-8D93-F2C4FA00E73A}.Template|x86.Build.0 = Template|Win32
		{D4ED77C5-98E2-46A1-972C-03ACF30C35DB}.Debug|x64.ActiveCfg = Debug|x64
		{D4ED77C5-98E2-46A1-972C-03ACF30C35DB}.Debug|x86.ActiveCfg = Debug|Win32
		{D4ED77C5-98E2-46A1-972C-03ACF30C35DB}.Debug|x86.Build.0 = Debug|Win32
		{D4ED77C5-98E2-46A1-972C-03ACF30C35DB}.Release|x64.ActiveCfg = Release|x64
		{D4ED77C5-98E2-46A1-972C-03ACF30C35DB}.Release|x86.ActiveCfg = Release|Win32
		{D4ED77C5-98E2-46A1-972C-03ACF30C35DB}.Release|x86.Build.0 = Release|Win32
		{D4ED77C5-98E2-46A1-972C-03ACF30C35DB}.Template|x64.ActiveCfg = Template|x64
		{D4ED77C5-98E2-46A1-972C-03ACF30C35DB}.Template|x64.Build.0 = Template|x64
		{D4ED77C5-98E2-46A1-972C-03ACF30C35DB}.Template|x86.ActiveCfg = Template|Win32
		{D4ED77C5-98E2-46A1-972C-03ACF30C35DB}.Template|x86.Build.0 = Template|Win32
		{BB4073C9-34DF-4C70-BD6D-EBD6AAD9B4F6}.Debug|x64.ActiveCfg = Debug|x64
		{BB4073C9-34DF-4C70-BD6D-EBD6AAD9B4F6}.Debug|x86.ActiveCfg = Debug|Win32
		{BB4073C9-34DF-4C70-BD6D-EBD6AAD9B4F6}.Debug|x86.Build.0 = Debug|Win32
		{BB4073C9-34DF-4C70-BD6D-EBD6AAD9B4F6}.Release|x64.ActiveCfg = Release|x64
		{BB4073C9-34DF-4C70-BD6D-EBD6AAD9B4F6}.Release|x86.ActiveCfg = Release|Win32
		{BB4073C9-34DF-4C70-BD6D-EBD6AAD9B4F6}.Release|x86.Build.0 = Release|Win32
		{BB4073C9-34DF-4C70-BD6D-EBD6AAD9B4F6}.Template|x64.ActiveCfg = Template|x64
		{BB4073C9-34DF-4C70-BD6D-EBD6AAD9B4F6}.Template|x64.Build.0 = Template|x64
		{BB4073C9-34DF-4C70-BD6D-EBD6AAD9B4F6}.Template|x86.ActiveCfg = Template|Win32
		{BB4073C9-34DF-4C70-BD6D-EBD6AAD9B4F6}.Template|x86.Build.0 = Template|Win32
		{7A5EBC74-7B97-418D-9362-C506F1D42C32}.Debug|x64.ActiveCfg = Debug|x64
		{7A5EBC74-7B97-418D-9362-C506F1D42C32}.Debug|x86.ActiveCfg = Debug|Win32
		{7A5EBC74-7B97-418D-9362-C506F1D42C32}.Debug|x86.Build.0 = Debug|Win32
		{7A5EBC74-7B97-418D-9362-C506F1D42C32}.Release|x64.ActiveCfg = Release|x64
		{7A5EBC74-7B97-418D-9362-C506F1D42C32}.Release|x86.ActiveCfg = Release|Win32
		{7A5EBC74-7B97-418D-9362-C506F1D42C32}.Release|x86.Build.0 = Release|Win32
		{7A5EBC74-7B97-418D-9362-C506F1D42C32}.Template|x64.ActiveCfg = Template|x64
		{7A5EBC74-7B97-418D-9362-C506F1D42C32}.Template|x64.Build.0 = Template|x64
		{7A5EBC74-7B97-418D-9362-C506F1D42C32}.Template|x86.ActiveCfg = Template|Win32
		{7A5EBC74-7B97-418D-9362-C506F1D42C32}.Template|x86.Build.0 = Template|Win32
		{96519BEA-8522-4D3E-BD82-29A5DD426344}.Debug|x64.ActiveCfg = Debug|x64
		{96519BEA-8522-4D3E-BD82-29A5DD426344}.Debug|x86.ActiveCfg = Debug|Win32
		{96519BEA-8522-4D3E-BD82-29A5DD426344}.Debug|x86.Build.0 = Debug|Win32
		{96519BEA-8522-4D3E-BD82-29A5DD426344}.Release|x64.ActiveCfg = Release|x64
		{96519BEA-8522-4D3E-BD82-29A5DD426344}.Release|x86.ActiveCfg = Release|Win32
		{96519BEA-8522-4D3E-BD82-29A5DD426344}.Release|x86.Build.0 = Release|Win32
		{96519BEA-8522-4D3E-BD82-29A5DD426344}.Template|x64.ActiveCfg = Template|x64
		{96519BEA-8522-4D3E-BD82-29A5DD426344}.Template|x64.Build.0 = Template|x64
		{96519BEA-8522-4D3E-BD82-29A5DD426344}.Template|x86.ActiveCfg = Template|Win32
		{96519BEA-8522-4D3E-BD82-29A5DD426344}.Template|x86.Build.0 = Template|Win32
		{34F7C5A1-BE1B-4D1F-B28C-194229966EE6}.Debug|x64.ActiveCfg = Debug|x64
		{34F7C5A1-BE1B-4D1F-B28C-194229966EE6}.Debug|x86.ActiveCfg = Debug|Win32
		{34F7C5A1-BE1B-4D1F-B28C-194229966EE6}.Debug|x86.Build.0 = Debug|Win32
		{34F7C5A1-BE1B-4D1F-B28C-194229966EE6}.Release|x64.ActiveCfg = Release|x64
		{34F7C5A1-BE1B-4D1F-B28C-194229966EE6}.Release|x86.ActiveCfg = Release|Win32
		{34F7C5A1-BE1B-4D1F-B28C-194229966EE6}.Release|x86.Build.0 = Release|Win32
		{34F7C5A1-BE1B-4D1F-B28C-194229966EE6}.Template|x64.ActiveCfg = Template|x64
		{34F7C5A1-BE1B-4D1F-B28C-194229966EE6}.Template|x64.Build.0 = Template|x64
		{34F7C5A1-BE1B-4D1F-B28C-194229966EE6}.Template|x86.ActiveCfg = Template|Win32
		{34F7C5A1-BE1B-4D1F-B28C-194229966EE6}.Template|x86.Build.0 = Template|Win32
		{91429AD1-87BC-4F81-A963-03ED6241DEBA}.Debug|x64.ActiveCfg = Debug|x64
		{91429AD1-87BC-4F81-A963-03ED6241DEBA}.Debug|x86.ActiveCfg = Debug|Win32
		{91429AD1-87BC-4F81-A963-03ED6241DEBA}.Debug|x86.Build.0 = Debug|Win32
		{91429AD1-87BC-4F81-A963-03ED6241DEBA}.Release|x64.ActiveCfg = Release|x64
		{91429AD1-87BC-4F81-A963-03ED6241DEBA}.Release|x86.ActiveCfg = Release|Win32
		{91429AD1-87BC-4F81-A963-03ED6241DEBA}.Release|x86.Build.0 = Release|Win32
		{91429AD1-87BC-4F81-A963-03ED6241DEBA}.Template|x64.ActiveCfg = Template|x64
		{91429AD1-87BC-4F81-A963-03ED6241DEBA}.Template|x64.Build.0 = Template|x64
		{91429AD1-87BC-4F81-A963-03ED6241DEBA}.Template|x86.ActiveCfg = Template|Win32
		{91429AD1-87BC-4F81-A963-03ED6241DEBA}.Template|x86.Build.0 = Template|Win32
		{B206DEC9-5B65-4228-8EDF-567D86164596}.Debug|x64.ActiveCfg = Debug|x64
		{B206DEC9-5B65-4228-8EDF-567D86164596}.Debug|x86.ActiveCfg = Debug|Win32
		{B206DEC9-5B65-4228-8EDF-567D86164596}.Debug|x86.Build.0 = Debug|Win32
		{B206DEC9-5B65-4228-8EDF-567D86164596}.Release|x64.ActiveCfg = Release|x64
		{B206DEC9-5B65-4228-8EDF-567D86164596}.Release|x86.ActiveCfg = Release|Win32
		{B206DEC9-5B65-4228-8EDF-567D86164596}.Release|x86.Build.0 = Release|Win32
		{B206DEC9-5B65-4228-8EDF-567D86164596}.Template|x64.ActiveCfg = Template|x64
		{B206DEC9-5B65-4228-8EDF-567D86164596}.Template|x64.Build.0 = Template|x64
		{B206DEC9-5B65-4228-8EDF-567D86164596}.Template|x86.ActiveCfg = Template|Win32
		{B206DEC9-5B65-4228-8EDF-567D86164596}.Template|x86.Build.0 = Template|Win32
		{34D4F708-14FD-44E8-B466-967FF59F84C4}.Debug|x64.ActiveCfg = Debug|x64
		{34D4F708-14FD-44E8-B466-967FF59F84C4}.Debug|x86.ActiveCfg = Debug|Win32
		{34D4F708-14FD-44E8-B466-967FF59F84C4}.Debug|x86.Build.0 = Debug|Win32
		{34D4F708-14FD-44E8-B466-967FF59F84C4}.Release|x64.ActiveCfg = Release|x64
		{34D4F708-14FD-44E8-B466-967FF59F84C4}.Release|x86.ActiveCfg = Release|Win32
		{34D4F708-14FD-44E8-B466-967FF59F84C4}.Release|x86.Build.0 = Release|Win32
		{34D4F708-14FD-44E8-B466-967FF59F84C4}.Template|x64.ActiveCfg = Template|x64
		{34D4F708-14FD-44E8-B466-967FF59F84C4}.Template|x64.Build.0 = Template|x64
		{34D4F708-14FD-44E8-B466-967FF59F84C4}.Template|x86.ActiveCfg = Template|Win32
		{34D4F708-14FD-44E8-B466-967FF59F84C4}.Template|x86.Build.0 = Template|Win32
		{8FD8E944-C534-4FDA-9951-4BD535702145}.Debug|x64.ActiveCfg = Debug|x64
		{8FD8E944-C534-4FDA-9951-4BD535702145}.Debug|x86.ActiveCfg = Debug|Win32
		{8FD8E944-C534-4FDA-9951-4BD535702145}.Debug|x86.Build.0 = Debug|Win32
		{8FD8E944-C534-4FDA-9951-4BD535702145}.Release|x64.ActiveCfg = Release|x64
		{8FD8E944-C534-4FDA-9951-4BD535702145}.Release|x86.ActiveCfg = Release|Win32
		{8FD8E944-C534-4FDA-9951-4BD535702145}.Release|x86.Build.0 = Release|Win32
		{8FD8E944-C534-4FDA-9951-4BD535702145}.Template|x64.ActiveCfg = Template|x64
		{8FD8E944-C534-4FDA-9951-4BD535702145}.Template|x64.Build.0 = Template|x64
		{8FD8E944-C534-4FDA-9951-4BD535702145}.Template|x86.ActiveCfg = Template|Win32
		{8FD8E944-C534-4FDA-9951-4BD535702145}.Template|x86.Build.0 = Template|Win32
		{3F653F2A-E06A-469C-8652-1D606C443DBF}.Debug|x64.ActiveCfg = Debug|x64
		{3F653F2A-E06A-469C-8652-1D606C443DBF}.Debug|x86.ActiveCfg = Debug|Win32
		{3F653F2A-E06A-469C-8652-1D606C443DBF}.Debug|x86.Build.0 = Debug|Win32
		{3F653F2A-E06A-469C-8652-1D606C443DBF}.Release|x64.ActiveCfg = Release|x64
		{3F653F2A-E06A-469C-8652-1D606C443DBF}.Release|x86.ActiveCfg = Release|Win32
		{3F653F2A-E06A-469C-8652-1D606C443DBF}.Release|x86.Build.0 = Release|Win32
		{3F653F2A-E06A-469C-8652-1D606C443DBF}.Template|x64.ActiveCfg = Template|x64
		{3F653F2A-E06A-469C-8652-1D606C443DBF}.Template|x64.Build.0 = Template|x64
		{3F653F2A-E06A-469C-8652-1D606C443DBF}.Template|x86.ActiveCfg = Template|Win32
		{3F653F2A-E06A-469C-8652-1D606C443DBF}.Template|x86.Build.0 = Template|Win32
		{DCB69C4C-941F-4D98-B18E-518FBED4390C}.Debug|x64.ActiveCfg = Debug|x64
		{DCB69C4C-941F-4D98-B18E-518FBED4390C}.Debug|x86.ActiveCfg = Debug|Win32
		{DCB69C4C-941F-4D98-B18E-518FBED4390C}.Debug|x86.Build.0 = Debug|Win32
		{DCB69C4C-941F-4D98-B18E-518FBED4390C}.Release|x64.ActiveCfg = Release|x64
		{DCB69C4C-941F-4D98-B18E-518FBED4390C}.Release|x86.ActiveCfg = Release|Win32
		{DCB69C4C-941F-4D98-B18E-518FBED4390C}.Release|x86.Build.0 = Release|Win32
		{DCB69C4C-941F-4D98-B18E-518FBED4390C}.Template|x64.ActiveCfg = Template|x64
		{DCB69C4C-941F-4D98-B18E-518FBED4390C}.Template|x64.Build.0 = Template|x64
		{DCB69C4C-941F-4D98-B18E-518FBED4390C}.Template|x86.ActiveCfg = Template|Win32
		{DCB69C4C-941F-4D98-B18E-518FBED4390C}.Template|x86.Build.0 = Template|Win32
		{89EC76EF-F217-4DA2-8113-D30DA6E7D717}.Debug|x64.ActiveCfg = Debug|x64
		{89EC76EF-F217-4DA2-8113-D30DA6E7D717}.Debug|x86.ActiveCfg = Debug|Win32
		{89EC76EF-F217-4DA2-8113-D30DA6E7D717}.Debug|x86.Build.0 = Debug|Win32
		{89EC76EF-F217-4DA2-8113-D30DA6E7D717}.Release|x64.ActiveCfg = Release|x64
		{89EC76EF-F217-4DA2-8113-D30DA6E7D717}.Release|x86.ActiveCfg = Release|Win32
		{89EC76EF-F217-4DA2-8113-D30DA6E7D717}.Release|x86.Build.0 = Release|Win32
		{89EC76EF-F217-4DA2-8113-D30DA6E7D717}.Template|x64.ActiveCfg = Template|x64
		{89EC76EF-F217-4DA2-8113-D30DA6E7D717}.Template|x64.Build.0 = Template|x64
		{89EC76EF-F217-4DA2-8113-D30DA6E7D717}.Template|x86.ActiveCfg = Template|Win32
		{89EC76EF-F217-4DA2-8113-D30DA6E7D717}.Template|x86.Build.0 = Template|Win32
		{08918FC7-8BF6-4400-A2CF-82A75C0C5733}.Debug|x64.ActiveCfg = Debug|x64
		{08918FC7-8BF6-4400-A2CF-82A75C0C5733}.Debug|x86.ActiveCfg = Debug|Win32
		{08918FC7-8BF6-4400-A2CF-82A75C0C5733}.Debug|x86.Build.0 = Debug|Win32
		{08918FC7-8BF6-4400-A2CF-82A75C0C5733}.Release|x64.ActiveCfg = Release|x64
		{08918FC7-8BF6-4400-A2CF-82A75C0C5733}.Release|x86.ActiveCfg = Release|Win32
		{08918FC7-8BF6-4400-A2CF-82A75C0C5733}.Release|x86.Build.0 = Release|Win32
		{08918FC7-8BF6-4400-A2CF-82A75C0C5733}.Template|x64.ActiveCfg = Template|x64
		{08918FC7-8BF6-4400-A2CF-82A75C0C5733}.Template|x64.Build.0 = Template|x64
		{08918FC7-8BF6-4400-A2CF-82A75C0C5733}.Template|x86.ActiveCfg = Template|Win32
		{08918FC7-8BF6-4400-A2CF-82A75C0C5733}.Template|x86.Build.0 = Template|Win32
		{7B7B6915-08F5-4981-9C0E-FDEED642DA08}.Debug|x64.ActiveCfg = Debug|x64
		{7B7B6915-08F5-4981-9C0E-FDEED642DA08}.Debug|x86.ActiveCfg = Debug|Win32
		{7B7B6915-08F5-4981-9C0E-FDEED642DA08}.Debug|x86.Build.0 = Debug|Win32
		{7B7B6915-08F5-4981-9C0E-FDEED642DA08}.Release|x64.ActiveCfg = Release|x64
		{7B7B6915-08F5-4981-9C0E-FDEED642DA08}.Release|x86.ActiveCfg = Release|Win32
		{7B7B6915-08F5-4981-9C0E-FDEED642DA08}.Release|x86.Build.0 = Release|Win32
		{7B7B6915-08F5-4981-9C0E-FDEED642DA08}.Template|x64.ActiveCfg = Template|x64
		{7B7B6915-08F5-4981-9C0E-FDEED642DA08}.Template|x64.Build.0 = Template|x64
		{7B7B6915-08F5-4981-9C0E-FDEED642DA08}.Template|x86.ActiveCfg = Template|Win32
		{7B7B6915-08F5-4981-9C0E-FDEED642DA08}.Template|x86.Build.0 = Template|Win32
		{3F8EECA4-7D0D-4A4E-929D-41438259BB85}.Debug|x64.ActiveCfg = Debug|x64
		{3F8EECA4-7D0D-4A4E-929D-41438259BB85}.Debug|x86.ActiveCfg = Debug|Win32
		{3F8EECA4-7D0D-4A4E-929D-41438259BB85}.Debug|x86.Build.0 = Debug|Win32
		{3F8EECA4-7D0D-4A4E-929D-41438259BB85}.Release|x64.ActiveCfg = Release|x64
		{3F8EECA4-7D0D-4A4E-929D-41438259BB85}.Release|x86.ActiveCfg = Release|Win32
		{3F8EECA4-7D0D-4A4E-929D-41438259BB85}.Release|x86.Build.0 = Release|Win32
		{3F8EECA4-7D0D-4A4E-929D-41438259BB85}.Template|x64.ActiveCfg = Template|x64
		{3F8EECA4-7D0D-4A4E-929D-41438259BB85}.Template|x64.Build.0 = Template|x64
		{3F8EECA4-7D0D-4A4E-929D-41438259BB85}.Template|x86.ActiveCfg = Template|Win32
		{3F8EECA4-7D0D-4A4E-929D-41438259BB85}.Template|x86.Build.0 = Template|Win32
		{89A61B76-1E9F-4C47-81C0-1E629C526475}.Debug|x64.ActiveCfg = Debug|x64
		{89A61B76-1E9F-4C47-81C0-1E629C526475}.Debug|x86.ActiveCfg = Debug|Win32
		{89A61B76-1E9F-4C47-81C0-1E629C526475}.Debug|x86.Build.0 = Debug|Win32
		{89A61B76-1E9F-4C47-81C0-1E629C526475}.Release|x64.ActiveCfg = Release|x64
		{89A61B76-1E9F-4C47-81C0-1E629C526475}.Release|x86.ActiveCfg = Release|Win32
		{89A61B76-1E9F-4C47-81C0-1E629C526475}.Release|x86.Build.0 = Release|Win32
		{89A61B76-1E9F-4C47-81C0-1E629C526475}.Template|x64.ActiveCfg = Template|x64
		{89A61B76-1E9F-4C47-81C0-1E629C526475}.Template|x64.Build.0 = Template|x64
		{89A61B76-1E9F-4C47-81C0-1E629C526475}.Template|x86.ActiveCfg = Template|Win32
		{89A61B76-1E9F-4C47-81C0-1E629C526475}.Template|x86.Build.0 = Template|Win32
	EndGlobalSection
	GlobalSection(SolutionProperties) = preSolution
		HideSolutionNode = FALSE
	EndGlobalSection
	GlobalSection(ExtensibilityGlobals) = postSolution
		SolutionGuid = {FC43EB9A-E2E7-4CA1-A04B-CDA377C1E1DE}
	EndGlobalSection
EndGlobal
