
Microsoft Visual Studio Solution File, Format Version 12.00
# Visual Studio 14
VisualStudioVersion = 14.0.25420.1
MinimumVisualStudioVersion = 10.0.40219.1
Project("{8BC9CEB8-8B4A-11D0-8D11-00A0C91BC942}") = "adie", "adie\adie.vcxproj", "{B1D3FA35-C277-8AF5-E178-AEB56EC3D983}"
	ProjectSection(ProjectDependencies) = postProject
		{73BF20B8-F0CB-A1F8-04FD-3B1DED5A3449} = {73BF20B8-F0CB-A1F8-04FD-3B1DED5A3449}
		{8D26EE60-E28E-F572-36F2-503D61670FC5} = {8D26EE60-E28E-F572-36F2-503D61670FC5}
	EndProjectSection
EndProject
Project("{8BC9CEB8-8B4A-11D0-8D11-00A0C91BC942}") = "bitmapviewer", "bitmapviewer\bitmapviewer.vcxproj", "{31E19A7C-5F03-C8E3-0C5D-1BA29A8E7F98}"
	ProjectSection(ProjectDependencies) = postProject
		{8D26EE60-E28E-F572-36F2-503D61670FC5} = {8D26EE60-E28E-F572-36F2-503D61670FC5}
	EndProjectSection
EndProject
Project("{8BC9CEB8-8B4A-11D0-8D11-00A0C91BC942}") = "button", "button\button.vcxproj", "{B287F9DE-78AD-6395-B47D-76ED118011DD}"
	ProjectSection(ProjectDependencies) = postProject
		{8D26EE60-E28E-F572-36F2-503D61670FC5} = {8D26EE60-E28E-F572-36F2-503D61670FC5}
	EndProjectSection
EndProject
Project("{8BC9CEB8-8B4A-11D0-8D11-00A0C91BC942}") = "calculator", "calculator\calculator.vcxproj", "{A7A6C2E8-65B0-89A9-DB70-D4EEE2CD0CFF}"
	ProjectSection(ProjectDependencies) = postProject
		{8D26EE60-E28E-F572-36F2-503D61670FC5} = {8D26EE60-E28E-F572-36F2-503D61670FC5}
		{73BF20B8-F0CB-A1F8-04FD-3B1DED5A3449} = {73BF20B8-F0CB-A1F8-04FD-3B1DED5A3449}
	EndProjectSection
EndProject
Project("{8BC9CEB8-8B4A-11D0-8D11-00A0C91BC942}") = "chart", "chart\chart.vcxproj", "{6BBDA650-2268-CEFD-36B5-57002FF676B4}"
	ProjectSection(ProjectDependencies) = postProject
		{8D26EE60-E28E-F572-36F2-503D61670FC5} = {8D26EE60-E28E-F572-36F2-503D61670FC5}
	EndProjectSection
EndProject
Project("{8BC9CEB8-8B4A-11D0-8D11-00A0C91BC942}") = "datatarget", "datatarget\datatarget.vcxproj", "{5428A100-8665-7498-0AD2-876ABB71E3E4}"
	ProjectSection(ProjectDependencies) = postProject
		{8D26EE60-E28E-F572-36F2-503D61670FC5} = {8D26EE60-E28E-F572-36F2-503D61670FC5}
	EndProjectSection
EndProject
Project("{8BC9CEB8-8B4A-11D0-8D11-00A0C91BC942}") = "dctest", "dctest\dctest.vcxproj", "{645C79B5-A8E5-7B8C-A6FC-96AAD9019CC5}"
	ProjectSection(ProjectDependencies) = postProject
		{8D26EE60-E28E-F572-36F2-503D61670FC5} = {8D26EE60-E28E-F572-36F2-503D61670FC5}
	EndProjectSection
EndProject
Project("{8BC9CEB8-8B4A-11D0-8D11-00A0C91BC942}") = "dialog", "dialog\dialog.vcxproj", "{60D15EA9-F115-5EE0-7E89-540874BFD002}"
	ProjectSection(ProjectDependencies) = postProject
		{8D26EE60-E28E-F572-36F2-503D61670FC5} = {8D26EE60-E28E-F572-36F2-503D61670FC5}
	EndProjectSection
EndProject
Project("{8BC9CEB8-8B4A-11D0-8D11-00A0C91BC942}") = "dirlist", "dirlist\dirlist.vcxproj", "{771FAB27-9F06-9BB6-42B3-998CCC304E34}"
	ProjectSection(ProjectDependencies) = postProject
		{8D26EE60-E28E-F572-36F2-503D61670FC5} = {8D26EE60-E28E-F572-36F2-503D61670FC5}
	EndProjectSection
EndProject
Project("{8BC9CEB8-8B4A-11D0-8D11-00A0C91BC942}") = "expression", "expression\expression.vcxproj", "{B7E416FC-D695-E8E6-EE70-C75AD114C1DC}"
	ProjectSection(ProjectDependencies) = postProject
		{8D26EE60-E28E-F572-36F2-503D61670FC5} = {8D26EE60-E28E-F572-36F2-503D61670FC5}
	EndProjectSection
EndProject
Project("{8BC9CEB8-8B4A-11D0-8D11-00A0C91BC942}") = "foursplit", "foursplit\foursplit.vcxproj", "{AE82D6A8-D83E-D144-A970-E214C7D8C524}"
	ProjectSection(ProjectDependencies) = postProject
		{8D26EE60-E28E-F572-36F2-503D61670FC5} = {8D26EE60-E28E-F572-36F2-503D61670FC5}
	EndProjectSection
EndProject
Project("{8BC9CEB8-8B4A-11D0-8D11-00A0C91BC942}") = "fox", "fox\fox.vcxproj", "{8D26EE60-E28E-F572-36F2-503D61670FC5}"
EndProject
Project("{8BC9CEB8-8B4A-11D0-8D11-00A0C91BC942}") = "foxdll", "foxdll\foxdll.vcxproj", "{7972E002-03C7-AA27-F02A-EEA216EA6F97}"
EndProject
Project("{8BC9CEB8-8B4A-11D0-8D11-00A0C91BC942}") = "gltest", "gltest\gltest.vcxproj", "{BABBCFAB-4A14-E059-21B1-4427506751C4}"
	ProjectSection(ProjectDependencies) = postProject
		{8D26EE60-E28E-F572-36F2-503D61670FC5} = {8D26EE60-E28E-F572-36F2-503D61670FC5}
	EndProjectSection
EndProject
Project("{8BC9CEB8-8B4A-11D0-8D11-00A0C91BC942}") = "glviewer", "glviewer\glviewer.vcxproj", "{C2C7CF02-961D-7572-58FA-C49A44A6656F}"
	ProjectSection(ProjectDependencies) = postProject
		{8D26EE60-E28E-F572-36F2-503D61670FC5} = {8D26EE60-E28E-F572-36F2-503D61670FC5}
	EndProjectSection
EndProject
Project("{8BC9CEB8-8B4A-11D0-8D11-00A0C91BC942}") = "groupbox", "groupbox\groupbox.vcxproj", "{4F68DFFA-051B-FDFA-7E6B-7D34CFB29B8E}"
	ProjectSection(ProjectDependencies) = postProject
		{8D26EE60-E28E-F572-36F2-503D61670FC5} = {8D26EE60-E28E-F572-36F2-503D61670FC5}
	EndProjectSection
EndProject
Project("{8BC9CEB8-8B4A-11D0-8D11-00A0C91BC942}") = "header", "header\header.vcxproj", "{8975D42D-361F-2035-276C-EBB5C9CEB84D}"
	ProjectSection(ProjectDependencies) = postProject
		{8D26EE60-E28E-F572-36F2-503D61670FC5} = {8D26EE60-E28E-F572-36F2-503D61670FC5}
	EndProjectSection
EndProject
Project("{8BC9CEB8-8B4A-11D0-8D11-00A0C91BC942}") = "hello", "hello\hello.vcxproj", "{510421F0-3D65-8CCB-BB50-111A8744395C}"
	ProjectSection(ProjectDependencies) = postProject
		{8D26EE60-E28E-F572-36F2-503D61670FC5} = {8D26EE60-E28E-F572-36F2-503D61670FC5}
	EndProjectSection
EndProject
Project("{8BC9CEB8-8B4A-11D0-8D11-00A0C91BC942}") = "hello2", "hello2\hello2.vcxproj", "{A448A64A-8603-AC7A-8D51-07EBDDB80CE2}"
	ProjectSection(ProjectDependencies) = postProject
		{8D26EE60-E28E-F572-36F2-503D61670FC5} = {8D26EE60-E28E-F572-36F2-503D61670FC5}
	EndProjectSection
EndProject
Project("{8BC9CEB8-8B4A-11D0-8D11-00A0C91BC942}") = "iconlist", "iconlist\iconlist.vcxproj", "{0395CB58-C9AB-F8AD-1E95-D54DF9C8B936}"
	ProjectSection(ProjectDependencies) = postProject
		{8D26EE60-E28E-F572-36F2-503D61670FC5} = {8D26EE60-E28E-F572-36F2-503D61670FC5}
	EndProjectSection
EndProject
Project("{8BC9CEB8-8B4A-11D0-8D11-00A0C91BC942}") = "image", "image\image.vcxproj", "{C0A1750E-4381-14F6-D854-19AB4C2E7208}"
	ProjectSection(ProjectDependencies) = postProject
		{8D26EE60-E28E-F572-36F2-503D61670FC5} = {8D26EE60-E28E-F572-36F2-503D61670FC5}
	EndProjectSection
EndProject
Project("{8BC9CEB8-8B4A-11D0-8D11-00A0C91BC942}") = "imageviewer", "imageviewer\imageviewer.vcxproj", "{7B6F8BAF-F12D-E599-3BA5-5B5693686BBC}"
	ProjectSection(ProjectDependencies) = postProject
		{8D26EE60-E28E-F572-36F2-503D61670FC5} = {8D26EE60-E28E-F572-36F2-503D61670FC5}
	EndProjectSection
EndProject
Project("{8BC9CEB8-8B4A-11D0-8D11-00A0C91BC942}") = "layout", "layout\layout.vcxproj", "{065F7979-2076-63BE-69FE-D847956E9E3B}"
	ProjectSection(ProjectDependencies) = postProject
		{8D26EE60-E28E-F572-36F2-503D61670FC5} = {8D26EE60-E28E-F572-36F2-503D61670FC5}
	EndProjectSection
EndProject
Project("{8BC9CEB8-8B4A-11D0-8D11-00A0C91BC942}") = "mditest", "mditest\mditest.vcxproj", "{792417B5-D757-943B-CC06-E59DB1358D82}"
	ProjectSection(ProjectDependencies) = postProject
		{8D26EE60-E28E-F572-36F2-503D61670FC5} = {8D26EE60-E28E-F572-36F2-503D61670FC5}
	EndProjectSection
EndProject
Project("{8BC9CEB8-8B4A-11D0-8D11-00A0C91BC942}") = "memmap", "memmap\memmap.vcxproj", "{0FFA4A9C-B25A-ED17-BE43-B8BBAAF8265D}"
	ProjectSection(ProjectDependencies) = postProject
		{8D26EE60-E28E-F572-36F2-503D61670FC5} = {8D26EE60-E28E-F572-36F2-503D61670FC5}
	EndProjectSection
EndProject
Project("{8BC9CEB8-8B4A-11D0-8D11-00A0C91BC942}") = "minheritance", "minheritance\minheritance.vcxproj", "{FA6842E2-5CCD-8F9C-9934-4EF317A89D7E}"
	ProjectSection(ProjectDependencies) = postProject
		{8D26EE60-E28E-F572-36F2-503D61670FC5} = {8D26EE60-E28E-F572-36F2-503D61670FC5}
	EndProjectSection
EndProject
Project("{8BC9CEB8-8B4A-11D0-8D11-00A0C91BC942}") = "pathfinder", "pathfinder\pathfinder.vcxproj", "{A8FC53E4-4153-0E64-2A10-4AD4FCD55910}"
	ProjectSection(ProjectDependencies) = postProject
		{73BF20B8-F0CB-A1F8-04FD-3B1DED5A3449} = {73BF20B8-F0CB-A1F8-04FD-3B1DED5A3449}
		{8D26EE60-E28E-F572-36F2-503D61670FC5} = {8D26EE60-E28E-F572-36F2-503D61670FC5}
	EndProjectSection
EndProject
Project("{8BC9CEB8-8B4A-11D0-8D11-00A0C91BC942}") = "ratio", "ratio\ratio.vcxproj", "{EF6EFF8D-181F-44E5-7878-9ECC8BE079E3}"
	ProjectSection(ProjectDependencies) = postProject
		{8D26EE60-E28E-F572-36F2-503D61670FC5} = {8D26EE60-E28E-F572-36F2-503D61670FC5}
	EndProjectSection
EndProject
Project("{8BC9CEB8-8B4A-11D0-8D11-00A0C91BC942}") = "reswrap", "reswrap\reswrap.vcxproj", "{73BF20B8-F0CB-A1F8-04FD-3B1DED5A3449}"
	ProjectSection(ProjectDependencies) = postProject
		{8D26EE60-E28E-F572-36F2-503D61670FC5} = {8D26EE60-E28E-F572-36F2-503D61670FC5}
	EndProjectSection
EndProject
Project("{8BC9CEB8-8B4A-11D0-8D11-00A0C91BC942}") = "scribble", "scribble\scribble.vcxproj", "{88A3FA85-ACED-2B4E-C51D-7B6C86025042}"
	ProjectSection(ProjectDependencies) = postProject
		{8D26EE60-E28E-F572-36F2-503D61670FC5} = {8D26EE60-E28E-F572-36F2-503D61670FC5}
	EndProjectSection
EndProject
Project("{8BC9CEB8-8B4A-11D0-8D11-00A0C91BC942}") = "shutter", "shutter\shutter.vcxproj", "{CB232E38-AEC1-3F18-12C9-CFD975A58F69}"
	ProjectSection(ProjectDependencies) = postProject
		{8D26EE60-E28E-F572-36F2-503D61670FC5} = {8D26EE60-E28E-F572-36F2-503D61670FC5}
	EndProjectSection
EndProject
Project("{8BC9CEB8-8B4A-11D0-8D11-00A0C91BC942}") = "shutterbug", "shutterbug\shutterbug.vcxproj", "{4F33BA41-6C0D-5730-21A2-9CF2437B9296}"
	ProjectSection(ProjectDependencies) = postProject
		{8D26EE60-E28E-F572-36F2-503D61670FC5} = {8D26EE60-E28E-F572-36F2-503D61670FC5}
		{73BF20B8-F0CB-A1F8-04FD-3B1DED5A3449} = {73BF20B8-F0CB-A1F8-04FD-3B1DED5A3449}
	EndProjectSection
EndProject
Project("{8BC9CEB8-8B4A-11D0-8D11-00A0C91BC942}") = "splitter", "splitter\splitter.vcxproj", "{DF980922-FF1A-F555-AA39-78BB926F1359}"
	ProjectSection(ProjectDependencies) = postProject
		{8D26EE60-E28E-F572-36F2-503D61670FC5} = {8D26EE60-E28E-F572-36F2-503D61670FC5}
	EndProjectSection
EndProject
Project("{8BC9CEB8-8B4A-11D0-8D11-00A0C91BC942}") = "switcher", "switcher\switcher.vcxproj", "{B52DEE9A-E729-1863-5685-BD44810705F1}"
	ProjectSection(ProjectDependencies) = postProject
		{8D26EE60-E28E-F572-36F2-503D61670FC5} = {8D26EE60-E28E-F572-36F2-503D61670FC5}
	EndProjectSection
EndProject
Project("{8BC9CEB8-8B4A-11D0-8D11-00A0C91BC942}") = "tabbook", "tabbook\tabbook.vcxproj", "{D03F7C06-CD42-AD55-26D9-855FA2DD4A44}"
	ProjectSection(ProjectDependencies) = postProject
		{8D26EE60-E28E-F572-36F2-503D61670FC5} = {8D26EE60-E28E-F572-36F2-503D61670FC5}
	EndProjectSection
EndProject
Project("{8BC9CEB8-8B4A-11D0-8D11-00A0C91BC942}") = "table", "table\table.vcxproj", "{61F62440-9F48-181D-3CBF-621135830505}"
	ProjectSection(ProjectDependencies) = postProject
		{8D26EE60-E28E-F572-36F2-503D61670FC5} = {8D26EE60-E28E-F572-36F2-503D61670FC5}
	EndProjectSection
EndProject
Project("{8BC9CEB8-8B4A-11D0-8D11-00A0C91BC942}") = "wizard", "wizard\wizard.vcxproj", "{1DD83831-6D7D-3652-AED1-C0EA72423FE0}"
	ProjectSection(ProjectDependencies) = postProject
		{8D26EE60-E28E-F572-36F2-503D61670FC5} = {8D26EE60-E28E-F572-36F2-503D61670FC5}
	EndProjectSection
EndProject
Global
	GlobalSection(SolutionConfigurationPlatforms) = preSolution
		Debug|Win32 = Debug|Win32
		Debug|x64 = Debug|x64
		Release|Win32 = Release|Win32
		Release|x64 = Release|x64
		Template|Win32 = Template|Win32
		Template|x64 = Template|x64
	EndGlobalSection
	GlobalSection(ProjectConfigurationPlatforms) = postSolution
		{B1D3FA35-C277-8AF5-E178-AEB56EC3D983}.Debug|Win32.ActiveCfg = Debug|Win32
		{B1D3FA35-C277-8AF5-E178-AEB56EC3D983}.Debug|x64.ActiveCfg = Debug|x64
		{B1D3FA35-C277-8AF5-E178-AEB56EC3D983}.Debug|x64.Build.0 = Debug|x64
		{B1D3FA35-C277-8AF5-E178-AEB56EC3D983}.Release|Win32.ActiveCfg = Release|Win32
		{B1D3FA35-C277-8AF5-E178-AEB56EC3D983}.Release|x64.ActiveCfg = Release|x64
		{B1D3FA35-C277-8AF5-E178-AEB56EC3D983}.Release|x64.Build.0 = Release|x64
		{B1D3FA35-C277-8AF5-E178-AEB56EC3D983}.Template|Win32.ActiveCfg = Release|Win32
		{B1D3FA35-C277-8AF5-E178-AEB56EC3D983}.Template|Win32.Build.0 = Release|Win32
		{B1D3FA35-C277-8AF5-E178-AEB56EC3D983}.Template|x64.ActiveCfg = Release|x64
		{B1D3FA35-C277-8AF5-E178-AEB56EC3D983}.Template|x64.Build.0 = Release|x64
		{31E19A7C-5F03-C8E3-0C5D-1BA29A8E7F98}.Debug|Win32.ActiveCfg = Debug|Win32
		{31E19A7C-5F03-C8E3-0C5D-1BA29A8E7F98}.Debug|x64.ActiveCfg = Debug|x64
		{31E19A7C-5F03-C8E3-0C5D-1BA29A8E7F98}.Debug|x64.Build.0 = Debug|x64
		{31E19A7C-5F03-C8E3-0C5D-1BA29A8E7F98}.Release|Win32.ActiveCfg = Release|Win32
		{31E19A7C-5F03-C8E3-0C5D-1BA29A8E7F98}.Release|x64.ActiveCfg = Release|x64
		{31E19A7C-5F03-C8E3-0C5D-1BA29A8E7F98}.Release|x64.Build.0 = Release|x64
		{31E19A7C-5F03-C8E3-0C5D-1BA29A8E7F98}.Template|Win32.ActiveCfg = Template|Win32
		{31E19A7C-5F03-C8E3-0C5D-1BA29A8E7F98}.Template|Win32.Build.0 = Template|Win32
		{31E19A7C-5F03-C8E3-0C5D-1BA29A8E7F98}.Template|x64.ActiveCfg = Template|x64
		{31E19A7C-5F03-C8E3-0C5D-1BA29A8E7F98}.Template|x64.Build.0 = Template|x64
		{B287F9DE-78AD-6395-B47D-76ED118011DD}.Debug|Win32.ActiveCfg = Debug|Win32
		{B287F9DE-78AD-6395-B47D-76ED118011DD}.Debug|x64.ActiveCfg = Debug|x64
		{B287F9DE-78AD-6395-B47D-76ED118011DD}.Debug|x64.Build.0 = Debug|x64
		{B287F9DE-78AD-6395-B47D-76ED118011DD}.Release|Win32.ActiveCfg = Release|Win32
		{B287F9DE-78AD-6395-B47D-76ED118011DD}.Release|x64.ActiveCfg = Release|x64
		{B287F9DE-78AD-6395-B47D-76ED118011DD}.Release|x64.Build.0 = Release|x64
		{B287F9DE-78AD-6395-B47D-76ED118011DD}.Template|Win32.ActiveCfg = Template|Win32
		{B287F9DE-78AD-6395-B47D-76ED118011DD}.Template|Win32.Build.0 = Template|Win32
		{B287F9DE-78AD-6395-B47D-76ED118011DD}.Template|x64.ActiveCfg = Template|x64
		{B287F9DE-78AD-6395-B47D-76ED118011DD}.Template|x64.Build.0 = Template|x64
		{A7A6C2E8-65B0-89A9-DB70-D4EEE2CD0CFF}.Debug|Win32.ActiveCfg = Debug|Win32
		{A7A6C2E8-65B0-89A9-DB70-D4EEE2CD0CFF}.Debug|x64.ActiveCfg = Debug|x64
		{A7A6C2E8-65B0-89A9-DB70-D4EEE2CD0CFF}.Debug|x64.Build.0 = Debug|x64
		{A7A6C2E8-65B0-89A9-DB70-D4EEE2CD0CFF}.Release|Win32.ActiveCfg = Release|Win32
		{A7A6C2E8-65B0-89A9-DB70-D4EEE2CD0CFF}.Release|x64.ActiveCfg = Release|x64
		{A7A6C2E8-65B0-89A9-DB70-D4EEE2CD0CFF}.Release|x64.Build.0 = Release|x64
		{A7A6C2E8-65B0-89A9-DB70-D4EEE2CD0CFF}.Template|Win32.ActiveCfg = Template|Win32
		{A7A6C2E8-65B0-89A9-DB70-D4EEE2CD0CFF}.Template|Win32.Build.0 = Template|Win32
		{A7A6C2E8-65B0-89A9-DB70-D4EEE2CD0CFF}.Template|x64.ActiveCfg = Template|x64
		{A7A6C2E8-65B0-89A9-DB70-D4EEE2CD0CFF}.Template|x64.Build.0 = Template|x64
		{6BBDA650-2268-CEFD-36B5-57002FF676B4}.Debug|Win32.ActiveCfg = Debug|Win32
		{6BBDA650-2268-CEFD-36B5-57002FF676B4}.Debug|x64.ActiveCfg = Debug|x64
		{6BBDA650-2268-CEFD-36B5-57002FF676B4}.Debug|x64.Build.0 = Debug|x64
		{6BBDA650-2268-CEFD-36B5-57002FF676B4}.Release|Win32.ActiveCfg = Release|Win32
		{6BBDA650-2268-CEFD-36B5-57002FF676B4}.Release|x64.ActiveCfg = Release|x64
		{6BBDA650-2268-CEFD-36B5-57002FF676B4}.Release|x64.Build.0 = Release|x64
		{6BBDA650-2268-CEFD-36B5-57002FF676B4}.Template|Win32.ActiveCfg = Template|Win32
		{6BBDA650-2268-CEFD-36B5-57002FF676B4}.Template|Win32.Build.0 = Template|Win32
		{6BBDA650-2268-CEFD-36B5-57002FF676B4}.Template|x64.ActiveCfg = Template|x64
		{6BBDA650-2268-CEFD-36B5-57002FF676B4}.Template|x64.Build.0 = Template|x64
		{5428A100-8665-7498-0AD2-876ABB71E3E4}.Debug|Win32.ActiveCfg = Debug|Win32
		{5428A100-8665-7498-0AD2-876ABB71E3E4}.Debug|x64.ActiveCfg = Debug|x64
		{5428A100-8665-7498-0AD2-876ABB71E3E4}.Debug|x64.Build.0 = Debug|x64
		{5428A100-8665-7498-0AD2-876ABB71E3E4}.Release|Win32.ActiveCfg = Release|Win32
		{5428A100-8665-7498-0AD2-876ABB71E3E4}.Release|x64.ActiveCfg = Release|x64
		{5428A100-8665-7498-0AD2-876ABB71E3E4}.Release|x64.Build.0 = Release|x64
		{5428A100-8665-7498-0AD2-876ABB71E3E4}.Template|Win32.ActiveCfg = Template|Win32
		{5428A100-8665-7498-0AD2-876ABB71E3E4}.Template|Win32.Build.0 = Template|Win32
		{5428A100-8665-7498-0AD2-876ABB71E3E4}.Template|x64.ActiveCfg = Template|x64
		{5428A100-8665-7498-0AD2-876ABB71E3E4}.Template|x64.Build.0 = Template|x64
		{645C79B5-A8E5-7B8C-A6FC-96AAD9019CC5}.Debug|Win32.ActiveCfg = Debug|Win32
		{645C79B5-A8E5-7B8C-A6FC-96AAD9019CC5}.Debug|x64.ActiveCfg = Debug|x64
		{645C79B5-A8E5-7B8C-A6FC-96AAD9019CC5}.Debug|x64.Build.0 = Debug|x64
		{645C79B5-A8E5-7B8C-A6FC-96AAD9019CC5}.Release|Win32.ActiveCfg = Release|Win32
		{645C79B5-A8E5-7B8C-A6FC-96AAD9019CC5}.Release|x64.ActiveCfg = Release|x64
		{645C79B5-A8E5-7B8C-A6FC-96AAD9019CC5}.Release|x64.Build.0 = Release|x64
		{645C79B5-A8E5-7B8C-A6FC-96AAD9019CC5}.Template|Win32.ActiveCfg = Template|Win32
		{645C79B5-A8E5-7B8C-A6FC-96AAD9019CC5}.Template|Win32.Build.0 = Template|Win32
		{645C79B5-A8E5-7B8C-A6FC-96AAD9019CC5}.Template|x64.ActiveCfg = Template|x64
		{645C79B5-A8E5-7B8C-A6FC-96AAD9019CC5}.Template|x64.Build.0 = Template|x64
		{60D15EA9-F115-5EE0-7E89-540874BFD002}.Debug|Win32.ActiveCfg = Debug|Win32
		{60D15EA9-F115-5EE0-7E89-540874BFD002}.Debug|x64.ActiveCfg = Debug|x64
		{60D15EA9-F115-5EE0-7E89-540874BFD002}.Debug|x64.Build.0 = Debug|x64
		{60D15EA9-F115-5EE0-7E89-540874BFD002}.Release|Win32.ActiveCfg = Release|Win32
		{60D15EA9-F115-5EE0-7E89-540874BFD002}.Release|x64.ActiveCfg = Release|x64
		{60D15EA9-F115-5EE0-7E89-540874BFD002}.Release|x64.Build.0 = Release|x64
		{60D15EA9-F115-5EE0-7E89-540874BFD002}.Template|Win32.ActiveCfg = Template|Win32
		{60D15EA9-F115-5EE0-7E89-540874BFD002}.Template|Win32.Build.0 = Template|Win32
		{60D15EA9-F115-5EE0-7E89-540874BFD002}.Template|x64.ActiveCfg = Template|x64
		{60D15EA9-F115-5EE0-7E89-540874BFD002}.Template|x64.Build.0 = Template|x64
		{771FAB27-9F06-9BB6-42B3-998CCC304E34}.Debug|Win32.ActiveCfg = Debug|Win32
		{771FAB27-9F06-9BB6-42B3-998CCC304E34}.Debug|x64.ActiveCfg = Debug|x64
		{771FAB27-9F06-9BB6-42B3-998CCC304E34}.Debug|x64.Build.0 = Debug|x64
		{771FAB27-9F06-9BB6-42B3-998CCC304E34}.Release|Win32.ActiveCfg = Release|Win32
		{771FAB27-9F06-9BB6-42B3-998CCC304E34}.Release|x64.ActiveCfg = Release|x64
		{771FAB27-9F06-9BB6-42B3-998CCC304E34}.Release|x64.Build.0 = Release|x64
		{771FAB27-9F06-9BB6-42B3-998CCC304E34}.Template|Win32.ActiveCfg = Template|Win32
		{771FAB27-9F06-9BB6-42B3-998CCC304E34}.Template|Win32.Build.0 = Template|Win32
		{771FAB27-9F06-9BB6-42B3-998CCC304E34}.Template|x64.ActiveCfg = Template|x64
		{771FAB27-9F06-9BB6-42B3-998CCC304E34}.Template|x64.Build.0 = Template|x64
		{B7E416FC-D695-E8E6-EE70-C75AD114C1DC}.Debug|Win32.ActiveCfg = Debug|Win32
		{B7E416FC-D695-E8E6-EE70-C75AD114C1DC}.Debug|x64.ActiveCfg = Debug|x64
		{B7E416FC-D695-E8E6-EE70-C75AD114C1DC}.Debug|x64.Build.0 = Debug|x64
		{B7E416FC-D695-E8E6-EE70-C75AD114C1DC}.Release|Win32.ActiveCfg = Release|Win32
		{B7E416FC-D695-E8E6-EE70-C75AD114C1DC}.Release|x64.ActiveCfg = Release|x64
		{B7E416FC-D695-E8E6-EE70-C75AD114C1DC}.Release|x64.Build.0 = Release|x64
		{B7E416FC-D695-E8E6-EE70-C75AD114C1DC}.Template|Win32.ActiveCfg = Template|Win32
		{B7E416FC-D695-E8E6-EE70-C75AD114C1DC}.Template|Win32.Build.0 = Template|Win32
		{B7E416FC-D695-E8E6-EE70-C75AD114C1DC}.Template|x64.ActiveCfg = Template|x64
		{B7E416FC-D695-E8E6-EE70-C75AD114C1DC}.Template|x64.Build.0 = Template|x64
		{AE82D6A8-D83E-D144-A970-E214C7D8C524}.Debug|Win32.ActiveCfg = Debug|Win32
		{AE82D6A8-D83E-D144-A970-E214C7D8C524}.Debug|x64.ActiveCfg = Debug|x64
		{AE82D6A8-D83E-D144-A970-E214C7D8C524}.Debug|x64.Build.0 = Debug|x64
		{AE82D6A8-D83E-D144-A970-E214C7D8C524}.Release|Win32.ActiveCfg = Release|Win32
		{AE82D6A8-D83E-D144-A970-E214C7D8C524}.Release|x64.ActiveCfg = Release|x64
		{AE82D6A8-D83E-D144-A970-E214C7D8C524}.Release|x64.Build.0 = Release|x64
		{AE82D6A8-D83E-D144-A970-E214C7D8C524}.Template|Win32.ActiveCfg = Template|Win32
		{AE82D6A8-D83E-D144-A970-E214C7D8C524}.Template|Win32.Build.0 = Template|Win32
		{AE82D6A8-D83E-D144-A970-E214C7D8C524}.Template|x64.ActiveCfg = Template|x64
		{AE82D6A8-D83E-D144-A970-E214C7D8C524}.Template|x64.Build.0 = Template|x64
		{8D26EE60-E28E-F572-36F2-503D61670FC5}.Debug|Win32.ActiveCfg = Debug|Win32
		{8D26EE60-E28E-F572-36F2-503D61670FC5}.Debug|x64.ActiveCfg = Debug|x64
		{8D26EE60-E28E-F572-36F2-503D61670FC5}.Debug|x64.Build.0 = Debug|x64
		{8D26EE60-E28E-F572-36F2-503D61670FC5}.Release|Win32.ActiveCfg = Release|Win32
		{8D26EE60-E28E-F572-36F2-503D61670FC5}.Release|x64.ActiveCfg = Release|x64
		{8D26EE60-E28E-F572-36F2-503D61670FC5}.Release|x64.Build.0 = Release|x64
		{8D26EE60-E28E-F572-36F2-503D61670FC5}.Template|Win32.ActiveCfg = Template|Win32
		{8D26EE60-E28E-F572-36F2-503D61670FC5}.Template|Win32.Build.0 = Template|Win32
		{8D26EE60-E28E-F572-36F2-503D61670FC5}.Template|x64.ActiveCfg = Template|x64
		{8D26EE60-E28E-F572-36F2-503D61670FC5}.Template|x64.Build.0 = Template|x64
		{7972E002-03C7-AA27-F02A-EEA216EA6F97}.Debug|Win32.ActiveCfg = Debug|x64
		{7972E002-03C7-AA27-F02A-EEA216EA6F97}.Debug|Win32.Build.0 = Debug|x64
		{7972E002-03C7-AA27-F02A-EEA216EA6F97}.Debug|x64.ActiveCfg = Debug|x64
		{7972E002-03C7-AA27-F02A-EEA216EA6F97}.Debug|x64.Build.0 = Debug|x64
		{7972E002-03C7-AA27-F02A-EEA216EA6F97}.Release|Win32.ActiveCfg = Release|x64
		{7972E002-03C7-AA27-F02A-EEA216EA6F97}.Release|Win32.Build.0 = Release|x64
		{7972E002-03C7-AA27-F02A-EEA216EA6F97}.Release|x64.ActiveCfg = Release|x64
		{7972E002-03C7-AA27-F02A-EEA216EA6F97}.Release|x64.Build.0 = Release|x64
		{7972E002-03C7-AA27-F02A-EEA216EA6F97}.Template|Win32.ActiveCfg = Template|Win32
		{7972E002-03C7-AA27-F02A-EEA216EA6F97}.Template|Win32.Build.0 = Template|Win32
		{7972E002-03C7-AA27-F02A-EEA216EA6F97}.Template|x64.ActiveCfg = Template|x64
		{7972E002-03C7-AA27-F02A-EEA216EA6F97}.Template|x64.Build.0 = Template|x64
		{BABBCFAB-4A14-E059-21B1-4427506751C4}.Debug|Win32.ActiveCfg = Debug|Win32
		{BABBCFAB-4A14-E059-21B1-4427506751C4}.Debug|x64.ActiveCfg = Debug|x64
		{BABBCFAB-4A14-E059-21B1-4427506751C4}.Debug|x64.Build.0 = Debug|x64
		{BABBCFAB-4A14-E059-21B1-4427506751C4}.Release|Win32.ActiveCfg = Release|Win32
		{BABBCFAB-4A14-E059-21B1-4427506751C4}.Release|x64.ActiveCfg = Release|x64
		{BABBCFAB-4A14-E059-21B1-4427506751C4}.Release|x64.Build.0 = Release|x64
		{BABBCFAB-4A14-E059-21B1-4427506751C4}.Template|Win32.ActiveCfg = Template|Win32
		{BABBCFAB-4A14-E059-21B1-4427506751C4}.Template|Win32.Build.0 = Template|Win32
		{BABBCFAB-4A14-E059-21B1-4427506751C4}.Template|x64.ActiveCfg = Template|x64
		{BABBCFAB-4A14-E059-21B1-4427506751C4}.Template|x64.Build.0 = Template|x64
		{C2C7CF02-961D-7572-58FA-C49A44A6656F}.Debug|Win32.ActiveCfg = Debug|Win32
		{C2C7CF02-961D-7572-58FA-C49A44A6656F}.Debug|x64.ActiveCfg = Debug|x64
		{C2C7CF02-961D-7572-58FA-C49A44A6656F}.Debug|x64.Build.0 = Debug|x64
		{C2C7CF02-961D-7572-58FA-C49A44A6656F}.Release|Win32.ActiveCfg = Release|Win32
		{C2C7CF02-961D-7572-58FA-C49A44A6656F}.Release|x64.ActiveCfg = Release|x64
		{C2C7CF02-961D-7572-58FA-C49A44A6656F}.Release|x64.Build.0 = Release|x64
		{C2C7CF02-961D-7572-58FA-C49A44A6656F}.Template|Win32.ActiveCfg = Template|Win32
		{C2C7CF02-961D-7572-58FA-C49A44A6656F}.Template|Win32.Build.0 = Template|Win32
		{C2C7CF02-961D-7572-58FA-C49A44A6656F}.Template|x64.ActiveCfg = Template|x64
		{C2C7CF02-961D-7572-58FA-C49A44A6656F}.Template|x64.Build.0 = Template|x64
		{4F68DFFA-051B-FDFA-7E6B-7D34CFB29B8E}.Debug|Win32.ActiveCfg = Debug|Win32
		{4F68DFFA-051B-FDFA-7E6B-7D34CFB29B8E}.Debug|x64.ActiveCfg = Debug|x64
		{4F68DFFA-051B-FDFA-7E6B-7D34CFB29B8E}.Debug|x64.Build.0 = Debug|x64
		{4F68DFFA-051B-FDFA-7E6B-7D34CFB29B8E}.Release|Win32.ActiveCfg = Release|Win32
		{4F68DFFA-051B-FDFA-7E6B-7D34CFB29B8E}.Release|x64.ActiveCfg = Release|x64
		{4F68DFFA-051B-FDFA-7E6B-7D34CFB29B8E}.Release|x64.Build.0 = Release|x64
		{4F68DFFA-051B-FDFA-7E6B-7D34CFB29B8E}.Template|Win32.ActiveCfg = Template|Win32
		{4F68DFFA-051B-FDFA-7E6B-7D34CFB29B8E}.Template|Win32.Build.0 = Template|Win32
		{4F68DFFA-051B-FDFA-7E6B-7D34CFB29B8E}.Template|x64.ActiveCfg = Template|x64
		{4F68DFFA-051B-FDFA-7E6B-7D34CFB29B8E}.Template|x64.Build.0 = Template|x64
		{8975D42D-361F-2035-276C-EBB5C9CEB84D}.Debug|Win32.ActiveCfg = Debug|Win32
		{8975D42D-361F-2035-276C-EBB5C9CEB84D}.Debug|x64.ActiveCfg = Debug|x64
		{8975D42D-361F-2035-276C-EBB5C9CEB84D}.Debug|x64.Build.0 = Debug|x64
		{8975D42D-361F-2035-276C-EBB5C9CEB84D}.Release|Win32.ActiveCfg = Release|Win32
		{8975D42D-361F-2035-276C-EBB5C9CEB84D}.Release|x64.ActiveCfg = Release|x64
		{8975D42D-361F-2035-276C-EBB5C9CEB84D}.Release|x64.Build.0 = Release|x64
		{8975D42D-361F-2035-276C-EBB5C9CEB84D}.Template|Win32.ActiveCfg = Template|Win32
		{8975D42D-361F-2035-276C-EBB5C9CEB84D}.Template|Win32.Build.0 = Template|Win32
		{8975D42D-361F-2035-276C-EBB5C9CEB84D}.Template|x64.ActiveCfg = Template|x64
		{8975D42D-361F-2035-276C-EBB5C9CEB84D}.Template|x64.Build.0 = Template|x64
		{510421F0-3D65-8CCB-BB50-111A8744395C}.Debug|Win32.ActiveCfg = Debug|Win32
		{510421F0-3D65-8CCB-BB50-111A8744395C}.Debug|x64.ActiveCfg = Debug|x64
		{510421F0-3D65-8CCB-BB50-111A8744395C}.Debug|x64.Build.0 = Debug|x64
		{510421F0-3D65-8CCB-BB50-111A8744395C}.Release|Win32.ActiveCfg = Release|Win32
		{510421F0-3D65-8CCB-BB50-111A8744395C}.Release|x64.ActiveCfg = Release|x64
		{510421F0-3D65-8CCB-BB50-111A8744395C}.Release|x64.Build.0 = Release|x64
		{510421F0-3D65-8CCB-BB50-111A8744395C}.Template|Win32.ActiveCfg = Template|Win32
		{510421F0-3D65-8CCB-BB50-111A8744395C}.Template|Win32.Build.0 = Template|Win32
		{510421F0-3D65-8CCB-BB50-111A8744395C}.Template|x64.ActiveCfg = Template|x64
		{510421F0-3D65-8CCB-BB50-111A8744395C}.Template|x64.Build.0 = Template|x64
		{A448A64A-8603-AC7A-8D51-07EBDDB80CE2}.Debug|Win32.ActiveCfg = Debug|Win32
		{A448A64A-8603-AC7A-8D51-07EBDDB80CE2}.Debug|x64.ActiveCfg = Debug|x64
		{A448A64A-8603-AC7A-8D51-07EBDDB80CE2}.Debug|x64.Build.0 = Debug|x64
		{A448A64A-8603-AC7A-8D51-07EBDDB80CE2}.Release|Win32.ActiveCfg = Release|Win32
		{A448A64A-8603-AC7A-8D51-07EBDDB80CE2}.Release|x64.ActiveCfg = Release|x64
		{A448A64A-8603-AC7A-8D51-07EBDDB80CE2}.Release|x64.Build.0 = Release|x64
		{A448A64A-8603-AC7A-8D51-07EBDDB80CE2}.Template|Win32.ActiveCfg = Template|Win32
		{A448A64A-8603-AC7A-8D51-07EBDDB80CE2}.Template|Win32.Build.0 = Template|Win32
		{A448A64A-8603-AC7A-8D51-07EBDDB80CE2}.Template|x64.ActiveCfg = Template|x64
		{A448A64A-8603-AC7A-8D51-07EBDDB80CE2}.Template|x64.Build.0 = Template|x64
		{0395CB58-C9AB-F8AD-1E95-D54DF9C8B936}.Debug|Win32.ActiveCfg = Debug|Win32
		{0395CB58-C9AB-F8AD-1E95-D54DF9C8B936}.Debug|x64.ActiveCfg = Debug|x64
		{0395CB58-C9AB-F8AD-1E95-D54DF9C8B936}.Debug|x64.Build.0 = Debug|x64
		{0395CB58-C9AB-F8AD-1E95-D54DF9C8B936}.Release|Win32.ActiveCfg = Release|Win32
		{0395CB58-C9AB-F8AD-1E95-D54DF9C8B936}.Release|x64.ActiveCfg = Release|x64
		{0395CB58-C9AB-F8AD-1E95-D54DF9C8B936}.Release|x64.Build.0 = Release|x64
		{0395CB58-C9AB-F8AD-1E95-D54DF9C8B936}.Template|Win32.ActiveCfg = Template|Win32
		{0395CB58-C9AB-F8AD-1E95-D54DF9C8B936}.Template|Win32.Build.0 = Template|Win32
		{0395CB58-C9AB-F8AD-1E95-D54DF9C8B936}.Template|x64.ActiveCfg = Template|x64
		{0395CB58-C9AB-F8AD-1E95-D54DF9C8B936}.Template|x64.Build.0 = Template|x64
		{C0A1750E-4381-14F6-D854-19AB4C2E7208}.Debug|Win32.ActiveCfg = Debug|Win32
		{C0A1750E-4381-14F6-D854-19AB4C2E7208}.Debug|x64.ActiveCfg = Debug|x64
		{C0A1750E-4381-14F6-D854-19AB4C2E7208}.Debug|x64.Build.0 = Debug|x64
		{C0A1750E-4381-14F6-D854-19AB4C2E7208}.Release|Win32.ActiveCfg = Release|Win32
		{C0A1750E-4381-14F6-D854-19AB4C2E7208}.Release|x64.ActiveCfg = Release|x64
		{C0A1750E-4381-14F6-D854-19AB4C2E7208}.Release|x64.Build.0 = Release|x64
		{C0A1750E-4381-14F6-D854-19AB4C2E7208}.Template|Win32.ActiveCfg = Template|Win32
		{C0A1750E-4381-14F6-D854-19AB4C2E7208}.Template|Win32.Build.0 = Template|Win32
		{C0A1750E-4381-14F6-D854-19AB4C2E7208}.Template|x64.ActiveCfg = Template|x64
		{C0A1750E-4381-14F6-D854-19AB4C2E7208}.Template|x64.Build.0 = Template|x64
		{7B6F8BAF-F12D-E599-3BA5-5B5693686BBC}.Debug|Win32.ActiveCfg = Debug|Win32
		{7B6F8BAF-F12D-E599-3BA5-5B5693686BBC}.Debug|x64.ActiveCfg = Debug|x64
		{7B6F8BAF-F12D-E599-3BA5-5B5693686BBC}.Debug|x64.Build.0 = Debug|x64
		{7B6F8BAF-F12D-E599-3BA5-5B5693686BBC}.Release|Win32.ActiveCfg = Release|Win32
		{7B6F8BAF-F12D-E599-3BA5-5B5693686BBC}.Release|x64.ActiveCfg = Release|x64
		{7B6F8BAF-F12D-E599-3BA5-5B5693686BBC}.Release|x64.Build.0 = Release|x64
		{7B6F8BAF-F12D-E599-3BA5-5B5693686BBC}.Template|Win32.ActiveCfg = Template|Win32
		{7B6F8BAF-F12D-E599-3BA5-5B5693686BBC}.Template|Win32.Build.0 = Template|Win32
		{7B6F8BAF-F12D-E599-3BA5-5B5693686BBC}.Template|x64.ActiveCfg = Template|x64
		{7B6F8BAF-F12D-E599-3BA5-5B5693686BBC}.Template|x64.Build.0 = Template|x64
		{065F7979-2076-63BE-69FE-D847956E9E3B}.Debug|Win32.ActiveCfg = Debug|Win32
		{065F7979-2076-63BE-69FE-D847956E9E3B}.Debug|x64.ActiveCfg = Debug|x64
		{065F7979-2076-63BE-69FE-D847956E9E3B}.Debug|x64.Build.0 = Debug|x64
		{065F7979-2076-63BE-69FE-D847956E9E3B}.Release|Win32.ActiveCfg = Release|Win32
		{065F7979-2076-63BE-69FE-D847956E9E3B}.Release|x64.ActiveCfg = Release|x64
		{065F7979-2076-63BE-69FE-D847956E9E3B}.Release|x64.Build.0 = Release|x64
		{065F7979-2076-63BE-69FE-D847956E9E3B}.Template|Win32.ActiveCfg = Template|Win32
		{065F7979-2076-63BE-69FE-D847956E9E3B}.Template|Win32.Build.0 = Template|Win32
		{065F7979-2076-63BE-69FE-D847956E9E3B}.Template|x64.ActiveCfg = Template|x64
		{065F7979-2076-63BE-69FE-D847956E9E3B}.Template|x64.Build.0 = Template|x64
		{792417B5-D757-943B-CC06-E59DB1358D82}.Debug|Win32.ActiveCfg = Debug|Win32
		{792417B5-D757-943B-CC06-E59DB1358D82}.Debug|x64.ActiveCfg = Debug|x64
		{792417B5-D757-943B-CC06-E59DB1358D82}.Debug|x64.Build.0 = Debug|x64
		{792417B5-D757-943B-CC06-E59DB1358D82}.Release|Win32.ActiveCfg = Release|Win32
		{792417B5-D757-943B-CC06-E59DB1358D82}.Release|x64.ActiveCfg = Release|x64
		{792417B5-D757-943B-CC06-E59DB1358D82}.Release|x64.Build.0 = Release|x64
		{792417B5-D757-943B-CC06-E59DB1358D82}.Template|Win32.ActiveCfg = Template|Win32
		{792417B5-D757-943B-CC06-E59DB1358D82}.Template|Win32.Build.0 = Template|Win32
		{792417B5-D757-943B-CC06-E59DB1358D82}.Template|x64.ActiveCfg = Template|x64
		{792417B5-D757-943B-CC06-E59DB1358D82}.Template|x64.Build.0 = Template|x64
		{0FFA4A9C-B25A-ED17-BE43-B8BBAAF8265D}.Debug|Win32.ActiveCfg = Debug|Win32
		{0FFA4A9C-B25A-ED17-BE43-B8BBAAF8265D}.Debug|x64.ActiveCfg = Debug|x64
		{0FFA4A9C-B25A-ED17-BE43-B8BBAAF8265D}.Debug|x64.Build.0 = Debug|x64
		{0FFA4A9C-B25A-ED17-BE43-B8BBAAF8265D}.Release|Win32.ActiveCfg = Release|Win32
		{0FFA4A9C-B25A-ED17-BE43-B8BBAAF8265D}.Release|x64.ActiveCfg = Release|x64
		{0FFA4A9C-B25A-ED17-BE43-B8BBAAF8265D}.Release|x64.Build.0 = Release|x64
		{0FFA4A9C-B25A-ED17-BE43-B8BBAAF8265D}.Template|Win32.ActiveCfg = Template|Win32
		{0FFA4A9C-B25A-ED17-BE43-B8BBAAF8265D}.Template|Win32.Build.0 = Template|Win32
		{0FFA4A9C-B25A-ED17-BE43-B8BBAAF8265D}.Template|x64.ActiveCfg = Template|x64
		{0FFA4A9C-B25A-ED17-BE43-B8BBAAF8265D}.Template|x64.Build.0 = Template|x64
		{FA6842E2-5CCD-8F9C-9934-4EF317A89D7E}.Debug|Win32.ActiveCfg = Debug|Win32
		{FA6842E2-5CCD-8F9C-9934-4EF317A89D7E}.Debug|x64.ActiveCfg = Debug|x64
		{FA6842E2-5CCD-8F9C-9934-4EF317A89D7E}.Debug|x64.Build.0 = Debug|x64
		{FA6842E2-5CCD-8F9C-9934-4EF317A89D7E}.Release|Win32.ActiveCfg = Release|Win32
		{FA6842E2-5CCD-8F9C-9934-4EF317A89D7E}.Release|x64.ActiveCfg = Release|x64
		{FA6842E2-5CCD-8F9C-9934-4EF317A89D7E}.Release|x64.Build.0 = Release|x64
		{FA6842E2-5CCD-8F9C-9934-4EF317A89D7E}.Template|Win32.ActiveCfg = Template|Win32
		{FA6842E2-5CCD-8F9C-9934-4EF317A89D7E}.Template|Win32.Build.0 = Template|Win32
		{FA6842E2-5CCD-8F9C-9934-4EF317A89D7E}.Template|x64.ActiveCfg = Template|x64
		{FA6842E2-5CCD-8F9C-9934-4EF317A89D7E}.Template|x64.Build.0 = Template|x64
		{A8FC53E4-4153-0E64-2A10-4AD4FCD55910}.Debug|Win32.ActiveCfg = Debug|Win32
		{A8FC53E4-4153-0E64-2A10-4AD4FCD55910}.Debug|x64.ActiveCfg = Debug|x64
		{A8FC53E4-4153-0E64-2A10-4AD4FCD55910}.Debug|x64.Build.0 = Debug|x64
		{A8FC53E4-4153-0E64-2A10-4AD4FCD55910}.Release|Win32.ActiveCfg = Release|Win32
		{A8FC53E4-4153-0E64-2A10-4AD4FCD55910}.Release|x64.ActiveCfg = Release|x64
		{A8FC53E4-4153-0E64-2A10-4AD4FCD55910}.Release|x64.Build.0 = Release|x64
		{A8FC53E4-4153-0E64-2A10-4AD4FCD55910}.Template|Win32.ActiveCfg = Template|Win32
		{A8FC53E4-4153-0E64-2A10-4AD4FCD55910}.Template|Win32.Build.0 = Template|Win32
		{A8FC53E4-4153-0E64-2A10-4AD4FCD55910}.Template|x64.ActiveCfg = Template|x64
		{A8FC53E4-4153-0E64-2A10-4AD4FCD55910}.Template|x64.Build.0 = Template|x64
		{EF6EFF8D-181F-44E5-7878-9ECC8BE079E3}.Debug|Win32.ActiveCfg = Debug|Win32
		{EF6EFF8D-181F-44E5-7878-9ECC8BE079E3}.Debug|x64.ActiveCfg = Debug|x64
		{EF6EFF8D-181F-44E5-7878-9ECC8BE079E3}.Debug|x64.Build.0 = Debug|x64
		{EF6EFF8D-181F-44E5-7878-9ECC8BE079E3}.Release|Win32.ActiveCfg = Release|Win32
		{EF6EFF8D-181F-44E5-7878-9ECC8BE079E3}.Release|x64.ActiveCfg = Release|x64
		{EF6EFF8D-181F-44E5-7878-9ECC8BE079E3}.Release|x64.Build.0 = Release|x64
		{EF6EFF8D-181F-44E5-7878-9ECC8BE079E3}.Template|Win32.ActiveCfg = Template|Win32
		{EF6EFF8D-181F-44E5-7878-9ECC8BE079E3}.Template|Win32.Build.0 = Template|Win32
		{EF6EFF8D-181F-44E5-7878-9ECC8BE079E3}.Template|x64.ActiveCfg = Template|x64
		{EF6EFF8D-181F-44E5-7878-9ECC8BE079E3}.Template|x64.Build.0 = Template|x64
		{73BF20B8-F0CB-A1F8-04FD-3B1DED5A3449}.Debug|Win32.ActiveCfg = Debug|Win32
		{73BF20B8-F0CB-A1F8-04FD-3B1DED5A3449}.Debug|x64.ActiveCfg = Debug|x64
		{73BF20B8-F0CB-A1F8-04FD-3B1DED5A3449}.Debug|x64.Build.0 = Debug|x64
		{73BF20B8-F0CB-A1F8-04FD-3B1DED5A3449}.Release|Win32.ActiveCfg = Release|Win32
		{73BF20B8-F0CB-A1F8-04FD-3B1DED5A3449}.Release|x64.ActiveCfg = Release|x64
		{73BF20B8-F0CB-A1F8-04FD-3B1DED5A3449}.Release|x64.Build.0 = Release|x64
		{73BF20B8-F0CB-A1F8-04FD-3B1DED5A3449}.Template|Win32.ActiveCfg = Template|Win32
		{73BF20B8-F0CB-A1F8-04FD-3B1DED5A3449}.Template|Win32.Build.0 = Template|Win32
		{73BF20B8-F0CB-A1F8-04FD-3B1DED5A3449}.Template|x64.ActiveCfg = Template|x64
		{73BF20B8-F0CB-A1F8-04FD-3B1DED5A3449}.Template|x64.Build.0 = Template|x64
		{88A3FA85-ACED-2B4E-C51D-7B6C86025042}.Debug|Win32.ActiveCfg = Debug|Win32
		{88A3FA85-ACED-2B4E-C51D-7B6C86025042}.Debug|x64.ActiveCfg = Debug|x64
		{88A3FA85-ACED-2B4E-C51D-7B6C86025042}.Debug|x64.Build.0 = Debug|x64
		{88A3FA85-ACED-2B4E-C51D-7B6C86025042}.Release|Win32.ActiveCfg = Release|Win32
		{88A3FA85-ACED-2B4E-C51D-7B6C86025042}.Release|x64.ActiveCfg = Release|x64
		{88A3FA85-ACED-2B4E-C51D-7B6C86025042}.Release|x64.Build.0 = Release|x64
		{88A3FA85-ACED-2B4E-C51D-7B6C86025042}.Template|Win32.ActiveCfg = Template|Win32
		{88A3FA85-ACED-2B4E-C51D-7B6C86025042}.Template|Win32.Build.0 = Template|Win32
		{88A3FA85-ACED-2B4E-C51D-7B6C86025042}.Template|x64.ActiveCfg = Template|x64
		{88A3FA85-ACED-2B4E-C51D-7B6C86025042}.Template|x64.Build.0 = Template|x64
		{CB232E38-AEC1-3F18-12C9-CFD975A58F69}.Debug|Win32.ActiveCfg = Debug|Win32
		{CB232E38-AEC1-3F18-12C9-CFD975A58F69}.Debug|x64.ActiveCfg = Debug|x64
		{CB232E38-AEC1-3F18-12C9-CFD975A58F69}.Debug|x64.Build.0 = Debug|x64
		{CB232E38-AEC1-3F18-12C9-CFD975A58F69}.Release|Win32.ActiveCfg = Release|Win32
		{CB232E38-AEC1-3F18-12C9-CFD975A58F69}.Release|x64.ActiveCfg = Release|x64
		{CB232E38-AEC1-3F18-12C9-CFD975A58F69}.Release|x64.Build.0 = Release|x64
		{CB232E38-AEC1-3F18-12C9-CFD975A58F69}.Template|Win32.ActiveCfg = Template|Win32
		{CB232E38-AEC1-3F18-12C9-CFD975A58F69}.Template|Win32.Build.0 = Template|Win32
		{CB232E38-AEC1-3F18-12C9-CFD975A58F69}.Template|x64.ActiveCfg = Template|x64
		{CB232E38-AEC1-3F18-12C9-CFD975A58F69}.Template|x64.Build.0 = Template|x64
		{4F33BA41-6C0D-5730-21A2-9CF2437B9296}.Debug|Win32.ActiveCfg = Debug|Win32
		{4F33BA41-6C0D-5730-21A2-9CF2437B9296}.Debug|x64.ActiveCfg = Debug|x64
		{4F33BA41-6C0D-5730-21A2-9CF2437B9296}.Debug|x64.Build.0 = Debug|x64
		{4F33BA41-6C0D-5730-21A2-9CF2437B9296}.Release|Win32.ActiveCfg = Release|Win32
		{4F33BA41-6C0D-5730-21A2-9CF2437B9296}.Release|x64.ActiveCfg = Release|x64
		{4F33BA41-6C0D-5730-21A2-9CF2437B9296}.Release|x64.Build.0 = Release|x64
		{4F33BA41-6C0D-5730-21A2-9CF2437B9296}.Template|Win32.ActiveCfg = Template|Win32
		{4F33BA41-6C0D-5730-21A2-9CF2437B9296}.Template|Win32.Build.0 = Template|Win32
		{4F33BA41-6C0D-5730-21A2-9CF2437B9296}.Template|x64.ActiveCfg = Template|x64
		{4F33BA41-6C0D-5730-21A2-9CF2437B9296}.Template|x64.Build.0 = Template|x64
		{DF980922-FF1A-F555-AA39-78BB926F1359}.Debug|Win32.ActiveCfg = Debug|Win32
		{DF980922-FF1A-F555-AA39-78BB926F1359}.Debug|x64.ActiveCfg = Debug|x64
		{DF980922-FF1A-F555-AA39-78BB926F1359}.Debug|x64.Build.0 = Debug|x64
		{DF980922-FF1A-F555-AA39-78BB926F1359}.Release|Win32.ActiveCfg = Release|Win32
		{DF980922-FF1A-F555-AA39-78BB926F1359}.Release|x64.ActiveCfg = Release|x64
		{DF980922-FF1A-F555-AA39-78BB926F1359}.Release|x64.Build.0 = Release|x64
		{DF980922-FF1A-F555-AA39-78BB926F1359}.Template|Win32.ActiveCfg = Template|Win32
		{DF980922-FF1A-F555-AA39-78BB926F1359}.Template|Win32.Build.0 = Template|Win32
		{DF980922-FF1A-F555-AA39-78BB926F1359}.Template|x64.ActiveCfg = Template|x64
		{DF980922-FF1A-F555-AA39-78BB926F1359}.Template|x64.Build.0 = Template|x64
		{B52DEE9A-E729-1863-5685-BD44810705F1}.Debug|Win32.ActiveCfg = Debug|Win32
		{B52DEE9A-E729-1863-5685-BD44810705F1}.Debug|x64.ActiveCfg = Debug|x64
		{B52DEE9A-E729-1863-5685-BD44810705F1}.Debug|x64.Build.0 = Debug|x64
		{B52DEE9A-E729-1863-5685-BD44810705F1}.Release|Win32.ActiveCfg = Release|Win32
		{B52DEE9A-E729-1863-5685-BD44810705F1}.Release|x64.ActiveCfg = Release|x64
		{B52DEE9A-E729-1863-5685-BD44810705F1}.Release|x64.Build.0 = Release|x64
		{B52DEE9A-E729-1863-5685-BD44810705F1}.Template|Win32.ActiveCfg = Template|Win32
		{B52DEE9A-E729-1863-5685-BD44810705F1}.Template|Win32.Build.0 = Template|Win32
		{B52DEE9A-E729-1863-5685-BD44810705F1}.Template|x64.ActiveCfg = Template|x64
		{B52DEE9A-E729-1863-5685-BD44810705F1}.Template|x64.Build.0 = Template|x64
		{D03F7C06-CD42-AD55-26D9-855FA2DD4A44}.Debug|Win32.ActiveCfg = Debug|Win32
		{D03F7C06-CD42-AD55-26D9-855FA2DD4A44}.Debug|x64.ActiveCfg = Debug|x64
		{D03F7C06-CD42-AD55-26D9-855FA2DD4A44}.Debug|x64.Build.0 = Debug|x64
		{D03F7C06-CD42-AD55-26D9-855FA2DD4A44}.Release|Win32.ActiveCfg = Release|Win32
		{D03F7C06-CD42-AD55-26D9-855FA2DD4A44}.Release|x64.ActiveCfg = Release|x64
		{D03F7C06-CD42-AD55-26D9-855FA2DD4A44}.Release|x64.Build.0 = Release|x64
		{D03F7C06-CD42-AD55-26D9-855FA2DD4A44}.Template|Win32.ActiveCfg = Template|Win32
		{D03F7C06-CD42-AD55-26D9-855FA2DD4A44}.Template|Win32.Build.0 = Template|Win32
		{D03F7C06-CD42-AD55-26D9-855FA2DD4A44}.Template|x64.ActiveCfg = Template|x64
		{D03F7C06-CD42-AD55-26D9-855FA2DD4A44}.Template|x64.Build.0 = Template|x64
		{61F62440-9F48-181D-3CBF-621135830505}.Debug|Win32.ActiveCfg = Debug|Win32
		{61F62440-9F48-181D-3CBF-621135830505}.Debug|x64.ActiveCfg = Debug|x64
		{61F62440-9F48-181D-3CBF-621135830505}.Debug|x64.Build.0 = Debug|x64
		{61F62440-9F48-181D-3CBF-621135830505}.Release|Win32.ActiveCfg = Release|Win32
		{61F62440-9F48-181D-3CBF-621135830505}.Release|x64.ActiveCfg = Release|x64
		{61F62440-9F48-181D-3CBF-621135830505}.Release|x64.Build.0 = Release|x64
		{61F62440-9F48-181D-3CBF-621135830505}.Template|Win32.ActiveCfg = Template|Win32
		{61F62440-9F48-181D-3CBF-621135830505}.Template|Win32.Build.0 = Template|Win32
		{61F62440-9F48-181D-3CBF-621135830505}.Template|x64.ActiveCfg = Template|x64
		{61F62440-9F48-181D-3CBF-621135830505}.Template|x64.Build.0 = Template|x64
		{1DD83831-6D7D-3652-AED1-C0EA72423FE0}.Debug|Win32.ActiveCfg = Debug|Win32
		{1DD83831-6D7D-3652-AED1-C0EA72423FE0}.Debug|x64.ActiveCfg = Debug|x64
		{1DD83831-6D7D-3652-AED1-C0EA72423FE0}.Debug|x64.Build.0 = Debug|x64
		{1DD83831-6D7D-3652-AED1-C0EA72423FE0}.Release|Win32.ActiveCfg = Release|Win32
		{1DD83831-6D7D-3652-AED1-C0EA72423FE0}.Release|x64.ActiveCfg = Release|x64
		{1DD83831-6D7D-3652-AED1-C0EA72423FE0}.Release|x64.Build.0 = Release|x64
		{1DD83831-6D7D-3652-AED1-C0EA72423FE0}.Template|Win32.ActiveCfg = Template|Win32
		{1DD83831-6D7D-3652-AED1-C0EA72423FE0}.Template|Win32.Build.0 = Template|Win32
		{1DD83831-6D7D-3652-AED1-C0EA72423FE0}.Template|x64.ActiveCfg = Template|x64
		{1DD83831-6D7D-3652-AED1-C0EA72423FE0}.Template|x64.Build.0 = Template|x64
	EndGlobalSection
	GlobalSection(SolutionProperties) = preSolution
		HideSolutionNode = FALSE
	EndGlobalSection
EndGlobal
