Microsoft Visual Studio Solution File, Format Version 12.00
# Visual Studio 15
Project("{2150E333-8FDC-42A3-9474-1A3956D46DE8}") = "Applications", "Applications", "{A3450A3E-327D-3FBD-8C6E-AAA2F84E7E15}"
EndProject
Project("{2150E333-8FDC-42A3-9474-1A3956D46DE8}") = "CMakePredefinedTargets", "CMakePredefinedTargets", "{30A9E68A-A665-37A1-8D61-D82BC82634A0}"
EndProject
Project("{2150E333-8FDC-42A3-9474-1A3956D46DE8}") = "OSG Core", "OSG Core", "{3BDF60D6-0683-3092-A6E7-44587D35ED5B}"
EndProject
Project("{8BC9CEB8-8B4A-11D0-8D11-00A0C91BC942}") = "ALL_BUILD", "ALL_BUILD.vcxproj", "{613783CA-6A3B-3478-B100-6E48C8D79D2E}"
	ProjectSection(ProjectDependencies) = postProject
		{A4D46AA8-C967-3412-8A03-EDA7590AAC87} = {A4D46AA8-C967-3412-8A03-EDA7590AAC87}
		{5E837415-27D0-34B0-B468-D33A3A199409} = {5E837415-27D0-34B0-B468-D33A3A199409}
		{55431EAC-56B3-3609-B21A-16D4BF858396} = {55431EAC-56B3-3609-B21A-16D4BF858396}
		{05B283C4-D83F-3A47-8582-89395D2D1CAC} = {05B283C4-D83F-3A47-8582-89395D2D1CAC}
		{7EBAD9FF-0A15-35AD-B988-DB7B13B96F0E} = {7EBAD9FF-0A15-35AD-B988-DB7B13B96F0E}
		{B0850E58-5C94-3286-9DF8-72E774708BFF} = {B0850E58-5C94-3286-9DF8-72E774708BFF}
		{57C20738-124A-3798-9C83-3D9C56B0074D} = {57C20738-124A-3798-9C83-3D9C56B0074D}
	EndProjectSection
EndProject
Project("{8BC9CEB8-8B4A-11D0-8D11-00A0C91BC942}") = "INSTALL", "INSTALL.vcxproj", "{A6A22D50-69F8-336F-84CC-0033BF819744}"
	ProjectSection(ProjectDependencies) = postProject
		{613783CA-6A3B-3478-B100-6E48C8D79D2E} = {613783CA-6A3B-3478-B100-6E48C8D79D2E}
		{A4D46AA8-C967-3412-8A03-EDA7590AAC87} = {A4D46AA8-C967-3412-8A03-EDA7590AAC87}
	EndProjectSection
EndProject
Project("{8BC9CEB8-8B4A-11D0-8D11-00A0C91BC942}") = "OpenThreads", "..\src\OpenThreads\win32\OpenThreads.vcxproj", "{94587118-039E-3DC9-86BC-77D63CB48197}"
	ProjectSection(ProjectDependencies) = postProject
		{A4D46AA8-C967-3412-8A03-EDA7590AAC87} = {A4D46AA8-C967-3412-8A03-EDA7590AAC87}
	EndProjectSection
EndProject
Project("{8BC9CEB8-8B4A-11D0-8D11-00A0C91BC942}") = "ZERO_CHECK", "..\\ZERO_CHECK.vcxproj", "{A4D46AA8-C967-3412-8A03-EDA7590AAC87}"
	ProjectSection(ProjectDependencies) = postProject
	EndProjectSection
EndProject
Project("{8BC9CEB8-8B4A-11D0-8D11-00A0C91BC942}") = "application_osgarchive", "osgarchive\application_osgarchive.vcxproj", "{5E837415-27D0-34B0-B468-D33A3A199409}"
	ProjectSection(ProjectDependencies) = postProject
		{94587118-039E-3DC9-86BC-77D63CB48197} = {94587118-039E-3DC9-86BC-77D63CB48197}
		{A4D46AA8-C967-3412-8A03-EDA7590AAC87} = {A4D46AA8-C967-3412-8A03-EDA7590AAC87}
		{FC357E85-7A62-365E-B978-CACF48DEB7A6} = {FC357E85-7A62-365E-B978-CACF48DEB7A6}
		{F5D3C7F9-C27B-3E5E-87AB-EE34FEA6EFED} = {F5D3C7F9-C27B-3E5E-87AB-EE34FEA6EFED}
		{6A353D1F-1D89-3385-9A38-AE9D05A17EFF} = {6A353D1F-1D89-3385-9A38-AE9D05A17EFF}
		{40BD075A-3D73-38D7-8536-C870701DD3B4} = {40BD075A-3D73-38D7-8536-C870701DD3B4}
		{8A6FFF3D-4072-3D64-9558-E76CF328CFEF} = {8A6FFF3D-4072-3D64-9558-E76CF328CFEF}
		{10B31CC8-329F-3986-839D-AD39729F5ACB} = {10B31CC8-329F-3986-839D-AD39729F5ACB}
	EndProjectSection
EndProject
Project("{8BC9CEB8-8B4A-11D0-8D11-00A0C91BC942}") = "application_osgconv", "osgconv\application_osgconv.vcxproj", "{55431EAC-56B3-3609-B21A-16D4BF858396}"
	ProjectSection(ProjectDependencies) = postProject
		{94587118-039E-3DC9-86BC-77D63CB48197} = {94587118-039E-3DC9-86BC-77D63CB48197}
		{A4D46AA8-C967-3412-8A03-EDA7590AAC87} = {A4D46AA8-C967-3412-8A03-EDA7590AAC87}
		{FC357E85-7A62-365E-B978-CACF48DEB7A6} = {FC357E85-7A62-365E-B978-CACF48DEB7A6}
		{F5D3C7F9-C27B-3E5E-87AB-EE34FEA6EFED} = {F5D3C7F9-C27B-3E5E-87AB-EE34FEA6EFED}
		{6A353D1F-1D89-3385-9A38-AE9D05A17EFF} = {6A353D1F-1D89-3385-9A38-AE9D05A17EFF}
		{40BD075A-3D73-38D7-8536-C870701DD3B4} = {40BD075A-3D73-38D7-8536-C870701DD3B4}
		{8A6FFF3D-4072-3D64-9558-E76CF328CFEF} = {8A6FFF3D-4072-3D64-9558-E76CF328CFEF}
		{10B31CC8-329F-3986-839D-AD39729F5ACB} = {10B31CC8-329F-3986-839D-AD39729F5ACB}
	EndProjectSection
EndProject
Project("{8BC9CEB8-8B4A-11D0-8D11-00A0C91BC942}") = "application_osgfilecache", "osgfilecache\application_osgfilecache.vcxproj", "{05B283C4-D83F-3A47-8582-89395D2D1CAC}"
	ProjectSection(ProjectDependencies) = postProject
		{94587118-039E-3DC9-86BC-77D63CB48197} = {94587118-039E-3DC9-86BC-77D63CB48197}
		{A4D46AA8-C967-3412-8A03-EDA7590AAC87} = {A4D46AA8-C967-3412-8A03-EDA7590AAC87}
		{FC357E85-7A62-365E-B978-CACF48DEB7A6} = {FC357E85-7A62-365E-B978-CACF48DEB7A6}
		{F5D3C7F9-C27B-3E5E-87AB-EE34FEA6EFED} = {F5D3C7F9-C27B-3E5E-87AB-EE34FEA6EFED}
		{6A353D1F-1D89-3385-9A38-AE9D05A17EFF} = {6A353D1F-1D89-3385-9A38-AE9D05A17EFF}
		{C4B0758E-B22C-320E-B34B-C7FDB688BA68} = {C4B0758E-B22C-320E-B34B-C7FDB688BA68}
		{40BD075A-3D73-38D7-8536-C870701DD3B4} = {40BD075A-3D73-38D7-8536-C870701DD3B4}
		{8A6FFF3D-4072-3D64-9558-E76CF328CFEF} = {8A6FFF3D-4072-3D64-9558-E76CF328CFEF}
		{10B31CC8-329F-3986-839D-AD39729F5ACB} = {10B31CC8-329F-3986-839D-AD39729F5ACB}
	EndProjectSection
EndProject
Project("{8BC9CEB8-8B4A-11D0-8D11-00A0C91BC942}") = "application_osgversion", "osgversion\application_osgversion.vcxproj", "{7EBAD9FF-0A15-35AD-B988-DB7B13B96F0E}"
	ProjectSection(ProjectDependencies) = postProject
		{94587118-039E-3DC9-86BC-77D63CB48197} = {94587118-039E-3DC9-86BC-77D63CB48197}
		{A4D46AA8-C967-3412-8A03-EDA7590AAC87} = {A4D46AA8-C967-3412-8A03-EDA7590AAC87}
		{FC357E85-7A62-365E-B978-CACF48DEB7A6} = {FC357E85-7A62-365E-B978-CACF48DEB7A6}
		{F5D3C7F9-C27B-3E5E-87AB-EE34FEA6EFED} = {F5D3C7F9-C27B-3E5E-87AB-EE34FEA6EFED}
		{8A6FFF3D-4072-3D64-9558-E76CF328CFEF} = {8A6FFF3D-4072-3D64-9558-E76CF328CFEF}
	EndProjectSection
EndProject
Project("{8BC9CEB8-8B4A-11D0-8D11-00A0C91BC942}") = "application_osgviewer", "osgviewer\application_osgviewer.vcxproj", "{B0850E58-5C94-3286-9DF8-72E774708BFF}"
	ProjectSection(ProjectDependencies) = postProject
		{94587118-039E-3DC9-86BC-77D63CB48197} = {94587118-039E-3DC9-86BC-77D63CB48197}
		{A4D46AA8-C967-3412-8A03-EDA7590AAC87} = {A4D46AA8-C967-3412-8A03-EDA7590AAC87}
		{FC357E85-7A62-365E-B978-CACF48DEB7A6} = {FC357E85-7A62-365E-B978-CACF48DEB7A6}
		{F5D3C7F9-C27B-3E5E-87AB-EE34FEA6EFED} = {F5D3C7F9-C27B-3E5E-87AB-EE34FEA6EFED}
		{6A353D1F-1D89-3385-9A38-AE9D05A17EFF} = {6A353D1F-1D89-3385-9A38-AE9D05A17EFF}
		{40BD075A-3D73-38D7-8536-C870701DD3B4} = {40BD075A-3D73-38D7-8536-C870701DD3B4}
		{8A6FFF3D-4072-3D64-9558-E76CF328CFEF} = {8A6FFF3D-4072-3D64-9558-E76CF328CFEF}
		{10B31CC8-329F-3986-839D-AD39729F5ACB} = {10B31CC8-329F-3986-839D-AD39729F5ACB}
	EndProjectSection
EndProject
Project("{8BC9CEB8-8B4A-11D0-8D11-00A0C91BC942}") = "application_present3D", "present3D\application_present3D.vcxproj", "{57C20738-124A-3798-9C83-3D9C56B0074D}"
	ProjectSection(ProjectDependencies) = postProject
		{94587118-039E-3DC9-86BC-77D63CB48197} = {94587118-039E-3DC9-86BC-77D63CB48197}
		{A4D46AA8-C967-3412-8A03-EDA7590AAC87} = {A4D46AA8-C967-3412-8A03-EDA7590AAC87}
		{FC357E85-7A62-365E-B978-CACF48DEB7A6} = {FC357E85-7A62-365E-B978-CACF48DEB7A6}
		{F5D3C7F9-C27B-3E5E-87AB-EE34FEA6EFED} = {F5D3C7F9-C27B-3E5E-87AB-EE34FEA6EFED}
		{D62E970B-EC92-38AA-A2DF-F90C636C1F87} = {D62E970B-EC92-38AA-A2DF-F90C636C1F87}
		{6A353D1F-1D89-3385-9A38-AE9D05A17EFF} = {6A353D1F-1D89-3385-9A38-AE9D05A17EFF}
		{79A50222-679E-3B39-94E3-F1798CFC833A} = {79A50222-679E-3B39-94E3-F1798CFC833A}
		{9B2F4E3D-50D7-397D-89DC-E385C5B6D656} = {9B2F4E3D-50D7-397D-89DC-E385C5B6D656}
		{40BD075A-3D73-38D7-8536-C870701DD3B4} = {40BD075A-3D73-38D7-8536-C870701DD3B4}
		{354E7820-ED60-3132-8EA0-147DD01AD6F5} = {354E7820-ED60-3132-8EA0-147DD01AD6F5}
		{8A6FFF3D-4072-3D64-9558-E76CF328CFEF} = {8A6FFF3D-4072-3D64-9558-E76CF328CFEF}
		{10B31CC8-329F-3986-839D-AD39729F5ACB} = {10B31CC8-329F-3986-839D-AD39729F5ACB}
		{AA855187-6A55-3266-889D-898745FCC592} = {AA855187-6A55-3266-889D-898745FCC592}
		{5FBEE27B-CF31-3F96-87CA-D210C8165DE7} = {5FBEE27B-CF31-3F96-87CA-D210C8165DE7}
	EndProjectSection
EndProject
Project("{8BC9CEB8-8B4A-11D0-8D11-00A0C91BC942}") = "osg", "..\src\osg\osg.vcxproj", "{FC357E85-7A62-365E-B978-CACF48DEB7A6}"
	ProjectSection(ProjectDependencies) = postProject
		{94587118-039E-3DC9-86BC-77D63CB48197} = {94587118-039E-3DC9-86BC-77D63CB48197}
		{A4D46AA8-C967-3412-8A03-EDA7590AAC87} = {A4D46AA8-C967-3412-8A03-EDA7590AAC87}
	EndProjectSection
EndProject
Project("{8BC9CEB8-8B4A-11D0-8D11-00A0C91BC942}") = "osgDB", "..\src\osgDB\osgDB.vcxproj", "{F5D3C7F9-C27B-3E5E-87AB-EE34FEA6EFED}"
	ProjectSection(ProjectDependencies) = postProject
		{94587118-039E-3DC9-86BC-77D63CB48197} = {94587118-039E-3DC9-86BC-77D63CB48197}
		{A4D46AA8-C967-3412-8A03-EDA7590AAC87} = {A4D46AA8-C967-3412-8A03-EDA7590AAC87}
		{FC357E85-7A62-365E-B978-CACF48DEB7A6} = {FC357E85-7A62-365E-B978-CACF48DEB7A6}
		{8A6FFF3D-4072-3D64-9558-E76CF328CFEF} = {8A6FFF3D-4072-3D64-9558-E76CF328CFEF}
	EndProjectSection
EndProject
Project("{8BC9CEB8-8B4A-11D0-8D11-00A0C91BC942}") = "osgFX", "..\src\osgFX\osgFX.vcxproj", "{D62E970B-EC92-38AA-A2DF-F90C636C1F87}"
	ProjectSection(ProjectDependencies) = postProject
		{94587118-039E-3DC9-86BC-77D63CB48197} = {94587118-039E-3DC9-86BC-77D63CB48197}
		{A4D46AA8-C967-3412-8A03-EDA7590AAC87} = {A4D46AA8-C967-3412-8A03-EDA7590AAC87}
		{FC357E85-7A62-365E-B978-CACF48DEB7A6} = {FC357E85-7A62-365E-B978-CACF48DEB7A6}
		{F5D3C7F9-C27B-3E5E-87AB-EE34FEA6EFED} = {F5D3C7F9-C27B-3E5E-87AB-EE34FEA6EFED}
		{8A6FFF3D-4072-3D64-9558-E76CF328CFEF} = {8A6FFF3D-4072-3D64-9558-E76CF328CFEF}
	EndProjectSection
EndProject
Project("{8BC9CEB8-8B4A-11D0-8D11-00A0C91BC942}") = "osgGA", "..\src\osgGA\osgGA.vcxproj", "{6A353D1F-1D89-3385-9A38-AE9D05A17EFF}"
	ProjectSection(ProjectDependencies) = postProject
		{94587118-039E-3DC9-86BC-77D63CB48197} = {94587118-039E-3DC9-86BC-77D63CB48197}
		{A4D46AA8-C967-3412-8A03-EDA7590AAC87} = {A4D46AA8-C967-3412-8A03-EDA7590AAC87}
		{FC357E85-7A62-365E-B978-CACF48DEB7A6} = {FC357E85-7A62-365E-B978-CACF48DEB7A6}
		{F5D3C7F9-C27B-3E5E-87AB-EE34FEA6EFED} = {F5D3C7F9-C27B-3E5E-87AB-EE34FEA6EFED}
		{8A6FFF3D-4072-3D64-9558-E76CF328CFEF} = {8A6FFF3D-4072-3D64-9558-E76CF328CFEF}
	EndProjectSection
EndProject
Project("{8BC9CEB8-8B4A-11D0-8D11-00A0C91BC942}") = "osgManipulator", "..\src\osgManipulator\osgManipulator.vcxproj", "{79A50222-679E-3B39-94E3-F1798CFC833A}"
	ProjectSection(ProjectDependencies) = postProject
		{94587118-039E-3DC9-86BC-77D63CB48197} = {94587118-039E-3DC9-86BC-77D63CB48197}
		{A4D46AA8-C967-3412-8A03-EDA7590AAC87} = {A4D46AA8-C967-3412-8A03-EDA7590AAC87}
		{FC357E85-7A62-365E-B978-CACF48DEB7A6} = {FC357E85-7A62-365E-B978-CACF48DEB7A6}
		{F5D3C7F9-C27B-3E5E-87AB-EE34FEA6EFED} = {F5D3C7F9-C27B-3E5E-87AB-EE34FEA6EFED}
		{6A353D1F-1D89-3385-9A38-AE9D05A17EFF} = {6A353D1F-1D89-3385-9A38-AE9D05A17EFF}
		{40BD075A-3D73-38D7-8536-C870701DD3B4} = {40BD075A-3D73-38D7-8536-C870701DD3B4}
		{8A6FFF3D-4072-3D64-9558-E76CF328CFEF} = {8A6FFF3D-4072-3D64-9558-E76CF328CFEF}
		{10B31CC8-329F-3986-839D-AD39729F5ACB} = {10B31CC8-329F-3986-839D-AD39729F5ACB}
	EndProjectSection
EndProject
Project("{8BC9CEB8-8B4A-11D0-8D11-00A0C91BC942}") = "osgPresentation", "..\src\osgPresentation\osgPresentation.vcxproj", "{9B2F4E3D-50D7-397D-89DC-E385C5B6D656}"
	ProjectSection(ProjectDependencies) = postProject
		{94587118-039E-3DC9-86BC-77D63CB48197} = {94587118-039E-3DC9-86BC-77D63CB48197}
		{A4D46AA8-C967-3412-8A03-EDA7590AAC87} = {A4D46AA8-C967-3412-8A03-EDA7590AAC87}
		{FC357E85-7A62-365E-B978-CACF48DEB7A6} = {FC357E85-7A62-365E-B978-CACF48DEB7A6}
		{F5D3C7F9-C27B-3E5E-87AB-EE34FEA6EFED} = {F5D3C7F9-C27B-3E5E-87AB-EE34FEA6EFED}
		{D62E970B-EC92-38AA-A2DF-F90C636C1F87} = {D62E970B-EC92-38AA-A2DF-F90C636C1F87}
		{6A353D1F-1D89-3385-9A38-AE9D05A17EFF} = {6A353D1F-1D89-3385-9A38-AE9D05A17EFF}
		{79A50222-679E-3B39-94E3-F1798CFC833A} = {79A50222-679E-3B39-94E3-F1798CFC833A}
		{40BD075A-3D73-38D7-8536-C870701DD3B4} = {40BD075A-3D73-38D7-8536-C870701DD3B4}
		{354E7820-ED60-3132-8EA0-147DD01AD6F5} = {354E7820-ED60-3132-8EA0-147DD01AD6F5}
		{8A6FFF3D-4072-3D64-9558-E76CF328CFEF} = {8A6FFF3D-4072-3D64-9558-E76CF328CFEF}
		{10B31CC8-329F-3986-839D-AD39729F5ACB} = {10B31CC8-329F-3986-839D-AD39729F5ACB}
		{AA855187-6A55-3266-889D-898745FCC592} = {AA855187-6A55-3266-889D-898745FCC592}
		{5FBEE27B-CF31-3F96-87CA-D210C8165DE7} = {5FBEE27B-CF31-3F96-87CA-D210C8165DE7}
	EndProjectSection
EndProject
Project("{8BC9CEB8-8B4A-11D0-8D11-00A0C91BC942}") = "osgTerrain", "..\src\osgTerrain\osgTerrain.vcxproj", "{C4B0758E-B22C-320E-B34B-C7FDB688BA68}"
	ProjectSection(ProjectDependencies) = postProject
		{94587118-039E-3DC9-86BC-77D63CB48197} = {94587118-039E-3DC9-86BC-77D63CB48197}
		{A4D46AA8-C967-3412-8A03-EDA7590AAC87} = {A4D46AA8-C967-3412-8A03-EDA7590AAC87}
		{FC357E85-7A62-365E-B978-CACF48DEB7A6} = {FC357E85-7A62-365E-B978-CACF48DEB7A6}
		{F5D3C7F9-C27B-3E5E-87AB-EE34FEA6EFED} = {F5D3C7F9-C27B-3E5E-87AB-EE34FEA6EFED}
		{8A6FFF3D-4072-3D64-9558-E76CF328CFEF} = {8A6FFF3D-4072-3D64-9558-E76CF328CFEF}
	EndProjectSection
EndProject
Project("{8BC9CEB8-8B4A-11D0-8D11-00A0C91BC942}") = "osgText", "..\src\osgText\osgText.vcxproj", "{40BD075A-3D73-38D7-8536-C870701DD3B4}"
	ProjectSection(ProjectDependencies) = postProject
		{94587118-039E-3DC9-86BC-77D63CB48197} = {94587118-039E-3DC9-86BC-77D63CB48197}
		{A4D46AA8-C967-3412-8A03-EDA7590AAC87} = {A4D46AA8-C967-3412-8A03-EDA7590AAC87}
		{FC357E85-7A62-365E-B978-CACF48DEB7A6} = {FC357E85-7A62-365E-B978-CACF48DEB7A6}
		{F5D3C7F9-C27B-3E5E-87AB-EE34FEA6EFED} = {F5D3C7F9-C27B-3E5E-87AB-EE34FEA6EFED}
		{8A6FFF3D-4072-3D64-9558-E76CF328CFEF} = {8A6FFF3D-4072-3D64-9558-E76CF328CFEF}
	EndProjectSection
EndProject
Project("{8BC9CEB8-8B4A-11D0-8D11-00A0C91BC942}") = "osgUI", "..\src\osgUI\osgUI.vcxproj", "{354E7820-ED60-3132-8EA0-147DD01AD6F5}"
	ProjectSection(ProjectDependencies) = postProject
		{94587118-039E-3DC9-86BC-77D63CB48197} = {94587118-039E-3DC9-86BC-77D63CB48197}
		{A4D46AA8-C967-3412-8A03-EDA7590AAC87} = {A4D46AA8-C967-3412-8A03-EDA7590AAC87}
		{FC357E85-7A62-365E-B978-CACF48DEB7A6} = {FC357E85-7A62-365E-B978-CACF48DEB7A6}
		{F5D3C7F9-C27B-3E5E-87AB-EE34FEA6EFED} = {F5D3C7F9-C27B-3E5E-87AB-EE34FEA6EFED}
		{6A353D1F-1D89-3385-9A38-AE9D05A17EFF} = {6A353D1F-1D89-3385-9A38-AE9D05A17EFF}
		{40BD075A-3D73-38D7-8536-C870701DD3B4} = {40BD075A-3D73-38D7-8536-C870701DD3B4}
		{8A6FFF3D-4072-3D64-9558-E76CF328CFEF} = {8A6FFF3D-4072-3D64-9558-E76CF328CFEF}
		{10B31CC8-329F-3986-839D-AD39729F5ACB} = {10B31CC8-329F-3986-839D-AD39729F5ACB}
	EndProjectSection
EndProject
Project("{8BC9CEB8-8B4A-11D0-8D11-00A0C91BC942}") = "osgUtil", "..\src\osgUtil\osgUtil.vcxproj", "{8A6FFF3D-4072-3D64-9558-E76CF328CFEF}"
	ProjectSection(ProjectDependencies) = postProject
		{94587118-039E-3DC9-86BC-77D63CB48197} = {94587118-039E-3DC9-86BC-77D63CB48197}
		{A4D46AA8-C967-3412-8A03-EDA7590AAC87} = {A4D46AA8-C967-3412-8A03-EDA7590AAC87}
		{FC357E85-7A62-365E-B978-CACF48DEB7A6} = {FC357E85-7A62-365E-B978-CACF48DEB7A6}
	EndProjectSection
EndProject
Project("{8BC9CEB8-8B4A-11D0-8D11-00A0C91BC942}") = "osgViewer", "..\src\osgViewer\osgViewer.vcxproj", "{10B31CC8-329F-3986-839D-AD39729F5ACB}"
	ProjectSection(ProjectDependencies) = postProject
		{94587118-039E-3DC9-86BC-77D63CB48197} = {94587118-039E-3DC9-86BC-77D63CB48197}
		{A4D46AA8-C967-3412-8A03-EDA7590AAC87} = {A4D46AA8-C967-3412-8A03-EDA7590AAC87}
		{FC357E85-7A62-365E-B978-CACF48DEB7A6} = {FC357E85-7A62-365E-B978-CACF48DEB7A6}
		{F5D3C7F9-C27B-3E5E-87AB-EE34FEA6EFED} = {F5D3C7F9-C27B-3E5E-87AB-EE34FEA6EFED}
		{6A353D1F-1D89-3385-9A38-AE9D05A17EFF} = {6A353D1F-1D89-3385-9A38-AE9D05A17EFF}
		{40BD075A-3D73-38D7-8536-C870701DD3B4} = {40BD075A-3D73-38D7-8536-C870701DD3B4}
		{8A6FFF3D-4072-3D64-9558-E76CF328CFEF} = {8A6FFF3D-4072-3D64-9558-E76CF328CFEF}
	EndProjectSection
EndProject
Project("{8BC9CEB8-8B4A-11D0-8D11-00A0C91BC942}") = "osgVolume", "..\src\osgVolume\osgVolume.vcxproj", "{AA855187-6A55-3266-889D-898745FCC592}"
	ProjectSection(ProjectDependencies) = postProject
		{94587118-039E-3DC9-86BC-77D63CB48197} = {94587118-039E-3DC9-86BC-77D63CB48197}
		{A4D46AA8-C967-3412-8A03-EDA7590AAC87} = {A4D46AA8-C967-3412-8A03-EDA7590AAC87}
		{FC357E85-7A62-365E-B978-CACF48DEB7A6} = {FC357E85-7A62-365E-B978-CACF48DEB7A6}
		{F5D3C7F9-C27B-3E5E-87AB-EE34FEA6EFED} = {F5D3C7F9-C27B-3E5E-87AB-EE34FEA6EFED}
		{6A353D1F-1D89-3385-9A38-AE9D05A17EFF} = {6A353D1F-1D89-3385-9A38-AE9D05A17EFF}
		{8A6FFF3D-4072-3D64-9558-E76CF328CFEF} = {8A6FFF3D-4072-3D64-9558-E76CF328CFEF}
	EndProjectSection
EndProject
Project("{8BC9CEB8-8B4A-11D0-8D11-00A0C91BC942}") = "osgWidget", "..\src\osgWidget\osgWidget.vcxproj", "{5FBEE27B-CF31-3F96-87CA-D210C8165DE7}"
	ProjectSection(ProjectDependencies) = postProject
		{94587118-039E-3DC9-86BC-77D63CB48197} = {94587118-039E-3DC9-86BC-77D63CB48197}
		{A4D46AA8-C967-3412-8A03-EDA7590AAC87} = {A4D46AA8-C967-3412-8A03-EDA7590AAC87}
		{FC357E85-7A62-365E-B978-CACF48DEB7A6} = {FC357E85-7A62-365E-B978-CACF48DEB7A6}
		{F5D3C7F9-C27B-3E5E-87AB-EE34FEA6EFED} = {F5D3C7F9-C27B-3E5E-87AB-EE34FEA6EFED}
		{6A353D1F-1D89-3385-9A38-AE9D05A17EFF} = {6A353D1F-1D89-3385-9A38-AE9D05A17EFF}
		{40BD075A-3D73-38D7-8536-C870701DD3B4} = {40BD075A-3D73-38D7-8536-C870701DD3B4}
		{8A6FFF3D-4072-3D64-9558-E76CF328CFEF} = {8A6FFF3D-4072-3D64-9558-E76CF328CFEF}
		{10B31CC8-329F-3986-839D-AD39729F5ACB} = {10B31CC8-329F-3986-839D-AD39729F5ACB}
	EndProjectSection
EndProject
Global
	GlobalSection(SolutionConfigurationPlatforms) = preSolution
		Debug|Win32 = Debug|Win32
		Release|Win32 = Release|Win32
		MinSizeRel|Win32 = MinSizeRel|Win32
		RelWithDebInfo|Win32 = RelWithDebInfo|Win32
	EndGlobalSection
	GlobalSection(ProjectConfigurationPlatforms) = postSolution
		{613783CA-6A3B-3478-B100-6E48C8D79D2E}.Debug|Win32.ActiveCfg = Debug|Win32
		{613783CA-6A3B-3478-B100-6E48C8D79D2E}.Debug|Win32.Build.0 = Debug|Win32
		{613783CA-6A3B-3478-B100-6E48C8D79D2E}.Release|Win32.ActiveCfg = Release|Win32
		{613783CA-6A3B-3478-B100-6E48C8D79D2E}.Release|Win32.Build.0 = Release|Win32
		{613783CA-6A3B-3478-B100-6E48C8D79D2E}.MinSizeRel|Win32.ActiveCfg = MinSizeRel|Win32
		{613783CA-6A3B-3478-B100-6E48C8D79D2E}.MinSizeRel|Win32.Build.0 = MinSizeRel|Win32
		{613783CA-6A3B-3478-B100-6E48C8D79D2E}.RelWithDebInfo|Win32.ActiveCfg = RelWithDebInfo|Win32
		{613783CA-6A3B-3478-B100-6E48C8D79D2E}.RelWithDebInfo|Win32.Build.0 = RelWithDebInfo|Win32
		{A6A22D50-69F8-336F-84CC-0033BF819744}.Debug|Win32.ActiveCfg = Debug|Win32
		{A6A22D50-69F8-336F-84CC-0033BF819744}.Release|Win32.ActiveCfg = Release|Win32
		{A6A22D50-69F8-336F-84CC-0033BF819744}.MinSizeRel|Win32.ActiveCfg = MinSizeRel|Win32
		{A6A22D50-69F8-336F-84CC-0033BF819744}.RelWithDebInfo|Win32.ActiveCfg = RelWithDebInfo|Win32
		{94587118-039E-3DC9-86BC-77D63CB48197}.Debug|Win32.ActiveCfg = Debug|Win32
		{94587118-039E-3DC9-86BC-77D63CB48197}.Debug|Win32.Build.0 = Debug|Win32
		{94587118-039E-3DC9-86BC-77D63CB48197}.Release|Win32.ActiveCfg = Release|Win32
		{94587118-039E-3DC9-86BC-77D63CB48197}.Release|Win32.Build.0 = Release|Win32
		{94587118-039E-3DC9-86BC-77D63CB48197}.MinSizeRel|Win32.ActiveCfg = MinSizeRel|Win32
		{94587118-039E-3DC9-86BC-77D63CB48197}.MinSizeRel|Win32.Build.0 = MinSizeRel|Win32
		{94587118-039E-3DC9-86BC-77D63CB48197}.RelWithDebInfo|Win32.ActiveCfg = RelWithDebInfo|Win32
		{94587118-039E-3DC9-86BC-77D63CB48197}.RelWithDebInfo|Win32.Build.0 = RelWithDebInfo|Win32
		{A4D46AA8-C967-3412-8A03-EDA7590AAC87}.Debug|Win32.ActiveCfg = Debug|Win32
		{A4D46AA8-C967-3412-8A03-EDA7590AAC87}.Debug|Win32.Build.0 = Debug|Win32
		{A4D46AA8-C967-3412-8A03-EDA7590AAC87}.Release|Win32.ActiveCfg = Release|Win32
		{A4D46AA8-C967-3412-8A03-EDA7590AAC87}.Release|Win32.Build.0 = Release|Win32
		{A4D46AA8-C967-3412-8A03-EDA7590AAC87}.MinSizeRel|Win32.ActiveCfg = MinSizeRel|Win32
		{A4D46AA8-C967-3412-8A03-EDA7590AAC87}.MinSizeRel|Win32.Build.0 = MinSizeRel|Win32
		{A4D46AA8-C967-3412-8A03-EDA7590AAC87}.RelWithDebInfo|Win32.ActiveCfg = RelWithDebInfo|Win32
		{A4D46AA8-C967-3412-8A03-EDA7590AAC87}.RelWithDebInfo|Win32.Build.0 = RelWithDebInfo|Win32
		{5E837415-27D0-34B0-B468-D33A3A199409}.Debug|Win32.ActiveCfg = Debug|Win32
		{5E837415-27D0-34B0-B468-D33A3A199409}.Debug|Win32.Build.0 = Debug|Win32
		{5E837415-27D0-34B0-B468-D33A3A199409}.Release|Win32.ActiveCfg = Release|Win32
		{5E837415-27D0-34B0-B468-D33A3A199409}.Release|Win32.Build.0 = Release|Win32
		{5E837415-27D0-34B0-B468-D33A3A199409}.MinSizeRel|Win32.ActiveCfg = MinSizeRel|Win32
		{5E837415-27D0-34B0-B468-D33A3A199409}.MinSizeRel|Win32.Build.0 = MinSizeRel|Win32
		{5E837415-27D0-34B0-B468-D33A3A199409}.RelWithDebInfo|Win32.ActiveCfg = RelWithDebInfo|Win32
		{5E837415-27D0-34B0-B468-D33A3A199409}.RelWithDebInfo|Win32.Build.0 = RelWithDebInfo|Win32
		{55431EAC-56B3-3609-B21A-16D4BF858396}.Debug|Win32.ActiveCfg = Debug|Win32
		{55431EAC-56B3-3609-B21A-16D4BF858396}.Debug|Win32.Build.0 = Debug|Win32
		{55431EAC-56B3-3609-B21A-16D4BF858396}.Release|Win32.ActiveCfg = Release|Win32
		{55431EAC-56B3-3609-B21A-16D4BF858396}.Release|Win32.Build.0 = Release|Win32
		{55431EAC-56B3-3609-B21A-16D4BF858396}.MinSizeRel|Win32.ActiveCfg = MinSizeRel|Win32
		{55431EAC-56B3-3609-B21A-16D4BF858396}.MinSizeRel|Win32.Build.0 = MinSizeRel|Win32
		{55431EAC-56B3-3609-B21A-16D4BF858396}.RelWithDebInfo|Win32.ActiveCfg = RelWithDebInfo|Win32
		{55431EAC-56B3-3609-B21A-16D4BF858396}.RelWithDebInfo|Win32.Build.0 = RelWithDebInfo|Win32
		{05B283C4-D83F-3A47-8582-89395D2D1CAC}.Debug|Win32.ActiveCfg = Debug|Win32
		{05B283C4-D83F-3A47-8582-89395D2D1CAC}.Debug|Win32.Build.0 = Debug|Win32
		{05B283C4-D83F-3A47-8582-89395D2D1CAC}.Release|Win32.ActiveCfg = Release|Win32
		{05B283C4-D83F-3A47-8582-89395D2D1CAC}.Release|Win32.Build.0 = Release|Win32
		{05B283C4-D83F-3A47-8582-89395D2D1CAC}.MinSizeRel|Win32.ActiveCfg = MinSizeRel|Win32
		{05B283C4-D83F-3A47-8582-89395D2D1CAC}.MinSizeRel|Win32.Build.0 = MinSizeRel|Win32
		{05B283C4-D83F-3A47-8582-89395D2D1CAC}.RelWithDebInfo|Win32.ActiveCfg = RelWithDebInfo|Win32
		{05B283C4-D83F-3A47-8582-89395D2D1CAC}.RelWithDebInfo|Win32.Build.0 = RelWithDebInfo|Win32
		{7EBAD9FF-0A15-35AD-B988-DB7B13B96F0E}.Debug|Win32.ActiveCfg = Debug|Win32
		{7EBAD9FF-0A15-35AD-B988-DB7B13B96F0E}.Debug|Win32.Build.0 = Debug|Win32
		{7EBAD9FF-0A15-35AD-B988-DB7B13B96F0E}.Release|Win32.ActiveCfg = Release|Win32
		{7EBAD9FF-0A15-35AD-B988-DB7B13B96F0E}.Release|Win32.Build.0 = Release|Win32
		{7EBAD9FF-0A15-35AD-B988-DB7B13B96F0E}.MinSizeRel|Win32.ActiveCfg = MinSizeRel|Win32
		{7EBAD9FF-0A15-35AD-B988-DB7B13B96F0E}.MinSizeRel|Win32.Build.0 = MinSizeRel|Win32
		{7EBAD9FF-0A15-35AD-B988-DB7B13B96F0E}.RelWithDebInfo|Win32.ActiveCfg = RelWithDebInfo|Win32
		{7EBAD9FF-0A15-35AD-B988-DB7B13B96F0E}.RelWithDebInfo|Win32.Build.0 = RelWithDebInfo|Win32
		{B0850E58-5C94-3286-9DF8-72E774708BFF}.Debug|Win32.ActiveCfg = Debug|Win32
		{B0850E58-5C94-3286-9DF8-72E774708BFF}.Debug|Win32.Build.0 = Debug|Win32
		{B0850E58-5C94-3286-9DF8-72E774708BFF}.Release|Win32.ActiveCfg = Release|Win32
		{B0850E58-5C94-3286-9DF8-72E774708BFF}.Release|Win32.Build.0 = Release|Win32
		{B0850E58-5C94-3286-9DF8-72E774708BFF}.MinSizeRel|Win32.ActiveCfg = MinSizeRel|Win32
		{B0850E58-5C94-3286-9DF8-72E774708BFF}.MinSizeRel|Win32.Build.0 = MinSizeRel|Win32
		{B0850E58-5C94-3286-9DF8-72E774708BFF}.RelWithDebInfo|Win32.ActiveCfg = RelWithDebInfo|Win32
		{B0850E58-5C94-3286-9DF8-72E774708BFF}.RelWithDebInfo|Win32.Build.0 = RelWithDebInfo|Win32
		{57C20738-124A-3798-9C83-3D9C56B0074D}.Debug|Win32.ActiveCfg = Debug|Win32
		{57C20738-124A-3798-9C83-3D9C56B0074D}.Debug|Win32.Build.0 = Debug|Win32
		{57C20738-124A-3798-9C83-3D9C56B0074D}.Release|Win32.ActiveCfg = Release|Win32
		{57C20738-124A-3798-9C83-3D9C56B0074D}.Release|Win32.Build.0 = Release|Win32
		{57C20738-124A-3798-9C83-3D9C56B0074D}.MinSizeRel|Win32.ActiveCfg = MinSizeRel|Win32
		{57C20738-124A-3798-9C83-3D9C56B0074D}.MinSizeRel|Win32.Build.0 = MinSizeRel|Win32
		{57C20738-124A-3798-9C83-3D9C56B0074D}.RelWithDebInfo|Win32.ActiveCfg = RelWithDebInfo|Win32
		{57C20738-124A-3798-9C83-3D9C56B0074D}.RelWithDebInfo|Win32.Build.0 = RelWithDebInfo|Win32
		{FC357E85-7A62-365E-B978-CACF48DEB7A6}.Debug|Win32.ActiveCfg = Debug|Win32
		{FC357E85-7A62-365E-B978-CACF48DEB7A6}.Debug|Win32.Build.0 = Debug|Win32
		{FC357E85-7A62-365E-B978-CACF48DEB7A6}.Release|Win32.ActiveCfg = Release|Win32
		{FC357E85-7A62-365E-B978-CACF48DEB7A6}.Release|Win32.Build.0 = Release|Win32
		{FC357E85-7A62-365E-B978-CACF48DEB7A6}.MinSizeRel|Win32.ActiveCfg = MinSizeRel|Win32
		{FC357E85-7A62-365E-B978-CACF48DEB7A6}.MinSizeRel|Win32.Build.0 = MinSizeRel|Win32
		{FC357E85-7A62-365E-B978-CACF48DEB7A6}.RelWithDebInfo|Win32.ActiveCfg = RelWithDebInfo|Win32
		{FC357E85-7A62-365E-B978-CACF48DEB7A6}.RelWithDebInfo|Win32.Build.0 = RelWithDebInfo|Win32
		{F5D3C7F9-C27B-3E5E-87AB-EE34FEA6EFED}.Debug|Win32.ActiveCfg = Debug|Win32
		{F5D3C7F9-C27B-3E5E-87AB-EE34FEA6EFED}.Debug|Win32.Build.0 = Debug|Win32
		{F5D3C7F9-C27B-3E5E-87AB-EE34FEA6EFED}.Release|Win32.ActiveCfg = Release|Win32
		{F5D3C7F9-C27B-3E5E-87AB-EE34FEA6EFED}.Release|Win32.Build.0 = Release|Win32
		{F5D3C7F9-C27B-3E5E-87AB-EE34FEA6EFED}.MinSizeRel|Win32.ActiveCfg = MinSizeRel|Win32
		{F5D3C7F9-C27B-3E5E-87AB-EE34FEA6EFED}.MinSizeRel|Win32.Build.0 = MinSizeRel|Win32
		{F5D3C7F9-C27B-3E5E-87AB-EE34FEA6EFED}.RelWithDebInfo|Win32.ActiveCfg = RelWithDebInfo|Win32
		{F5D3C7F9-C27B-3E5E-87AB-EE34FEA6EFED}.RelWithDebInfo|Win32.Build.0 = RelWithDebInfo|Win32
		{D62E970B-EC92-38AA-A2DF-F90C636C1F87}.Debug|Win32.ActiveCfg = Debug|Win32
		{D62E970B-EC92-38AA-A2DF-F90C636C1F87}.Debug|Win32.Build.0 = Debug|Win32
		{D62E970B-EC92-38AA-A2DF-F90C636C1F87}.Release|Win32.ActiveCfg = Release|Win32
		{D62E970B-EC92-38AA-A2DF-F90C636C1F87}.Release|Win32.Build.0 = Release|Win32
		{D62E970B-EC92-38AA-A2DF-F90C636C1F87}.MinSizeRel|Win32.ActiveCfg = MinSizeRel|Win32
		{D62E970B-EC92-38AA-A2DF-F90C636C1F87}.MinSizeRel|Win32.Build.0 = MinSizeRel|Win32
		{D62E970B-EC92-38AA-A2DF-F90C636C1F87}.RelWithDebInfo|Win32.ActiveCfg = RelWithDebInfo|Win32
		{D62E970B-EC92-38AA-A2DF-F90C636C1F87}.RelWithDebInfo|Win32.Build.0 = RelWithDebInfo|Win32
		{6A353D1F-1D89-3385-9A38-AE9D05A17EFF}.Debug|Win32.ActiveCfg = Debug|Win32
		{6A353D1F-1D89-3385-9A38-AE9D05A17EFF}.Debug|Win32.Build.0 = Debug|Win32
		{6A353D1F-1D89-3385-9A38-AE9D05A17EFF}.Release|Win32.ActiveCfg = Release|Win32
		{6A353D1F-1D89-3385-9A38-AE9D05A17EFF}.Release|Win32.Build.0 = Release|Win32
		{6A353D1F-1D89-3385-9A38-AE9D05A17EFF}.MinSizeRel|Win32.ActiveCfg = MinSizeRel|Win32
		{6A353D1F-1D89-3385-9A38-AE9D05A17EFF}.MinSizeRel|Win32.Build.0 = MinSizeRel|Win32
		{6A353D1F-1D89-3385-9A38-AE9D05A17EFF}.RelWithDebInfo|Win32.ActiveCfg = RelWithDebInfo|Win32
		{6A353D1F-1D89-3385-9A38-AE9D05A17EFF}.RelWithDebInfo|Win32.Build.0 = RelWithDebInfo|Win32
		{79A50222-679E-3B39-94E3-F1798CFC833A}.Debug|Win32.ActiveCfg = Debug|Win32
		{79A50222-679E-3B39-94E3-F1798CFC833A}.Debug|Win32.Build.0 = Debug|Win32
		{79A50222-679E-3B39-94E3-F1798CFC833A}.Release|Win32.ActiveCfg = Release|Win32
		{79A50222-679E-3B39-94E3-F1798CFC833A}.Release|Win32.Build.0 = Release|Win32
		{79A50222-679E-3B39-94E3-F1798CFC833A}.MinSizeRel|Win32.ActiveCfg = MinSizeRel|Win32
		{79A50222-679E-3B39-94E3-F1798CFC833A}.MinSizeRel|Win32.Build.0 = MinSizeRel|Win32
		{79A50222-679E-3B39-94E3-F1798CFC833A}.RelWithDebInfo|Win32.ActiveCfg = RelWithDebInfo|Win32
		{79A50222-679E-3B39-94E3-F1798CFC833A}.RelWithDebInfo|Win32.Build.0 = RelWithDebInfo|Win32
		{9B2F4E3D-50D7-397D-89DC-E385C5B6D656}.Debug|Win32.ActiveCfg = Debug|Win32
		{9B2F4E3D-50D7-397D-89DC-E385C5B6D656}.Debug|Win32.Build.0 = Debug|Win32
		{9B2F4E3D-50D7-397D-89DC-E385C5B6D656}.Release|Win32.ActiveCfg = Release|Win32
		{9B2F4E3D-50D7-397D-89DC-E385C5B6D656}.Release|Win32.Build.0 = Release|Win32
		{9B2F4E3D-50D7-397D-89DC-E385C5B6D656}.MinSizeRel|Win32.ActiveCfg = MinSizeRel|Win32
		{9B2F4E3D-50D7-397D-89DC-E385C5B6D656}.MinSizeRel|Win32.Build.0 = MinSizeRel|Win32
		{9B2F4E3D-50D7-397D-89DC-E385C5B6D656}.RelWithDebInfo|Win32.ActiveCfg = RelWithDebInfo|Win32
		{9B2F4E3D-50D7-397D-89DC-E385C5B6D656}.RelWithDebInfo|Win32.Build.0 = RelWithDebInfo|Win32
		{C4B0758E-B22C-320E-B34B-C7FDB688BA68}.Debug|Win32.ActiveCfg = Debug|Win32
		{C4B0758E-B22C-320E-B34B-C7FDB688BA68}.Debug|Win32.Build.0 = Debug|Win32
		{C4B0758E-B22C-320E-B34B-C7FDB688BA68}.Release|Win32.ActiveCfg = Release|Win32
		{C4B0758E-B22C-320E-B34B-C7FDB688BA68}.Release|Win32.Build.0 = Release|Win32
		{C4B0758E-B22C-320E-B34B-C7FDB688BA68}.MinSizeRel|Win32.ActiveCfg = MinSizeRel|Win32
		{C4B0758E-B22C-320E-B34B-C7FDB688BA68}.MinSizeRel|Win32.Build.0 = MinSizeRel|Win32
		{C4B0758E-B22C-320E-B34B-C7FDB688BA68}.RelWithDebInfo|Win32.ActiveCfg = RelWithDebInfo|Win32
		{C4B0758E-B22C-320E-B34B-C7FDB688BA68}.RelWithDebInfo|Win32.Build.0 = RelWithDebInfo|Win32
		{40BD075A-3D73-38D7-8536-C870701DD3B4}.Debug|Win32.ActiveCfg = Debug|Win32
		{40BD075A-3D73-38D7-8536-C870701DD3B4}.Debug|Win32.Build.0 = Debug|Win32
		{40BD075A-3D73-38D7-8536-C870701DD3B4}.Release|Win32.ActiveCfg = Release|Win32
		{40BD075A-3D73-38D7-8536-C870701DD3B4}.Release|Win32.Build.0 = Release|Win32
		{40BD075A-3D73-38D7-8536-C870701DD3B4}.MinSizeRel|Win32.ActiveCfg = MinSizeRel|Win32
		{40BD075A-3D73-38D7-8536-C870701DD3B4}.MinSizeRel|Win32.Build.0 = MinSizeRel|Win32
		{40BD075A-3D73-38D7-8536-C870701DD3B4}.RelWithDebInfo|Win32.ActiveCfg = RelWithDebInfo|Win32
		{40BD075A-3D73-38D7-8536-C870701DD3B4}.RelWithDebInfo|Win32.Build.0 = RelWithDebInfo|Win32
		{354E7820-ED60-3132-8EA0-147DD01AD6F5}.Debug|Win32.ActiveCfg = Debug|Win32
		{354E7820-ED60-3132-8EA0-147DD01AD6F5}.Debug|Win32.Build.0 = Debug|Win32
		{354E7820-ED60-3132-8EA0-147DD01AD6F5}.Release|Win32.ActiveCfg = Release|Win32
		{354E7820-ED60-3132-8EA0-147DD01AD6F5}.Release|Win32.Build.0 = Release|Win32
		{354E7820-ED60-3132-8EA0-147DD01AD6F5}.MinSizeRel|Win32.ActiveCfg = MinSizeRel|Win32
		{354E7820-ED60-3132-8EA0-147DD01AD6F5}.MinSizeRel|Win32.Build.0 = MinSizeRel|Win32
		{354E7820-ED60-3132-8EA0-147DD01AD6F5}.RelWithDebInfo|Win32.ActiveCfg = RelWithDebInfo|Win32
		{354E7820-ED60-3132-8EA0-147DD01AD6F5}.RelWithDebInfo|Win32.Build.0 = RelWithDebInfo|Win32
		{8A6FFF3D-4072-3D64-9558-E76CF328CFEF}.Debug|Win32.ActiveCfg = Debug|Win32
		{8A6FFF3D-4072-3D64-9558-E76CF328CFEF}.Debug|Win32.Build.0 = Debug|Win32
		{8A6FFF3D-4072-3D64-9558-E76CF328CFEF}.Release|Win32.ActiveCfg = Release|Win32
		{8A6FFF3D-4072-3D64-9558-E76CF328CFEF}.Release|Win32.Build.0 = Release|Win32
		{8A6FFF3D-4072-3D64-9558-E76CF328CFEF}.MinSizeRel|Win32.ActiveCfg = MinSizeRel|Win32
		{8A6FFF3D-4072-3D64-9558-E76CF328CFEF}.MinSizeRel|Win32.Build.0 = MinSizeRel|Win32
		{8A6FFF3D-4072-3D64-9558-E76CF328CFEF}.RelWithDebInfo|Win32.ActiveCfg = RelWithDebInfo|Win32
		{8A6FFF3D-4072-3D64-9558-E76CF328CFEF}.RelWithDebInfo|Win32.Build.0 = RelWithDebInfo|Win32
		{10B31CC8-329F-3986-839D-AD39729F5ACB}.Debug|Win32.ActiveCfg = Debug|Win32
		{10B31CC8-329F-3986-839D-AD39729F5ACB}.Debug|Win32.Build.0 = Debug|Win32
		{10B31CC8-329F-3986-839D-AD39729F5ACB}.Release|Win32.ActiveCfg = Release|Win32
		{10B31CC8-329F-3986-839D-AD39729F5ACB}.Release|Win32.Build.0 = Release|Win32
		{10B31CC8-329F-3986-839D-AD39729F5ACB}.MinSizeRel|Win32.ActiveCfg = MinSizeRel|Win32
		{10B31CC8-329F-3986-839D-AD39729F5ACB}.MinSizeRel|Win32.Build.0 = MinSizeRel|Win32
		{10B31CC8-329F-3986-839D-AD39729F5ACB}.RelWithDebInfo|Win32.ActiveCfg = RelWithDebInfo|Win32
		{10B31CC8-329F-3986-839D-AD39729F5ACB}.RelWithDebInfo|Win32.Build.0 = RelWithDebInfo|Win32
		{AA855187-6A55-3266-889D-898745FCC592}.Debug|Win32.ActiveCfg = Debug|Win32
		{AA855187-6A55-3266-889D-898745FCC592}.Debug|Win32.Build.0 = Debug|Win32
		{AA855187-6A55-3266-889D-898745FCC592}.Release|Win32.ActiveCfg = Release|Win32
		{AA855187-6A55-3266-889D-898745FCC592}.Release|Win32.Build.0 = Release|Win32
		{AA855187-6A55-3266-889D-898745FCC592}.MinSizeRel|Win32.ActiveCfg = MinSizeRel|Win32
		{AA855187-6A55-3266-889D-898745FCC592}.MinSizeRel|Win32.Build.0 = MinSizeRel|Win32
		{AA855187-6A55-3266-889D-898745FCC592}.RelWithDebInfo|Win32.ActiveCfg = RelWithDebInfo|Win32
		{AA855187-6A55-3266-889D-898745FCC592}.RelWithDebInfo|Win32.Build.0 = RelWithDebInfo|Win32
		{5FBEE27B-CF31-3F96-87CA-D210C8165DE7}.Debug|Win32.ActiveCfg = Debug|Win32
		{5FBEE27B-CF31-3F96-87CA-D210C8165DE7}.Debug|Win32.Build.0 = Debug|Win32
		{5FBEE27B-CF31-3F96-87CA-D210C8165DE7}.Release|Win32.ActiveCfg = Release|Win32
		{5FBEE27B-CF31-3F96-87CA-D210C8165DE7}.Release|Win32.Build.0 = Release|Win32
		{5FBEE27B-CF31-3F96-87CA-D210C8165DE7}.MinSizeRel|Win32.ActiveCfg = MinSizeRel|Win32
		{5FBEE27B-CF31-3F96-87CA-D210C8165DE7}.MinSizeRel|Win32.Build.0 = MinSizeRel|Win32
		{5FBEE27B-CF31-3F96-87CA-D210C8165DE7}.RelWithDebInfo|Win32.ActiveCfg = RelWithDebInfo|Win32
		{5FBEE27B-CF31-3F96-87CA-D210C8165DE7}.RelWithDebInfo|Win32.Build.0 = RelWithDebInfo|Win32
	EndGlobalSection
	GlobalSection(NestedProjects) = preSolution
		{5E837415-27D0-34B0-B468-D33A3A199409} = {A3450A3E-327D-3FBD-8C6E-AAA2F84E7E15}
		{55431EAC-56B3-3609-B21A-16D4BF858396} = {A3450A3E-327D-3FBD-8C6E-AAA2F84E7E15}
		{05B283C4-D83F-3A47-8582-89395D2D1CAC} = {A3450A3E-327D-3FBD-8C6E-AAA2F84E7E15}
		{7EBAD9FF-0A15-35AD-B988-DB7B13B96F0E} = {A3450A3E-327D-3FBD-8C6E-AAA2F84E7E15}
		{B0850E58-5C94-3286-9DF8-72E774708BFF} = {A3450A3E-327D-3FBD-8C6E-AAA2F84E7E15}
		{57C20738-124A-3798-9C83-3D9C56B0074D} = {A3450A3E-327D-3FBD-8C6E-AAA2F84E7E15}
		{613783CA-6A3B-3478-B100-6E48C8D79D2E} = {30A9E68A-A665-37A1-8D61-D82BC82634A0}
		{A6A22D50-69F8-336F-84CC-0033BF819744} = {30A9E68A-A665-37A1-8D61-D82BC82634A0}
		{A4D46AA8-C967-3412-8A03-EDA7590AAC87} = {30A9E68A-A665-37A1-8D61-D82BC82634A0}
		{94587118-039E-3DC9-86BC-77D63CB48197} = {3BDF60D6-0683-3092-A6E7-44587D35ED5B}
		{FC357E85-7A62-365E-B978-CACF48DEB7A6} = {3BDF60D6-0683-3092-A6E7-44587D35ED5B}
		{F5D3C7F9-C27B-3E5E-87AB-EE34FEA6EFED} = {3BDF60D6-0683-3092-A6E7-44587D35ED5B}
		{D62E970B-EC92-38AA-A2DF-F90C636C1F87} = {3BDF60D6-0683-3092-A6E7-44587D35ED5B}
		{6A353D1F-1D89-3385-9A38-AE9D05A17EFF} = {3BDF60D6-0683-3092-A6E7-44587D35ED5B}
		{79A50222-679E-3B39-94E3-F1798CFC833A} = {3BDF60D6-0683-3092-A6E7-44587D35ED5B}
		{9B2F4E3D-50D7-397D-89DC-E385C5B6D656} = {3BDF60D6-0683-3092-A6E7-44587D35ED5B}
		{C4B0758E-B22C-320E-B34B-C7FDB688BA68} = {3BDF60D6-0683-3092-A6E7-44587D35ED5B}
		{40BD075A-3D73-38D7-8536-C870701DD3B4} = {3BDF60D6-0683-3092-A6E7-44587D35ED5B}
		{354E7820-ED60-3132-8EA0-147DD01AD6F5} = {3BDF60D6-0683-3092-A6E7-44587D35ED5B}
		{8A6FFF3D-4072-3D64-9558-E76CF328CFEF} = {3BDF60D6-0683-3092-A6E7-44587D35ED5B}
		{10B31CC8-329F-3986-839D-AD39729F5ACB} = {3BDF60D6-0683-3092-A6E7-44587D35ED5B}
		{AA855187-6A55-3266-889D-898745FCC592} = {3BDF60D6-0683-3092-A6E7-44587D35ED5B}
		{5FBEE27B-CF31-3F96-87CA-D210C8165DE7} = {3BDF60D6-0683-3092-A6E7-44587D35ED5B}
	EndGlobalSection
	GlobalSection(ExtensibilityGlobals) = postSolution
		SolutionGuid = {215D24F5-DDAD-36FF-9AC9-4BC017F46E7C}
	EndGlobalSection
	GlobalSection(ExtensibilityAddIns) = postSolution
	EndGlobalSection
EndGlobal
