<?xml version="1.0" encoding="UTF-8"?>
<Project ToolsVersion="15.0" xmlns="http://schemas.microsoft.com/developer/msbuild/2003">
  <ItemGroup>
    <ClCompile Include="C:\Libraries\OSG-3.4.0\src\OpenThreads\win32\WIN32Condition.cpp">
      <Filter>Source Files</Filter>
    </ClCompile>
    <ClCompile Include="C:\Libraries\OSG-3.4.0\src\OpenThreads\win32\Win32Mutex.cpp">
      <Filter>Source Files</Filter>
    </ClCompile>
    <ClCompile Include="C:\Libraries\OSG-3.4.0\src\OpenThreads\win32\Win32Thread.cpp">
      <Filter>Source Files</Filter>
    </ClCompile>
    <ClCompile Include="C:\Libraries\OSG-3.4.0\src\OpenThreads\win32\Win32ThreadBarrier.cpp">
      <Filter>Source Files</Filter>
    </ClCompile>
    <ClCompile Include="C:\Libraries\OSG-3.4.0\src\OpenThreads\common\Version.cpp">
      <Filter>Source Files</Filter>
    </ClCompile>
    <ClCompile Include="C:\Libraries\OSG-3.4.0\src\OpenThreads\common\Atomic.cpp">
      <Filter>Source Files</Filter>
    </ClCompile>
  </ItemGroup>
  <ItemGroup>
    <ClInclude Include="C:\Libraries\OSG-3.4.0\include\OpenThreads\Atomic">
      <Filter>Header Files</Filter>
    </ClInclude>
    <ClInclude Include="C:\Libraries\OSG-3.4.0\include\OpenThreads\Barrier">
      <Filter>Header Files</Filter>
    </ClInclude>
    <ClInclude Include="C:\Libraries\OSG-3.4.0\include\OpenThreads\Block">
      <Filter>Header Files</Filter>
    </ClInclude>
    <ClInclude Include="C:\Libraries\OSG-3.4.0\include\OpenThreads\Condition">
      <Filter>Header Files</Filter>
    </ClInclude>
    <ClInclude Include="C:\Libraries\OSG-3.4.0\include\OpenThreads\Exports">
      <Filter>Header Files</Filter>
    </ClInclude>
    <ClInclude Include="C:\Libraries\OSG-3.4.0\include\OpenThreads\Mutex">
      <Filter>Header Files</Filter>
    </ClInclude>
    <ClInclude Include="C:\Libraries\OSG-3.4.0\include\OpenThreads\ReadWriteMutex">
      <Filter>Header Files</Filter>
    </ClInclude>
    <ClInclude Include="C:\Libraries\OSG-3.4.0\include\OpenThreads\ReentrantMutex">
      <Filter>Header Files</Filter>
    </ClInclude>
    <ClInclude Include="C:\Libraries\OSG-3.4.0\include\OpenThreads\ScopedLock">
      <Filter>Header Files</Filter>
    </ClInclude>
    <ClInclude Include="C:\Libraries\OSG-3.4.0\include\OpenThreads\Thread">
      <Filter>Header Files</Filter>
    </ClInclude>
    <ClInclude Include="C:\Libraries\OSG-3.4.0\include\OpenThreads\Version">
      <Filter>Header Files</Filter>
    </ClInclude>
    <ClInclude Include="C:\Libraries\OSG-3.4.0\include\OpenThreads\Config">
      <Filter>Header Files</Filter>
    </ClInclude>
    <ClInclude Include="C:\Libraries\OSG-3.4.0\src\OpenThreads\win32\HandleHolder.h">
      <Filter>Header Files</Filter>
    </ClInclude>
    <ClInclude Include="C:\Libraries\OSG-3.4.0\src\OpenThreads\win32\Win32BarrierPrivateData.h">
      <Filter>Header Files</Filter>
    </ClInclude>
    <ClInclude Include="C:\Libraries\OSG-3.4.0\src\OpenThreads\win32\Win32ConditionPrivateData.h">
      <Filter>Header Files</Filter>
    </ClInclude>
    <ClInclude Include="C:\Libraries\OSG-3.4.0\src\OpenThreads\win32\Win32MutexPrivateData.h">
      <Filter>Header Files</Filter>
    </ClInclude>
    <ClInclude Include="C:\Libraries\OSG-3.4.0\src\OpenThreads\win32\Win32ThreadPrivateData.h">
      <Filter>Header Files</Filter>
    </ClInclude>
  </ItemGroup>
  <ItemGroup>
    <CustomBuild Include="C:\Libraries\OSG-3.4.0\src\OpenThreads\win32\CMakeLists.txt" />
  </ItemGroup>
  <ItemGroup>
    <ResourceCompile Include="C:\Libraries\OSG-3.4.0\PlatformSpecifics\Windows\OpenThreadsVersionInfo.rc">
      <Filter>Source Files</Filter>
    </ResourceCompile>
  </ItemGroup>
  <ItemGroup>
    <Filter Include="Source Files">
      <UniqueIdentifier>{29BF857F-5550-3269-AA99-970F6B7D71E9}</UniqueIdentifier>
    </Filter>
    <Filter Include="Header Files">
      <UniqueIdentifier>{12042071-8930-346A-AA70-413F406B9DFA}</UniqueIdentifier>
    </Filter>
  </ItemGroup>
</Project>
